
Microsoft Visual Studio Solution File, Format Version 12.00
# Visual Studio Version 17
VisualStudioVersion = 17.6.33717.318
MinimumVisualStudioVersion = 10.0.40219.1
Project("{8BC9CEB8-8B4A-11D0-8D11-00A0C91BC942}") = "Project1", "Project1\Project1.vcxproj", "{0C5AD388-9CF0-4151-A56A-AEEAB076E8CD}"
EndProject
Project("{8BC9CEB8-8B4A-11D0-8D11-00A0C91BC942}") = "04", "04\04.vcxproj", "{F1671EC0-AF45-4AFA-B8C5-4BC8418E5E86}"
EndProject
Project("{8BC9CEB8-8B4A-11D0-8D11-00A0C91BC942}") = "01", "01\01.vcxproj", "{5E388490-807C-49E1-A510-3233C91BC776}"
EndProject
Global
	GlobalSection(SolutionConfigurationPlatforms) = preSolution
		Debug|x64 = Debug|x64
		Debug|x86 = Debug|x86
		Release|x64 = Release|x64
		Release|x86 = Release|x86
	EndGlobalSection
	GlobalSection(ProjectConfigurationPlatforms) = postSolution
		{0C5AD388-9CF0-4151-A56A-AEEAB076E8CD}.Debug|x64.ActiveCfg = Debug|x64
		{0C5AD388-9CF0-4151-A56A-AEEAB076E8CD}.Debug|x64.Build.0 = Debug|x64
		{0C5AD388-9CF0-4151-A56A-AEEAB076E8CD}.Debug|x86.ActiveCfg = Debug|Win32
		{0C5AD388-9CF0-4151-A56A-AEEAB076E8CD}.Debug|x86.Build.0 = Debug|Win32
		{0C5AD388-9CF0-4151-A56A-AEEAB076E8CD}.Release|x64.ActiveCfg = Release|x64
		{0C5AD388-9CF0-4151-A56A-AEEAB076E8CD}.Release|x64.Build.0 = Release|x64
		{0C5AD388-9CF0-4151-A56A-AEEAB076E8CD}.Release|x86.ActiveCfg = Release|Win32
		{0C5AD388-9CF0-4151-A56A-AEEAB076E8CD}.Release|x86.Build.0 = Release|Win32
		{F1671EC0-AF45-4AFA-B8C5-4BC8418E5E86}.Debug|x64.ActiveCfg = Debug|x64
		{F1671EC0-AF45-4AFA-B8C5-4BC8418E5E86}.Debug|x64.Build.0 = Debug|x64
		{F1671EC0-AF45-4AFA-B8C5-4BC8418E5E86}.Debug|x86.ActiveCfg = Debug|Win32
		{F1671EC0-AF45-4AFA-B8C5-4BC8418E5E86}.Debug|x86.Build.0 = Debug|Win32
		{F1671EC0-AF45-4AFA-B8C5-4BC8418E5E86}.Release|x64.ActiveCfg = Release|x64
		{F1671EC0-AF45-4AFA-B8C5-4BC8418E5E86}.Release|x64.Build.0 = Release|x64
		{F1671EC0-AF45-4AFA-B8C5-4BC8418E5E86}.Release|x86.ActiveCfg = Release|Win32
		{F1671EC0-AF45-4AFA-B8C5-4BC8418E5E86}.Release|x86.Build.0 = Release|Win32
		{5E388490-807C-49E1-A510-3233C91BC776}.Debug|x64.ActiveCfg = Debug|x64
		{5E388490-807C-49E1-A510-3233C91BC776}.Debug|x64.Build.0 = Debug|x64
		{5E388490-807C-49E1-A510-3233C91BC776}.Debug|x86.ActiveCfg = Debug|Win32
		{5E388490-807C-49E1-A510-3233C91BC776}.Debug|x86.Build.0 = Debug|Win32
		{5E388490-807C-49E1-A510-3233C91BC776}.Release|x64.ActiveCfg = Release|x64
		{5E388490-807C-49E1-A510-3233C91BC776}.Release|x64.Build.0 = Release|x64
		{5E388490-807C-49E1-A510-3233C91BC776}.Release|x86.ActiveCfg = Release|Win32
		{5E388490-807C-49E1-A510-3233C91BC776}.Release|x86.Build.0 = Release|Win32
	EndGlobalSection
	GlobalSection(SolutionProperties) = preSolution
		HideSolutionNode = FALSE
	EndGlobalSection
	GlobalSection(ExtensibilityGlobals) = postSolution
		SolutionGuid = {55A6402E-5501-499D-B2B3-9082095E24EF}
	EndGlobalSection
EndGlobal
