
Microsoft Visual Studio Solution File, Format Version 12.00
# Visual Studio Version 17
VisualStudioVersion = 17.3.32922.545
MinimumVisualStudioVersion = 10.0.40219.1
Project("{8BC9CEB8-8B4A-11D0-8D11-00A0C91BC942}") = "1001", "1001\1001.vcxproj", "{A829C0CB-2F9D-4382-A7F1-29CD6A250A33}"
EndProject
Project("{8BC9CEB8-8B4A-11D0-8D11-00A0C91BC942}") = "1002", "1002\1002.vcxproj", "{5471F768-65C5-48A7-A70D-2FF165316BA0}"
EndProject
Project("{8BC9CEB8-8B4A-11D0-8D11-00A0C91BC942}") = "1003", "1003\1003.vcxproj", "{6D48BD11-AB96-413E-8658-6F3D28C42A83}"
EndProject
Project("{8BC9CEB8-8B4A-11D0-8D11-00A0C91BC942}") = "1004", "1004\1004.vcxproj", "{E10B8556-389C-4D79-83E5-EB7D4EC416F9}"
EndProject
Project("{8BC9CEB8-8B4A-11D0-8D11-00A0C91BC942}") = "1005", "1005\1005.vcxproj", "{77A1FC8D-1F51-4BE2-957C-6C4CD1BC5993}"
EndProject
Project("{8BC9CEB8-8B4A-11D0-8D11-00A0C91BC942}") = "1006", "1006\1006.vcxproj", "{7909501C-DE4A-44D4-8559-34D8FE3D76B4}"
EndProject
Project("{8BC9CEB8-8B4A-11D0-8D11-00A0C91BC942}") = "1007", "1007\1007.vcxproj", "{A911E020-954C-4E12-942D-5C79F89573CB}"
EndProject
Project("{8BC9CEB8-8B4A-11D0-8D11-00A0C91BC942}") = "1008", "1008\1008.vcxproj", "{04237995-A473-4C79-92AE-E491D86F7D04}"
EndProject
Project("{8BC9CEB8-8B4A-11D0-8D11-00A0C91BC942}") = "1010", "1010\1010.vcxproj", "{3D2ACE54-8A85-4D93-9F55-D6D2223FDDD0}"
EndProject
Project("{8BC9CEB8-8B4A-11D0-8D11-00A0C91BC942}") = "1011", "1011\1011.vcxproj", "{A80D4E77-2C11-4C0E-B14B-7F8DAA344A16}"
EndProject
Project("{8BC9CEB8-8B4A-11D0-8D11-00A0C91BC942}") = "1012", "1012\1012.vcxproj", "{E1A1C922-D785-4A5E-853F-3D5D18727C42}"
EndProject
Project("{8BC9CEB8-8B4A-11D0-8D11-00A0C91BC942}") = "1013", "1013\1013.vcxproj", "{2C70EE62-AEF7-4A18-9236-7E180ED73CEE}"
EndProject
Project("{8BC9CEB8-8B4A-11D0-8D11-00A0C91BC942}") = "1014", "1014\1014.vcxproj", "{6C3ED468-13CD-47D4-8275-87B79818756D}"
EndProject
Project("{8BC9CEB8-8B4A-11D0-8D11-00A0C91BC942}") = "1015", "1015\1015.vcxproj", "{364BF4AC-AB2F-4CB7-BA02-FE124949C15B}"
EndProject
Project("{8BC9CEB8-8B4A-11D0-8D11-00A0C91BC942}") = "1017", "1017\1017.vcxproj", "{C23298F8-0AAB-400A-BCB9-1AAF1AE94D4F}"
EndProject
Project("{8BC9CEB8-8B4A-11D0-8D11-00A0C91BC942}") = "1018", "1018\1018.vcxproj", "{5A74375E-50EE-4AA1-937C-3D8D853F3296}"
EndProject
Project("{8BC9CEB8-8B4A-11D0-8D11-00A0C91BC942}") = "1019", "1019\1019.vcxproj", "{1CC65162-8126-4FF1-91A3-C37BCA7AEA2B}"
EndProject
Project("{8BC9CEB8-8B4A-11D0-8D11-00A0C91BC942}") = "1020", "1020\1020.vcxproj", "{B296FBDC-935B-4401-8050-84A576D951A1}"
EndProject
Project("{8BC9CEB8-8B4A-11D0-8D11-00A0C91BC942}") = "1021", "1021\1021.vcxproj", "{EF666D12-6C49-46C5-8FCE-7F30F00361B2}"
EndProject
Project("{8BC9CEB8-8B4A-11D0-8D11-00A0C91BC942}") = "practice", "practice\practice.vcxproj", "{63B9E127-60FA-4BD1-85DD-3F3F4B8114B3}"
EndProject
Project("{8BC9CEB8-8B4A-11D0-8D11-00A0C91BC942}") = "1022", "1022\1022.vcxproj", "{E975CC0A-9D12-4EFD-9AF7-C4912FE729CF}"
EndProject
Project("{8BC9CEB8-8B4A-11D0-8D11-00A0C91BC942}") = "1023", "1023\1023.vcxproj", "{1DAA7DEC-12D7-400F-AAF1-155157A51B87}"
EndProject
Project("{8BC9CEB8-8B4A-11D0-8D11-00A0C91BC942}") = "1024", "1024\1024.vcxproj", "{054948EA-69A2-4D7A-98CC-8A92B951BACE}"
EndProject
Project("{8BC9CEB8-8B4A-11D0-8D11-00A0C91BC942}") = "1025", "1025\1025.vcxproj", "{F10B3079-E5DD-4B84-88B0-C8497F4D9482}"
EndProject
Project("{8BC9CEB8-8B4A-11D0-8D11-00A0C91BC942}") = "1026", "1026\1026.vcxproj", "{AD980FDC-4EAB-41A9-BA6A-F082B0E04FB0}"
EndProject
Project("{8BC9CEB8-8B4A-11D0-8D11-00A0C91BC942}") = "1027", "1027\1027.vcxproj", "{676A433C-2C9A-43B6-A95D-0ED00580E990}"
EndProject
Project("{8BC9CEB8-8B4A-11D0-8D11-00A0C91BC942}") = "1028", "1028\1028.vcxproj", "{B79DFF3C-1496-49C0-A9AB-F29A70601A4D}"
EndProject
Project("{8BC9CEB8-8B4A-11D0-8D11-00A0C91BC942}") = "1029", "1029\1029.vcxproj", "{13088FFF-65DE-45C2-9106-689FB2F36B61}"
EndProject
Project("{8BC9CEB8-8B4A-11D0-8D11-00A0C91BC942}") = "1030", "1030\1030.vcxproj", "{5064A106-DF41-40DB-BBF1-E696CBD39F85}"
EndProject
Project("{8BC9CEB8-8B4A-11D0-8D11-00A0C91BC942}") = "1031", "1031\1031.vcxproj", "{79166953-E85A-4F73-A385-9DDB574801AF}"
EndProject
Project("{8BC9CEB8-8B4A-11D0-8D11-00A0C91BC942}") = "1032", "1032\1032.vcxproj", "{9E864797-031F-4D53-A260-03ED86B0E5A5}"
EndProject
Project("{8BC9CEB8-8B4A-11D0-8D11-00A0C91BC942}") = "1033", "1033\1033.vcxproj", "{E5823863-DA99-477D-B6EC-0BB34F5639AE}"
EndProject
Project("{8BC9CEB8-8B4A-11D0-8D11-00A0C91BC942}") = "1034", "1034\1034.vcxproj", "{ACE04E46-FE3D-44D0-8DE0-AEBFB2EE25CA}"
EndProject
Project("{8BC9CEB8-8B4A-11D0-8D11-00A0C91BC942}") = "1035", "1035\1035.vcxproj", "{8F3B1B8F-8F6E-405D-8A31-2C3918003AC7}"
EndProject
Project("{8BC9CEB8-8B4A-11D0-8D11-00A0C91BC942}") = "1036", "1036\1036.vcxproj", "{B96D8B2B-AFBE-4591-905B-21F8CA74FC13}"
EndProject
Project("{8BC9CEB8-8B4A-11D0-8D11-00A0C91BC942}") = "1037", "1037\1037.vcxproj", "{649F73BC-881F-4EE0-AAE1-933BAA0E967A}"
EndProject
Project("{8BC9CEB8-8B4A-11D0-8D11-00A0C91BC942}") = "1038", "1038\1038.vcxproj", "{421C40A1-5E0A-4F25-89B2-E79BC74491AF}"
EndProject
Project("{2150E333-8FDC-42A3-9474-1A3956D46DE8}") = "1001~1025", "1001~1025", "{E5BDE830-6E5A-4286-80C5-89FB979B4353}"
EndProject
Project("{8BC9CEB8-8B4A-11D0-8D11-00A0C91BC942}") = "1039", "1039\1039.vcxproj", "{51DD8B6C-7B62-4CBA-A2F7-A27358C2312D}"
EndProject
Project("{8BC9CEB8-8B4A-11D0-8D11-00A0C91BC942}") = "1040", "1040\1040.vcxproj", "{AD6F4EAC-C70D-4539-994B-9B2E7A6C44B0}"
EndProject
Project("{8BC9CEB8-8B4A-11D0-8D11-00A0C91BC942}") = "1041", "1041\1041.vcxproj", "{9D336D15-2FB0-4F96-827A-31F6371470B8}"
EndProject
Project("{8BC9CEB8-8B4A-11D0-8D11-00A0C91BC942}") = "1042", "1042\1042.vcxproj", "{1B53C37C-449E-4618-B2DC-B805664C318E}"
EndProject
Project("{8BC9CEB8-8B4A-11D0-8D11-00A0C91BC942}") = "1043", "1043\1043.vcxproj", "{B1F44269-7D4A-4AFD-878D-910BB8395426}"
EndProject
Project("{8BC9CEB8-8B4A-11D0-8D11-00A0C91BC942}") = "1044", "1044\1044.vcxproj", "{9050F78A-172B-491F-AD8A-E1BDFCBBD12A}"
EndProject
Project("{8BC9CEB8-8B4A-11D0-8D11-00A0C91BC942}") = "1045", "1045\1045.vcxproj", "{F232689F-BF6D-4156-9572-2D679E979EA6}"
EndProject
Project("{8BC9CEB8-8B4A-11D0-8D11-00A0C91BC942}") = "1046", "1046\1046.vcxproj", "{89E568D8-55AC-4C0A-AD10-640CAF7153BF}"
EndProject
Project("{8BC9CEB8-8B4A-11D0-8D11-00A0C91BC942}") = "1047", "1047\1047.vcxproj", "{F74A1FF3-899F-42A8-A5B6-E82A0E6005A7}"
EndProject
Project("{8BC9CEB8-8B4A-11D0-8D11-00A0C91BC942}") = "1048", "1048\1048.vcxproj", "{C116A563-B1E2-448A-832B-233A65765A4E}"
EndProject
Project("{8BC9CEB8-8B4A-11D0-8D11-00A0C91BC942}") = "1049", "1049\1049.vcxproj", "{A6C6FAD1-C75E-4AD6-A9BA-4A20907ABDA2}"
EndProject
Project("{8BC9CEB8-8B4A-11D0-8D11-00A0C91BC942}") = "1050", "1050\1050.vcxproj", "{A54C6278-0F0F-4BFD-963B-F1E619D98AAF}"
EndProject
Project("{2150E333-8FDC-42A3-9474-1A3956D46DE8}") = "1026~1050", "1026~1050", "{CC8FC9F9-4884-4EF2-8AE3-55B576034532}"
EndProject
Project("{2150E333-8FDC-42A3-9474-1A3956D46DE8}") = "1051~1075", "1051~1075", "{B06FAFE3-8465-4E68-B5CD-4A356128AE7E}"
EndProject
Project("{8BC9CEB8-8B4A-11D0-8D11-00A0C91BC942}") = "1051", "1051\1051.vcxproj", "{1F033AE7-5BD4-4501-BDB9-28BBA97B8287}"
EndProject
Project("{8BC9CEB8-8B4A-11D0-8D11-00A0C91BC942}") = "1052", "1052\1052.vcxproj", "{E912D89E-6EF5-4E75-B238-31688F9EB179}"
EndProject
Project("{8BC9CEB8-8B4A-11D0-8D11-00A0C91BC942}") = "1053", "1053\1053.vcxproj", "{12814379-8D90-400F-ADBC-2EA954E6C47D}"
EndProject
Project("{8BC9CEB8-8B4A-11D0-8D11-00A0C91BC942}") = "1054", "1054\1054.vcxproj", "{82A5EA52-1E95-4C83-A552-7B12AB7A0F84}"
EndProject
Project("{8BC9CEB8-8B4A-11D0-8D11-00A0C91BC942}") = "1055", "1055\1055.vcxproj", "{5A82932B-7581-46A5-8EB4-5D1F2ECD78D4}"
EndProject
Project("{8BC9CEB8-8B4A-11D0-8D11-00A0C91BC942}") = "1056", "1056\1056.vcxproj", "{BF39253F-00D4-474E-9D64-6A69B384099D}"
EndProject
Project("{8BC9CEB8-8B4A-11D0-8D11-00A0C91BC942}") = "1057", "1057\1057.vcxproj", "{60C7209E-1B10-4194-AD55-A202D0C5BB33}"
EndProject
Project("{8BC9CEB8-8B4A-11D0-8D11-00A0C91BC942}") = "1058", "1058\1058.vcxproj", "{27B74E26-4673-44BD-9C5A-89F03B8428A0}"
EndProject
Project("{8BC9CEB8-8B4A-11D0-8D11-00A0C91BC942}") = "1059", "1059\1059.vcxproj", "{8D2B41BE-F26C-4070-8C0E-33543F5199F8}"
EndProject
Project("{8BC9CEB8-8B4A-11D0-8D11-00A0C91BC942}") = "1060", "1060\1060.vcxproj", "{2CE67316-2E96-4EA0-B38F-4DE479B34274}"
EndProject
Project("{2150E333-8FDC-42A3-9474-1A3956D46DE8}") = "1076~1099", "1076~1099", "{28B3C1FA-45DC-4BE4-8007-4B690C566584}"
EndProject
Project("{8BC9CEB8-8B4A-11D0-8D11-00A0C91BC942}") = "1096", "1096\1096.vcxproj", "{9A39CB12-FEEE-4406-8DB3-6875D9CB445E}"
EndProject
Project("{8BC9CEB8-8B4A-11D0-8D11-00A0C91BC942}") = "1097", "1097\1097.vcxproj", "{E107345B-D913-42D3-8E02-93505319E4DA}"
EndProject
Project("{8BC9CEB8-8B4A-11D0-8D11-00A0C91BC942}") = "1098", "1098\1098.vcxproj", "{4C4C340D-34B8-4164-B712-3206825FCD62}"
EndProject
Project("{8BC9CEB8-8B4A-11D0-8D11-00A0C91BC942}") = "1099", "1099\1099.vcxproj", "{AC8B6A0C-D71F-4F8B-8159-2CE46CDAFBC6}"
EndProject
Global
	GlobalSection(SolutionConfigurationPlatforms) = preSolution
		Debug|x64 = Debug|x64
		Debug|x86 = Debug|x86
		Release|x64 = Release|x64
		Release|x86 = Release|x86
	EndGlobalSection
	GlobalSection(ProjectConfigurationPlatforms) = postSolution
		{A829C0CB-2F9D-4382-A7F1-29CD6A250A33}.Debug|x64.ActiveCfg = Debug|x64
		{A829C0CB-2F9D-4382-A7F1-29CD6A250A33}.Debug|x64.Build.0 = Debug|x64
		{A829C0CB-2F9D-4382-A7F1-29CD6A250A33}.Debug|x86.ActiveCfg = Debug|Win32
		{A829C0CB-2F9D-4382-A7F1-29CD6A250A33}.Debug|x86.Build.0 = Debug|Win32
		{A829C0CB-2F9D-4382-A7F1-29CD6A250A33}.Release|x64.ActiveCfg = Release|x64
		{A829C0CB-2F9D-4382-A7F1-29CD6A250A33}.Release|x64.Build.0 = Release|x64
		{A829C0CB-2F9D-4382-A7F1-29CD6A250A33}.Release|x86.ActiveCfg = Release|Win32
		{A829C0CB-2F9D-4382-A7F1-29CD6A250A33}.Release|x86.Build.0 = Release|Win32
		{5471F768-65C5-48A7-A70D-2FF165316BA0}.Debug|x64.ActiveCfg = Debug|x64
		{5471F768-65C5-48A7-A70D-2FF165316BA0}.Debug|x64.Build.0 = Debug|x64
		{5471F768-65C5-48A7-A70D-2FF165316BA0}.Debug|x86.ActiveCfg = Debug|Win32
		{5471F768-65C5-48A7-A70D-2FF165316BA0}.Debug|x86.Build.0 = Debug|Win32
		{5471F768-65C5-48A7-A70D-2FF165316BA0}.Release|x64.ActiveCfg = Release|x64
		{5471F768-65C5-48A7-A70D-2FF165316BA0}.Release|x64.Build.0 = Release|x64
		{5471F768-65C5-48A7-A70D-2FF165316BA0}.Release|x86.ActiveCfg = Release|Win32
		{5471F768-65C5-48A7-A70D-2FF165316BA0}.Release|x86.Build.0 = Release|Win32
		{6D48BD11-AB96-413E-8658-6F3D28C42A83}.Debug|x64.ActiveCfg = Debug|x64
		{6D48BD11-AB96-413E-8658-6F3D28C42A83}.Debug|x64.Build.0 = Debug|x64
		{6D48BD11-AB96-413E-8658-6F3D28C42A83}.Debug|x86.ActiveCfg = Debug|Win32
		{6D48BD11-AB96-413E-8658-6F3D28C42A83}.Debug|x86.Build.0 = Debug|Win32
		{6D48BD11-AB96-413E-8658-6F3D28C42A83}.Release|x64.ActiveCfg = Release|x64
		{6D48BD11-AB96-413E-8658-6F3D28C42A83}.Release|x64.Build.0 = Release|x64
		{6D48BD11-AB96-413E-8658-6F3D28C42A83}.Release|x86.ActiveCfg = Release|Win32
		{6D48BD11-AB96-413E-8658-6F3D28C42A83}.Release|x86.Build.0 = Release|Win32
		{E10B8556-389C-4D79-83E5-EB7D4EC416F9}.Debug|x64.ActiveCfg = Debug|x64
		{E10B8556-389C-4D79-83E5-EB7D4EC416F9}.Debug|x64.Build.0 = Debug|x64
		{E10B8556-389C-4D79-83E5-EB7D4EC416F9}.Debug|x86.ActiveCfg = Debug|Win32
		{E10B8556-389C-4D79-83E5-EB7D4EC416F9}.Debug|x86.Build.0 = Debug|Win32
		{E10B8556-389C-4D79-83E5-EB7D4EC416F9}.Release|x64.ActiveCfg = Release|x64
		{E10B8556-389C-4D79-83E5-EB7D4EC416F9}.Release|x64.Build.0 = Release|x64
		{E10B8556-389C-4D79-83E5-EB7D4EC416F9}.Release|x86.ActiveCfg = Release|Win32
		{E10B8556-389C-4D79-83E5-EB7D4EC416F9}.Release|x86.Build.0 = Release|Win32
		{77A1FC8D-1F51-4BE2-957C-6C4CD1BC5993}.Debug|x64.ActiveCfg = Debug|x64
		{77A1FC8D-1F51-4BE2-957C-6C4CD1BC5993}.Debug|x64.Build.0 = Debug|x64
		{77A1FC8D-1F51-4BE2-957C-6C4CD1BC5993}.Debug|x86.ActiveCfg = Debug|Win32
		{77A1FC8D-1F51-4BE2-957C-6C4CD1BC5993}.Debug|x86.Build.0 = Debug|Win32
		{77A1FC8D-1F51-4BE2-957C-6C4CD1BC5993}.Release|x64.ActiveCfg = Release|x64
		{77A1FC8D-1F51-4BE2-957C-6C4CD1BC5993}.Release|x64.Build.0 = Release|x64
		{77A1FC8D-1F51-4BE2-957C-6C4CD1BC5993}.Release|x86.ActiveCfg = Release|Win32
		{77A1FC8D-1F51-4BE2-957C-6C4CD1BC5993}.Release|x86.Build.0 = Release|Win32
		{7909501C-DE4A-44D4-8559-34D8FE3D76B4}.Debug|x64.ActiveCfg = Debug|x64
		{7909501C-DE4A-44D4-8559-34D8FE3D76B4}.Debug|x64.Build.0 = Debug|x64
		{7909501C-DE4A-44D4-8559-34D8FE3D76B4}.Debug|x86.ActiveCfg = Debug|Win32
		{7909501C-DE4A-44D4-8559-34D8FE3D76B4}.Debug|x86.Build.0 = Debug|Win32
		{7909501C-DE4A-44D4-8559-34D8FE3D76B4}.Release|x64.ActiveCfg = Release|x64
		{7909501C-DE4A-44D4-8559-34D8FE3D76B4}.Release|x64.Build.0 = Release|x64
		{7909501C-DE4A-44D4-8559-34D8FE3D76B4}.Release|x86.ActiveCfg = Release|Win32
		{7909501C-DE4A-44D4-8559-34D8FE3D76B4}.Release|x86.Build.0 = Release|Win32
		{A911E020-954C-4E12-942D-5C79F89573CB}.Debug|x64.ActiveCfg = Debug|x64
		{A911E020-954C-4E12-942D-5C79F89573CB}.Debug|x64.Build.0 = Debug|x64
		{A911E020-954C-4E12-942D-5C79F89573CB}.Debug|x86.ActiveCfg = Debug|Win32
		{A911E020-954C-4E12-942D-5C79F89573CB}.Debug|x86.Build.0 = Debug|Win32
		{A911E020-954C-4E12-942D-5C79F89573CB}.Release|x64.ActiveCfg = Release|x64
		{A911E020-954C-4E12-942D-5C79F89573CB}.Release|x64.Build.0 = Release|x64
		{A911E020-954C-4E12-942D-5C79F89573CB}.Release|x86.ActiveCfg = Release|Win32
		{A911E020-954C-4E12-942D-5C79F89573CB}.Release|x86.Build.0 = Release|Win32
		{04237995-A473-4C79-92AE-E491D86F7D04}.Debug|x64.ActiveCfg = Debug|x64
		{04237995-A473-4C79-92AE-E491D86F7D04}.Debug|x64.Build.0 = Debug|x64
		{04237995-A473-4C79-92AE-E491D86F7D04}.Debug|x86.ActiveCfg = Debug|Win32
		{04237995-A473-4C79-92AE-E491D86F7D04}.Debug|x86.Build.0 = Debug|Win32
		{04237995-A473-4C79-92AE-E491D86F7D04}.Release|x64.ActiveCfg = Release|x64
		{04237995-A473-4C79-92AE-E491D86F7D04}.Release|x64.Build.0 = Release|x64
		{04237995-A473-4C79-92AE-E491D86F7D04}.Release|x86.ActiveCfg = Release|Win32
		{04237995-A473-4C79-92AE-E491D86F7D04}.Release|x86.Build.0 = Release|Win32
		{3D2ACE54-8A85-4D93-9F55-D6D2223FDDD0}.Debug|x64.ActiveCfg = Debug|x64
		{3D2ACE54-8A85-4D93-9F55-D6D2223FDDD0}.Debug|x64.Build.0 = Debug|x64
		{3D2ACE54-8A85-4D93-9F55-D6D2223FDDD0}.Debug|x86.ActiveCfg = Debug|Win32
		{3D2ACE54-8A85-4D93-9F55-D6D2223FDDD0}.Debug|x86.Build.0 = Debug|Win32
		{3D2ACE54-8A85-4D93-9F55-D6D2223FDDD0}.Release|x64.ActiveCfg = Release|x64
		{3D2ACE54-8A85-4D93-9F55-D6D2223FDDD0}.Release|x64.Build.0 = Release|x64
		{3D2ACE54-8A85-4D93-9F55-D6D2223FDDD0}.Release|x86.ActiveCfg = Release|Win32
		{3D2ACE54-8A85-4D93-9F55-D6D2223FDDD0}.Release|x86.Build.0 = Release|Win32
		{A80D4E77-2C11-4C0E-B14B-7F8DAA344A16}.Debug|x64.ActiveCfg = Debug|x64
		{A80D4E77-2C11-4C0E-B14B-7F8DAA344A16}.Debug|x64.Build.0 = Debug|x64
		{A80D4E77-2C11-4C0E-B14B-7F8DAA344A16}.Debug|x86.ActiveCfg = Debug|Win32
		{A80D4E77-2C11-4C0E-B14B-7F8DAA344A16}.Debug|x86.Build.0 = Debug|Win32
		{A80D4E77-2C11-4C0E-B14B-7F8DAA344A16}.Release|x64.ActiveCfg = Release|x64
		{A80D4E77-2C11-4C0E-B14B-7F8DAA344A16}.Release|x64.Build.0 = Release|x64
		{A80D4E77-2C11-4C0E-B14B-7F8DAA344A16}.Release|x86.ActiveCfg = Release|Win32
		{A80D4E77-2C11-4C0E-B14B-7F8DAA344A16}.Release|x86.Build.0 = Release|Win32
		{E1A1C922-D785-4A5E-853F-3D5D18727C42}.Debug|x64.ActiveCfg = Debug|x64
		{E1A1C922-D785-4A5E-853F-3D5D18727C42}.Debug|x64.Build.0 = Debug|x64
		{E1A1C922-D785-4A5E-853F-3D5D18727C42}.Debug|x86.ActiveCfg = Debug|Win32
		{E1A1C922-D785-4A5E-853F-3D5D18727C42}.Debug|x86.Build.0 = Debug|Win32
		{E1A1C922-D785-4A5E-853F-3D5D18727C42}.Release|x64.ActiveCfg = Release|x64
		{E1A1C922-D785-4A5E-853F-3D5D18727C42}.Release|x64.Build.0 = Release|x64
		{E1A1C922-D785-4A5E-853F-3D5D18727C42}.Release|x86.ActiveCfg = Release|Win32
		{E1A1C922-D785-4A5E-853F-3D5D18727C42}.Release|x86.Build.0 = Release|Win32
		{2C70EE62-AEF7-4A18-9236-7E180ED73CEE}.Debug|x64.ActiveCfg = Debug|x64
		{2C70EE62-AEF7-4A18-9236-7E180ED73CEE}.Debug|x64.Build.0 = Debug|x64
		{2C70EE62-AEF7-4A18-9236-7E180ED73CEE}.Debug|x86.ActiveCfg = Debug|Win32
		{2C70EE62-AEF7-4A18-9236-7E180ED73CEE}.Debug|x86.Build.0 = Debug|Win32
		{2C70EE62-AEF7-4A18-9236-7E180ED73CEE}.Release|x64.ActiveCfg = Release|x64
		{2C70EE62-AEF7-4A18-9236-7E180ED73CEE}.Release|x64.Build.0 = Release|x64
		{2C70EE62-AEF7-4A18-9236-7E180ED73CEE}.Release|x86.ActiveCfg = Release|Win32
		{2C70EE62-AEF7-4A18-9236-7E180ED73CEE}.Release|x86.Build.0 = Release|Win32
		{6C3ED468-13CD-47D4-8275-87B79818756D}.Debug|x64.ActiveCfg = Debug|x64
		{6C3ED468-13CD-47D4-8275-87B79818756D}.Debug|x64.Build.0 = Debug|x64
		{6C3ED468-13CD-47D4-8275-87B79818756D}.Debug|x86.ActiveCfg = Debug|Win32
		{6C3ED468-13CD-47D4-8275-87B79818756D}.Debug|x86.Build.0 = Debug|Win32
		{6C3ED468-13CD-47D4-8275-87B79818756D}.Release|x64.ActiveCfg = Release|x64
		{6C3ED468-13CD-47D4-8275-87B79818756D}.Release|x64.Build.0 = Release|x64
		{6C3ED468-13CD-47D4-8275-87B79818756D}.Release|x86.ActiveCfg = Release|Win32
		{6C3ED468-13CD-47D4-8275-87B79818756D}.Release|x86.Build.0 = Release|Win32
		{364BF4AC-AB2F-4CB7-BA02-FE124949C15B}.Debug|x64.ActiveCfg = Debug|x64
		{364BF4AC-AB2F-4CB7-BA02-FE124949C15B}.Debug|x64.Build.0 = Debug|x64
		{364BF4AC-AB2F-4CB7-BA02-FE124949C15B}.Debug|x86.ActiveCfg = Debug|Win32
		{364BF4AC-AB2F-4CB7-BA02-FE124949C15B}.Debug|x86.Build.0 = Debug|Win32
		{364BF4AC-AB2F-4CB7-BA02-FE124949C15B}.Release|x64.ActiveCfg = Release|x64
		{364BF4AC-AB2F-4CB7-BA02-FE124949C15B}.Release|x64.Build.0 = Release|x64
		{364BF4AC-AB2F-4CB7-BA02-FE124949C15B}.Release|x86.ActiveCfg = Release|Win32
		{364BF4AC-AB2F-4CB7-BA02-FE124949C15B}.Release|x86.Build.0 = Release|Win32
		{C23298F8-0AAB-400A-BCB9-1AAF1AE94D4F}.Debug|x64.ActiveCfg = Debug|x64
		{C23298F8-0AAB-400A-BCB9-1AAF1AE94D4F}.Debug|x64.Build.0 = Debug|x64
		{C23298F8-0AAB-400A-BCB9-1AAF1AE94D4F}.Debug|x86.ActiveCfg = Debug|Win32
		{C23298F8-0AAB-400A-BCB9-1AAF1AE94D4F}.Debug|x86.Build.0 = Debug|Win32
		{C23298F8-0AAB-400A-BCB9-1AAF1AE94D4F}.Release|x64.ActiveCfg = Release|x64
		{C23298F8-0AAB-400A-BCB9-1AAF1AE94D4F}.Release|x64.Build.0 = Release|x64
		{C23298F8-0AAB-400A-BCB9-1AAF1AE94D4F}.Release|x86.ActiveCfg = Release|Win32
		{C23298F8-0AAB-400A-BCB9-1AAF1AE94D4F}.Release|x86.Build.0 = Release|Win32
		{5A74375E-50EE-4AA1-937C-3D8D853F3296}.Debug|x64.ActiveCfg = Debug|x64
		{5A74375E-50EE-4AA1-937C-3D8D853F3296}.Debug|x64.Build.0 = Debug|x64
		{5A74375E-50EE-4AA1-937C-3D8D853F3296}.Debug|x86.ActiveCfg = Debug|Win32
		{5A74375E-50EE-4AA1-937C-3D8D853F3296}.Debug|x86.Build.0 = Debug|Win32
		{5A74375E-50EE-4AA1-937C-3D8D853F3296}.Release|x64.ActiveCfg = Release|x64
		{5A74375E-50EE-4AA1-937C-3D8D853F3296}.Release|x64.Build.0 = Release|x64
		{5A74375E-50EE-4AA1-937C-3D8D853F3296}.Release|x86.ActiveCfg = Release|Win32
		{5A74375E-50EE-4AA1-937C-3D8D853F3296}.Release|x86.Build.0 = Release|Win32
		{1CC65162-8126-4FF1-91A3-C37BCA7AEA2B}.Debug|x64.ActiveCfg = Debug|x64
		{1CC65162-8126-4FF1-91A3-C37BCA7AEA2B}.Debug|x64.Build.0 = Debug|x64
		{1CC65162-8126-4FF1-91A3-C37BCA7AEA2B}.Debug|x86.ActiveCfg = Debug|Win32
		{1CC65162-8126-4FF1-91A3-C37BCA7AEA2B}.Debug|x86.Build.0 = Debug|Win32
		{1CC65162-8126-4FF1-91A3-C37BCA7AEA2B}.Release|x64.ActiveCfg = Release|x64
		{1CC65162-8126-4FF1-91A3-C37BCA7AEA2B}.Release|x64.Build.0 = Release|x64
		{1CC65162-8126-4FF1-91A3-C37BCA7AEA2B}.Release|x86.ActiveCfg = Release|Win32
		{1CC65162-8126-4FF1-91A3-C37BCA7AEA2B}.Release|x86.Build.0 = Release|Win32
		{B296FBDC-935B-4401-8050-84A576D951A1}.Debug|x64.ActiveCfg = Debug|x64
		{B296FBDC-935B-4401-8050-84A576D951A1}.Debug|x64.Build.0 = Debug|x64
		{B296FBDC-935B-4401-8050-84A576D951A1}.Debug|x86.ActiveCfg = Debug|Win32
		{B296FBDC-935B-4401-8050-84A576D951A1}.Debug|x86.Build.0 = Debug|Win32
		{B296FBDC-935B-4401-8050-84A576D951A1}.Release|x64.ActiveCfg = Release|x64
		{B296FBDC-935B-4401-8050-84A576D951A1}.Release|x64.Build.0 = Release|x64
		{B296FBDC-935B-4401-8050-84A576D951A1}.Release|x86.ActiveCfg = Release|Win32
		{B296FBDC-935B-4401-8050-84A576D951A1}.Release|x86.Build.0 = Release|Win32
		{EF666D12-6C49-46C5-8FCE-7F30F00361B2}.Debug|x64.ActiveCfg = Debug|x64
		{EF666D12-6C49-46C5-8FCE-7F30F00361B2}.Debug|x64.Build.0 = Debug|x64
		{EF666D12-6C49-46C5-8FCE-7F30F00361B2}.Debug|x86.ActiveCfg = Debug|Win32
		{EF666D12-6C49-46C5-8FCE-7F30F00361B2}.Debug|x86.Build.0 = Debug|Win32
		{EF666D12-6C49-46C5-8FCE-7F30F00361B2}.Release|x64.ActiveCfg = Release|x64
		{EF666D12-6C49-46C5-8FCE-7F30F00361B2}.Release|x64.Build.0 = Release|x64
		{EF666D12-6C49-46C5-8FCE-7F30F00361B2}.Release|x86.ActiveCfg = Release|Win32
		{EF666D12-6C49-46C5-8FCE-7F30F00361B2}.Release|x86.Build.0 = Release|Win32
		{63B9E127-60FA-4BD1-85DD-3F3F4B8114B3}.Debug|x64.ActiveCfg = Debug|x64
		{63B9E127-60FA-4BD1-85DD-3F3F4B8114B3}.Debug|x64.Build.0 = Debug|x64
		{63B9E127-60FA-4BD1-85DD-3F3F4B8114B3}.Debug|x86.ActiveCfg = Debug|Win32
		{63B9E127-60FA-4BD1-85DD-3F3F4B8114B3}.Debug|x86.Build.0 = Debug|Win32
		{63B9E127-60FA-4BD1-85DD-3F3F4B8114B3}.Release|x64.ActiveCfg = Release|x64
		{63B9E127-60FA-4BD1-85DD-3F3F4B8114B3}.Release|x64.Build.0 = Release|x64
		{63B9E127-60FA-4BD1-85DD-3F3F4B8114B3}.Release|x86.ActiveCfg = Release|Win32
		{63B9E127-60FA-4BD1-85DD-3F3F4B8114B3}.Release|x86.Build.0 = Release|Win32
		{E975CC0A-9D12-4EFD-9AF7-C4912FE729CF}.Debug|x64.ActiveCfg = Debug|x64
		{E975CC0A-9D12-4EFD-9AF7-C4912FE729CF}.Debug|x64.Build.0 = Debug|x64
		{E975CC0A-9D12-4EFD-9AF7-C4912FE729CF}.Debug|x86.ActiveCfg = Debug|Win32
		{E975CC0A-9D12-4EFD-9AF7-C4912FE729CF}.Debug|x86.Build.0 = Debug|Win32
		{E975CC0A-9D12-4EFD-9AF7-C4912FE729CF}.Release|x64.ActiveCfg = Release|x64
		{E975CC0A-9D12-4EFD-9AF7-C4912FE729CF}.Release|x64.Build.0 = Release|x64
		{E975CC0A-9D12-4EFD-9AF7-C4912FE729CF}.Release|x86.ActiveCfg = Release|Win32
		{E975CC0A-9D12-4EFD-9AF7-C4912FE729CF}.Release|x86.Build.0 = Release|Win32
		{1DAA7DEC-12D7-400F-AAF1-155157A51B87}.Debug|x64.ActiveCfg = Debug|x64
		{1DAA7DEC-12D7-400F-AAF1-155157A51B87}.Debug|x64.Build.0 = Debug|x64
		{1DAA7DEC-12D7-400F-AAF1-155157A51B87}.Debug|x86.ActiveCfg = Debug|Win32
		{1DAA7DEC-12D7-400F-AAF1-155157A51B87}.Debug|x86.Build.0 = Debug|Win32
		{1DAA7DEC-12D7-400F-AAF1-155157A51B87}.Release|x64.ActiveCfg = Release|x64
		{1DAA7DEC-12D7-400F-AAF1-155157A51B87}.Release|x64.Build.0 = Release|x64
		{1DAA7DEC-12D7-400F-AAF1-155157A51B87}.Release|x86.ActiveCfg = Release|Win32
		{1DAA7DEC-12D7-400F-AAF1-155157A51B87}.Release|x86.Build.0 = Release|Win32
		{054948EA-69A2-4D7A-98CC-8A92B951BACE}.Debug|x64.ActiveCfg = Debug|x64
		{054948EA-69A2-4D7A-98CC-8A92B951BACE}.Debug|x64.Build.0 = Debug|x64
		{054948EA-69A2-4D7A-98CC-8A92B951BACE}.Debug|x86.ActiveCfg = Debug|Win32
		{054948EA-69A2-4D7A-98CC-8A92B951BACE}.Debug|x86.Build.0 = Debug|Win32
		{054948EA-69A2-4D7A-98CC-8A92B951BACE}.Release|x64.ActiveCfg = Release|x64
		{054948EA-69A2-4D7A-98CC-8A92B951BACE}.Release|x64.Build.0 = Release|x64
		{054948EA-69A2-4D7A-98CC-8A92B951BACE}.Release|x86.ActiveCfg = Release|Win32
		{054948EA-69A2-4D7A-98CC-8A92B951BACE}.Release|x86.Build.0 = Release|Win32
		{F10B3079-E5DD-4B84-88B0-C8497F4D9482}.Debug|x64.ActiveCfg = Debug|x64
		{F10B3079-E5DD-4B84-88B0-C8497F4D9482}.Debug|x64.Build.0 = Debug|x64
		{F10B3079-E5DD-4B84-88B0-C8497F4D9482}.Debug|x86.ActiveCfg = Debug|Win32
		{F10B3079-E5DD-4B84-88B0-C8497F4D9482}.Debug|x86.Build.0 = Debug|Win32
		{F10B3079-E5DD-4B84-88B0-C8497F4D9482}.Release|x64.ActiveCfg = Release|x64
		{F10B3079-E5DD-4B84-88B0-C8497F4D9482}.Release|x64.Build.0 = Release|x64
		{F10B3079-E5DD-4B84-88B0-C8497F4D9482}.Release|x86.ActiveCfg = Release|Win32
		{F10B3079-E5DD-4B84-88B0-C8497F4D9482}.Release|x86.Build.0 = Release|Win32
		{AD980FDC-4EAB-41A9-BA6A-F082B0E04FB0}.Debug|x64.ActiveCfg = Debug|x64
		{AD980FDC-4EAB-41A9-BA6A-F082B0E04FB0}.Debug|x64.Build.0 = Debug|x64
		{AD980FDC-4EAB-41A9-BA6A-F082B0E04FB0}.Debug|x86.ActiveCfg = Debug|Win32
		{AD980FDC-4EAB-41A9-BA6A-F082B0E04FB0}.Debug|x86.Build.0 = Debug|Win32
		{AD980FDC-4EAB-41A9-BA6A-F082B0E04FB0}.Release|x64.ActiveCfg = Release|x64
		{AD980FDC-4EAB-41A9-BA6A-F082B0E04FB0}.Release|x64.Build.0 = Release|x64
		{AD980FDC-4EAB-41A9-BA6A-F082B0E04FB0}.Release|x86.ActiveCfg = Release|Win32
		{AD980FDC-4EAB-41A9-BA6A-F082B0E04FB0}.Release|x86.Build.0 = Release|Win32
		{676A433C-2C9A-43B6-A95D-0ED00580E990}.Debug|x64.ActiveCfg = Debug|x64
		{676A433C-2C9A-43B6-A95D-0ED00580E990}.Debug|x64.Build.0 = Debug|x64
		{676A433C-2C9A-43B6-A95D-0ED00580E990}.Debug|x86.ActiveCfg = Debug|Win32
		{676A433C-2C9A-43B6-A95D-0ED00580E990}.Debug|x86.Build.0 = Debug|Win32
		{676A433C-2C9A-43B6-A95D-0ED00580E990}.Release|x64.ActiveCfg = Release|x64
		{676A433C-2C9A-43B6-A95D-0ED00580E990}.Release|x64.Build.0 = Release|x64
		{676A433C-2C9A-43B6-A95D-0ED00580E990}.Release|x86.ActiveCfg = Release|Win32
		{676A433C-2C9A-43B6-A95D-0ED00580E990}.Release|x86.Build.0 = Release|Win32
		{B79DFF3C-1496-49C0-A9AB-F29A70601A4D}.Debug|x64.ActiveCfg = Debug|x64
		{B79DFF3C-1496-49C0-A9AB-F29A70601A4D}.Debug|x64.Build.0 = Debug|x64
		{B79DFF3C-1496-49C0-A9AB-F29A70601A4D}.Debug|x86.ActiveCfg = Debug|Win32
		{B79DFF3C-1496-49C0-A9AB-F29A70601A4D}.Debug|x86.Build.0 = Debug|Win32
		{B79DFF3C-1496-49C0-A9AB-F29A70601A4D}.Release|x64.ActiveCfg = Release|x64
		{B79DFF3C-1496-49C0-A9AB-F29A70601A4D}.Release|x64.Build.0 = Release|x64
		{B79DFF3C-1496-49C0-A9AB-F29A70601A4D}.Release|x86.ActiveCfg = Release|Win32
		{B79DFF3C-1496-49C0-A9AB-F29A70601A4D}.Release|x86.Build.0 = Release|Win32
		{13088FFF-65DE-45C2-9106-689FB2F36B61}.Debug|x64.ActiveCfg = Debug|x64
		{13088FFF-65DE-45C2-9106-689FB2F36B61}.Debug|x64.Build.0 = Debug|x64
		{13088FFF-65DE-45C2-9106-689FB2F36B61}.Debug|x86.ActiveCfg = Debug|Win32
		{13088FFF-65DE-45C2-9106-689FB2F36B61}.Debug|x86.Build.0 = Debug|Win32
		{13088FFF-65DE-45C2-9106-689FB2F36B61}.Release|x64.ActiveCfg = Release|x64
		{13088FFF-65DE-45C2-9106-689FB2F36B61}.Release|x64.Build.0 = Release|x64
		{13088FFF-65DE-45C2-9106-689FB2F36B61}.Release|x86.ActiveCfg = Release|Win32
		{13088FFF-65DE-45C2-9106-689FB2F36B61}.Release|x86.Build.0 = Release|Win32
		{5064A106-DF41-40DB-BBF1-E696CBD39F85}.Debug|x64.ActiveCfg = Debug|x64
		{5064A106-DF41-40DB-BBF1-E696CBD39F85}.Debug|x64.Build.0 = Debug|x64
		{5064A106-DF41-40DB-BBF1-E696CBD39F85}.Debug|x86.ActiveCfg = Debug|Win32
		{5064A106-DF41-40DB-BBF1-E696CBD39F85}.Debug|x86.Build.0 = Debug|Win32
		{5064A106-DF41-40DB-BBF1-E696CBD39F85}.Release|x64.ActiveCfg = Release|x64
		{5064A106-DF41-40DB-BBF1-E696CBD39F85}.Release|x64.Build.0 = Release|x64
		{5064A106-DF41-40DB-BBF1-E696CBD39F85}.Release|x86.ActiveCfg = Release|Win32
		{5064A106-DF41-40DB-BBF1-E696CBD39F85}.Release|x86.Build.0 = Release|Win32
		{79166953-E85A-4F73-A385-9DDB574801AF}.Debug|x64.ActiveCfg = Debug|x64
		{79166953-E85A-4F73-A385-9DDB574801AF}.Debug|x64.Build.0 = Debug|x64
		{79166953-E85A-4F73-A385-9DDB574801AF}.Debug|x86.ActiveCfg = Debug|Win32
		{79166953-E85A-4F73-A385-9DDB574801AF}.Debug|x86.Build.0 = Debug|Win32
		{79166953-E85A-4F73-A385-9DDB574801AF}.Release|x64.ActiveCfg = Release|x64
		{79166953-E85A-4F73-A385-9DDB574801AF}.Release|x64.Build.0 = Release|x64
		{79166953-E85A-4F73-A385-9DDB574801AF}.Release|x86.ActiveCfg = Release|Win32
		{79166953-E85A-4F73-A385-9DDB574801AF}.Release|x86.Build.0 = Release|Win32
		{9E864797-031F-4D53-A260-03ED86B0E5A5}.Debug|x64.ActiveCfg = Debug|x64
		{9E864797-031F-4D53-A260-03ED86B0E5A5}.Debug|x64.Build.0 = Debug|x64
		{9E864797-031F-4D53-A260-03ED86B0E5A5}.Debug|x86.ActiveCfg = Debug|Win32
		{9E864797-031F-4D53-A260-03ED86B0E5A5}.Debug|x86.Build.0 = Debug|Win32
		{9E864797-031F-4D53-A260-03ED86B0E5A5}.Release|x64.ActiveCfg = Release|x64
		{9E864797-031F-4D53-A260-03ED86B0E5A5}.Release|x64.Build.0 = Release|x64
		{9E864797-031F-4D53-A260-03ED86B0E5A5}.Release|x86.ActiveCfg = Release|Win32
		{9E864797-031F-4D53-A260-03ED86B0E5A5}.Release|x86.Build.0 = Release|Win32
		{E5823863-DA99-477D-B6EC-0BB34F5639AE}.Debug|x64.ActiveCfg = Debug|x64
		{E5823863-DA99-477D-B6EC-0BB34F5639AE}.Debug|x64.Build.0 = Debug|x64
		{E5823863-DA99-477D-B6EC-0BB34F5639AE}.Debug|x86.ActiveCfg = Debug|Win32
		{E5823863-DA99-477D-B6EC-0BB34F5639AE}.Debug|x86.Build.0 = Debug|Win32
		{E5823863-DA99-477D-B6EC-0BB34F5639AE}.Release|x64.ActiveCfg = Release|x64
		{E5823863-DA99-477D-B6EC-0BB34F5639AE}.Release|x64.Build.0 = Release|x64
		{E5823863-DA99-477D-B6EC-0BB34F5639AE}.Release|x86.ActiveCfg = Release|Win32
		{E5823863-DA99-477D-B6EC-0BB34F5639AE}.Release|x86.Build.0 = Release|Win32
		{ACE04E46-FE3D-44D0-8DE0-AEBFB2EE25CA}.Debug|x64.ActiveCfg = Debug|x64
		{ACE04E46-FE3D-44D0-8DE0-AEBFB2EE25CA}.Debug|x64.Build.0 = Debug|x64
		{ACE04E46-FE3D-44D0-8DE0-AEBFB2EE25CA}.Debug|x86.ActiveCfg = Debug|Win32
		{ACE04E46-FE3D-44D0-8DE0-AEBFB2EE25CA}.Debug|x86.Build.0 = Debug|Win32
		{ACE04E46-FE3D-44D0-8DE0-AEBFB2EE25CA}.Release|x64.ActiveCfg = Release|x64
		{ACE04E46-FE3D-44D0-8DE0-AEBFB2EE25CA}.Release|x64.Build.0 = Release|x64
		{ACE04E46-FE3D-44D0-8DE0-AEBFB2EE25CA}.Release|x86.ActiveCfg = Release|Win32
		{ACE04E46-FE3D-44D0-8DE0-AEBFB2EE25CA}.Release|x86.Build.0 = Release|Win32
		{8F3B1B8F-8F6E-405D-8A31-2C3918003AC7}.Debug|x64.ActiveCfg = Debug|x64
		{8F3B1B8F-8F6E-405D-8A31-2C3918003AC7}.Debug|x64.Build.0 = Debug|x64
		{8F3B1B8F-8F6E-405D-8A31-2C3918003AC7}.Debug|x86.ActiveCfg = Debug|Win32
		{8F3B1B8F-8F6E-405D-8A31-2C3918003AC7}.Debug|x86.Build.0 = Debug|Win32
		{8F3B1B8F-8F6E-405D-8A31-2C3918003AC7}.Release|x64.ActiveCfg = Release|x64
		{8F3B1B8F-8F6E-405D-8A31-2C3918003AC7}.Release|x64.Build.0 = Release|x64
		{8F3B1B8F-8F6E-405D-8A31-2C3918003AC7}.Release|x86.ActiveCfg = Release|Win32
		{8F3B1B8F-8F6E-405D-8A31-2C3918003AC7}.Release|x86.Build.0 = Release|Win32
		{B96D8B2B-AFBE-4591-905B-21F8CA74FC13}.Debug|x64.ActiveCfg = Debug|x64
		{B96D8B2B-AFBE-4591-905B-21F8CA74FC13}.Debug|x64.Build.0 = Debug|x64
		{B96D8B2B-AFBE-4591-905B-21F8CA74FC13}.Debug|x86.ActiveCfg = Debug|Win32
		{B96D8B2B-AFBE-4591-905B-21F8CA74FC13}.Debug|x86.Build.0 = Debug|Win32
		{B96D8B2B-AFBE-4591-905B-21F8CA74FC13}.Release|x64.ActiveCfg = Release|x64
		{B96D8B2B-AFBE-4591-905B-21F8CA74FC13}.Release|x64.Build.0 = Release|x64
		{B96D8B2B-AFBE-4591-905B-21F8CA74FC13}.Release|x86.ActiveCfg = Release|Win32
		{B96D8B2B-AFBE-4591-905B-21F8CA74FC13}.Release|x86.Build.0 = Release|Win32
		{649F73BC-881F-4EE0-AAE1-933BAA0E967A}.Debug|x64.ActiveCfg = Debug|x64
		{649F73BC-881F-4EE0-AAE1-933BAA0E967A}.Debug|x64.Build.0 = Debug|x64
		{649F73BC-881F-4EE0-AAE1-933BAA0E967A}.Debug|x86.ActiveCfg = Debug|Win32
		{649F73BC-881F-4EE0-AAE1-933BAA0E967A}.Debug|x86.Build.0 = Debug|Win32
		{649F73BC-881F-4EE0-AAE1-933BAA0E967A}.Release|x64.ActiveCfg = Release|x64
		{649F73BC-881F-4EE0-AAE1-933BAA0E967A}.Release|x64.Build.0 = Release|x64
		{649F73BC-881F-4EE0-AAE1-933BAA0E967A}.Release|x86.ActiveCfg = Release|Win32
		{649F73BC-881F-4EE0-AAE1-933BAA0E967A}.Release|x86.Build.0 = Release|Win32
		{421C40A1-5E0A-4F25-89B2-E79BC74491AF}.Debug|x64.ActiveCfg = Debug|x64
		{421C40A1-5E0A-4F25-89B2-E79BC74491AF}.Debug|x64.Build.0 = Debug|x64
		{421C40A1-5E0A-4F25-89B2-E79BC74491AF}.Debug|x86.ActiveCfg = Debug|Win32
		{421C40A1-5E0A-4F25-89B2-E79BC74491AF}.Debug|x86.Build.0 = Debug|Win32
		{421C40A1-5E0A-4F25-89B2-E79BC74491AF}.Release|x64.ActiveCfg = Release|x64
		{421C40A1-5E0A-4F25-89B2-E79BC74491AF}.Release|x64.Build.0 = Release|x64
		{421C40A1-5E0A-4F25-89B2-E79BC74491AF}.Release|x86.ActiveCfg = Release|Win32
		{421C40A1-5E0A-4F25-89B2-E79BC74491AF}.Release|x86.Build.0 = Release|Win32
		{51DD8B6C-7B62-4CBA-A2F7-A27358C2312D}.Debug|x64.ActiveCfg = Debug|x64
		{51DD8B6C-7B62-4CBA-A2F7-A27358C2312D}.Debug|x64.Build.0 = Debug|x64
		{51DD8B6C-7B62-4CBA-A2F7-A27358C2312D}.Debug|x86.ActiveCfg = Debug|Win32
		{51DD8B6C-7B62-4CBA-A2F7-A27358C2312D}.Debug|x86.Build.0 = Debug|Win32
		{51DD8B6C-7B62-4CBA-A2F7-A27358C2312D}.Release|x64.ActiveCfg = Release|x64
		{51DD8B6C-7B62-4CBA-A2F7-A27358C2312D}.Release|x64.Build.0 = Release|x64
		{51DD8B6C-7B62-4CBA-A2F7-A27358C2312D}.Release|x86.ActiveCfg = Release|Win32
		{51DD8B6C-7B62-4CBA-A2F7-A27358C2312D}.Release|x86.Build.0 = Release|Win32
		{AD6F4EAC-C70D-4539-994B-9B2E7A6C44B0}.Debug|x64.ActiveCfg = Debug|x64
		{AD6F4EAC-C70D-4539-994B-9B2E7A6C44B0}.Debug|x64.Build.0 = Debug|x64
		{AD6F4EAC-C70D-4539-994B-9B2E7A6C44B0}.Debug|x86.ActiveCfg = Debug|Win32
		{AD6F4EAC-C70D-4539-994B-9B2E7A6C44B0}.Debug|x86.Build.0 = Debug|Win32
		{AD6F4EAC-C70D-4539-994B-9B2E7A6C44B0}.Release|x64.ActiveCfg = Release|x64
		{AD6F4EAC-C70D-4539-994B-9B2E7A6C44B0}.Release|x64.Build.0 = Release|x64
		{AD6F4EAC-C70D-4539-994B-9B2E7A6C44B0}.Release|x86.ActiveCfg = Release|Win32
		{AD6F4EAC-C70D-4539-994B-9B2E7A6C44B0}.Release|x86.Build.0 = Release|Win32
		{9D336D15-2FB0-4F96-827A-31F6371470B8}.Debug|x64.ActiveCfg = Debug|x64
		{9D336D15-2FB0-4F96-827A-31F6371470B8}.Debug|x64.Build.0 = Debug|x64
		{9D336D15-2FB0-4F96-827A-31F6371470B8}.Debug|x86.ActiveCfg = Debug|Win32
		{9D336D15-2FB0-4F96-827A-31F6371470B8}.Debug|x86.Build.0 = Debug|Win32
		{9D336D15-2FB0-4F96-827A-31F6371470B8}.Release|x64.ActiveCfg = Release|x64
		{9D336D15-2FB0-4F96-827A-31F6371470B8}.Release|x64.Build.0 = Release|x64
		{9D336D15-2FB0-4F96-827A-31F6371470B8}.Release|x86.ActiveCfg = Release|Win32
		{9D336D15-2FB0-4F96-827A-31F6371470B8}.Release|x86.Build.0 = Release|Win32
		{1B53C37C-449E-4618-B2DC-B805664C318E}.Debug|x64.ActiveCfg = Debug|x64
		{1B53C37C-449E-4618-B2DC-B805664C318E}.Debug|x64.Build.0 = Debug|x64
		{1B53C37C-449E-4618-B2DC-B805664C318E}.Debug|x86.ActiveCfg = Debug|Win32
		{1B53C37C-449E-4618-B2DC-B805664C318E}.Debug|x86.Build.0 = Debug|Win32
		{1B53C37C-449E-4618-B2DC-B805664C318E}.Release|x64.ActiveCfg = Release|x64
		{1B53C37C-449E-4618-B2DC-B805664C318E}.Release|x64.Build.0 = Release|x64
		{1B53C37C-449E-4618-B2DC-B805664C318E}.Release|x86.ActiveCfg = Release|Win32
		{1B53C37C-449E-4618-B2DC-B805664C318E}.Release|x86.Build.0 = Release|Win32
		{B1F44269-7D4A-4AFD-878D-910BB8395426}.Debug|x64.ActiveCfg = Debug|x64
		{B1F44269-7D4A-4AFD-878D-910BB8395426}.Debug|x64.Build.0 = Debug|x64
		{B1F44269-7D4A-4AFD-878D-910BB8395426}.Debug|x86.ActiveCfg = Debug|Win32
		{B1F44269-7D4A-4AFD-878D-910BB8395426}.Debug|x86.Build.0 = Debug|Win32
		{B1F44269-7D4A-4AFD-878D-910BB8395426}.Release|x64.ActiveCfg = Release|x64
		{B1F44269-7D4A-4AFD-878D-910BB8395426}.Release|x64.Build.0 = Release|x64
		{B1F44269-7D4A-4AFD-878D-910BB8395426}.Release|x86.ActiveCfg = Release|Win32
		{B1F44269-7D4A-4AFD-878D-910BB8395426}.Release|x86.Build.0 = Release|Win32
		{9050F78A-172B-491F-AD8A-E1BDFCBBD12A}.Debug|x64.ActiveCfg = Debug|x64
		{9050F78A-172B-491F-AD8A-E1BDFCBBD12A}.Debug|x64.Build.0 = Debug|x64
		{9050F78A-172B-491F-AD8A-E1BDFCBBD12A}.Debug|x86.ActiveCfg = Debug|Win32
		{9050F78A-172B-491F-AD8A-E1BDFCBBD12A}.Debug|x86.Build.0 = Debug|Win32
		{9050F78A-172B-491F-AD8A-E1BDFCBBD12A}.Release|x64.ActiveCfg = Release|x64
		{9050F78A-172B-491F-AD8A-E1BDFCBBD12A}.Release|x64.Build.0 = Release|x64
		{9050F78A-172B-491F-AD8A-E1BDFCBBD12A}.Release|x86.ActiveCfg = Release|Win32
		{9050F78A-172B-491F-AD8A-E1BDFCBBD12A}.Release|x86.Build.0 = Release|Win32
		{F232689F-BF6D-4156-9572-2D679E979EA6}.Debug|x64.ActiveCfg = Debug|x64
		{F232689F-BF6D-4156-9572-2D679E979EA6}.Debug|x64.Build.0 = Debug|x64
		{F232689F-BF6D-4156-9572-2D679E979EA6}.Debug|x86.ActiveCfg = Debug|Win32
		{F232689F-BF6D-4156-9572-2D679E979EA6}.Debug|x86.Build.0 = Debug|Win32
		{F232689F-BF6D-4156-9572-2D679E979EA6}.Release|x64.ActiveCfg = Release|x64
		{F232689F-BF6D-4156-9572-2D679E979EA6}.Release|x64.Build.0 = Release|x64
		{F232689F-BF6D-4156-9572-2D679E979EA6}.Release|x86.ActiveCfg = Release|Win32
		{F232689F-BF6D-4156-9572-2D679E979EA6}.Release|x86.Build.0 = Release|Win32
		{89E568D8-55AC-4C0A-AD10-640CAF7153BF}.Debug|x64.ActiveCfg = Debug|x64
		{89E568D8-55AC-4C0A-AD10-640CAF7153BF}.Debug|x64.Build.0 = Debug|x64
		{89E568D8-55AC-4C0A-AD10-640CAF7153BF}.Debug|x86.ActiveCfg = Debug|Win32
		{89E568D8-55AC-4C0A-AD10-640CAF7153BF}.Debug|x86.Build.0 = Debug|Win32
		{89E568D8-55AC-4C0A-AD10-640CAF7153BF}.Release|x64.ActiveCfg = Release|x64
		{89E568D8-55AC-4C0A-AD10-640CAF7153BF}.Release|x64.Build.0 = Release|x64
		{89E568D8-55AC-4C0A-AD10-640CAF7153BF}.Release|x86.ActiveCfg = Release|Win32
		{89E568D8-55AC-4C0A-AD10-640CAF7153BF}.Release|x86.Build.0 = Release|Win32
		{F74A1FF3-899F-42A8-A5B6-E82A0E6005A7}.Debug|x64.ActiveCfg = Debug|x64
		{F74A1FF3-899F-42A8-A5B6-E82A0E6005A7}.Debug|x64.Build.0 = Debug|x64
		{F74A1FF3-899F-42A8-A5B6-E82A0E6005A7}.Debug|x86.ActiveCfg = Debug|Win32
		{F74A1FF3-899F-42A8-A5B6-E82A0E6005A7}.Debug|x86.Build.0 = Debug|Win32
		{F74A1FF3-899F-42A8-A5B6-E82A0E6005A7}.Release|x64.ActiveCfg = Release|x64
		{F74A1FF3-899F-42A8-A5B6-E82A0E6005A7}.Release|x64.Build.0 = Release|x64
		{F74A1FF3-899F-42A8-A5B6-E82A0E6005A7}.Release|x86.ActiveCfg = Release|Win32
		{F74A1FF3-899F-42A8-A5B6-E82A0E6005A7}.Release|x86.Build.0 = Release|Win32
		{C116A563-B1E2-448A-832B-233A65765A4E}.Debug|x64.ActiveCfg = Debug|x64
		{C116A563-B1E2-448A-832B-233A65765A4E}.Debug|x64.Build.0 = Debug|x64
		{C116A563-B1E2-448A-832B-233A65765A4E}.Debug|x86.ActiveCfg = Debug|Win32
		{C116A563-B1E2-448A-832B-233A65765A4E}.Debug|x86.Build.0 = Debug|Win32
		{C116A563-B1E2-448A-832B-233A65765A4E}.Release|x64.ActiveCfg = Release|x64
		{C116A563-B1E2-448A-832B-233A65765A4E}.Release|x64.Build.0 = Release|x64
		{C116A563-B1E2-448A-832B-233A65765A4E}.Release|x86.ActiveCfg = Release|Win32
		{C116A563-B1E2-448A-832B-233A65765A4E}.Release|x86.Build.0 = Release|Win32
		{A6C6FAD1-C75E-4AD6-A9BA-4A20907ABDA2}.Debug|x64.ActiveCfg = Debug|x64
		{A6C6FAD1-C75E-4AD6-A9BA-4A20907ABDA2}.Debug|x64.Build.0 = Debug|x64
		{A6C6FAD1-C75E-4AD6-A9BA-4A20907ABDA2}.Debug|x86.ActiveCfg = Debug|Win32
		{A6C6FAD1-C75E-4AD6-A9BA-4A20907ABDA2}.Debug|x86.Build.0 = Debug|Win32
		{A6C6FAD1-C75E-4AD6-A9BA-4A20907ABDA2}.Release|x64.ActiveCfg = Release|x64
		{A6C6FAD1-C75E-4AD6-A9BA-4A20907ABDA2}.Release|x64.Build.0 = Release|x64
		{A6C6FAD1-C75E-4AD6-A9BA-4A20907ABDA2}.Release|x86.ActiveCfg = Release|Win32
		{A6C6FAD1-C75E-4AD6-A9BA-4A20907ABDA2}.Release|x86.Build.0 = Release|Win32
		{A54C6278-0F0F-4BFD-963B-F1E619D98AAF}.Debug|x64.ActiveCfg = Debug|x64
		{A54C6278-0F0F-4BFD-963B-F1E619D98AAF}.Debug|x64.Build.0 = Debug|x64
		{A54C6278-0F0F-4BFD-963B-F1E619D98AAF}.Debug|x86.ActiveCfg = Debug|Win32
		{A54C6278-0F0F-4BFD-963B-F1E619D98AAF}.Debug|x86.Build.0 = Debug|Win32
		{A54C6278-0F0F-4BFD-963B-F1E619D98AAF}.Release|x64.ActiveCfg = Release|x64
		{A54C6278-0F0F-4BFD-963B-F1E619D98AAF}.Release|x64.Build.0 = Release|x64
		{A54C6278-0F0F-4BFD-963B-F1E619D98AAF}.Release|x86.ActiveCfg = Release|Win32
		{A54C6278-0F0F-4BFD-963B-F1E619D98AAF}.Release|x86.Build.0 = Release|Win32
		{1F033AE7-5BD4-4501-BDB9-28BBA97B8287}.Debug|x64.ActiveCfg = Debug|x64
		{1F033AE7-5BD4-4501-BDB9-28BBA97B8287}.Debug|x64.Build.0 = Debug|x64
		{1F033AE7-5BD4-4501-BDB9-28BBA97B8287}.Debug|x86.ActiveCfg = Debug|Win32
		{1F033AE7-5BD4-4501-BDB9-28BBA97B8287}.Debug|x86.Build.0 = Debug|Win32
		{1F033AE7-5BD4-4501-BDB9-28BBA97B8287}.Release|x64.ActiveCfg = Release|x64
		{1F033AE7-5BD4-4501-BDB9-28BBA97B8287}.Release|x64.Build.0 = Release|x64
		{1F033AE7-5BD4-4501-BDB9-28BBA97B8287}.Release|x86.ActiveCfg = Release|Win32
		{1F033AE7-5BD4-4501-BDB9-28BBA97B8287}.Release|x86.Build.0 = Release|Win32
		{E912D89E-6EF5-4E75-B238-31688F9EB179}.Debug|x64.ActiveCfg = Debug|x64
		{E912D89E-6EF5-4E75-B238-31688F9EB179}.Debug|x64.Build.0 = Debug|x64
		{E912D89E-6EF5-4E75-B238-31688F9EB179}.Debug|x86.ActiveCfg = Debug|Win32
		{E912D89E-6EF5-4E75-B238-31688F9EB179}.Debug|x86.Build.0 = Debug|Win32
		{E912D89E-6EF5-4E75-B238-31688F9EB179}.Release|x64.ActiveCfg = Release|x64
		{E912D89E-6EF5-4E75-B238-31688F9EB179}.Release|x64.Build.0 = Release|x64
		{E912D89E-6EF5-4E75-B238-31688F9EB179}.Release|x86.ActiveCfg = Release|Win32
		{E912D89E-6EF5-4E75-B238-31688F9EB179}.Release|x86.Build.0 = Release|Win32
		{12814379-8D90-400F-ADBC-2EA954E6C47D}.Debug|x64.ActiveCfg = Debug|x64
		{12814379-8D90-400F-ADBC-2EA954E6C47D}.Debug|x64.Build.0 = Debug|x64
		{12814379-8D90-400F-ADBC-2EA954E6C47D}.Debug|x86.ActiveCfg = Debug|Win32
		{12814379-8D90-400F-ADBC-2EA954E6C47D}.Debug|x86.Build.0 = Debug|Win32
		{12814379-8D90-400F-ADBC-2EA954E6C47D}.Release|x64.ActiveCfg = Release|x64
		{12814379-8D90-400F-ADBC-2EA954E6C47D}.Release|x64.Build.0 = Release|x64
		{12814379-8D90-400F-ADBC-2EA954E6C47D}.Release|x86.ActiveCfg = Release|Win32
		{12814379-8D90-400F-ADBC-2EA954E6C47D}.Release|x86.Build.0 = Release|Win32
		{82A5EA52-1E95-4C83-A552-7B12AB7A0F84}.Debug|x64.ActiveCfg = Debug|x64
		{82A5EA52-1E95-4C83-A552-7B12AB7A0F84}.Debug|x64.Build.0 = Debug|x64
		{82A5EA52-1E95-4C83-A552-7B12AB7A0F84}.Debug|x86.ActiveCfg = Debug|Win32
		{82A5EA52-1E95-4C83-A552-7B12AB7A0F84}.Debug|x86.Build.0 = Debug|Win32
		{82A5EA52-1E95-4C83-A552-7B12AB7A0F84}.Release|x64.ActiveCfg = Release|x64
		{82A5EA52-1E95-4C83-A552-7B12AB7A0F84}.Release|x64.Build.0 = Release|x64
		{82A5EA52-1E95-4C83-A552-7B12AB7A0F84}.Release|x86.ActiveCfg = Release|Win32
		{82A5EA52-1E95-4C83-A552-7B12AB7A0F84}.Release|x86.Build.0 = Release|Win32
		{5A82932B-7581-46A5-8EB4-5D1F2ECD78D4}.Debug|x64.ActiveCfg = Debug|x64
		{5A82932B-7581-46A5-8EB4-5D1F2ECD78D4}.Debug|x64.Build.0 = Debug|x64
		{5A82932B-7581-46A5-8EB4-5D1F2ECD78D4}.Debug|x86.ActiveCfg = Debug|Win32
		{5A82932B-7581-46A5-8EB4-5D1F2ECD78D4}.Debug|x86.Build.0 = Debug|Win32
		{5A82932B-7581-46A5-8EB4-5D1F2ECD78D4}.Release|x64.ActiveCfg = Release|x64
		{5A82932B-7581-46A5-8EB4-5D1F2ECD78D4}.Release|x64.Build.0 = Release|x64
		{5A82932B-7581-46A5-8EB4-5D1F2ECD78D4}.Release|x86.ActiveCfg = Release|Win32
		{5A82932B-7581-46A5-8EB4-5D1F2ECD78D4}.Release|x86.Build.0 = Release|Win32
		{BF39253F-00D4-474E-9D64-6A69B384099D}.Debug|x64.ActiveCfg = Debug|x64
		{BF39253F-00D4-474E-9D64-6A69B384099D}.Debug|x64.Build.0 = Debug|x64
		{BF39253F-00D4-474E-9D64-6A69B384099D}.Debug|x86.ActiveCfg = Debug|Win32
		{BF39253F-00D4-474E-9D64-6A69B384099D}.Debug|x86.Build.0 = Debug|Win32
		{BF39253F-00D4-474E-9D64-6A69B384099D}.Release|x64.ActiveCfg = Release|x64
		{BF39253F-00D4-474E-9D64-6A69B384099D}.Release|x64.Build.0 = Release|x64
		{BF39253F-00D4-474E-9D64-6A69B384099D}.Release|x86.ActiveCfg = Release|Win32
		{BF39253F-00D4-474E-9D64-6A69B384099D}.Release|x86.Build.0 = Release|Win32
		{60C7209E-1B10-4194-AD55-A202D0C5BB33}.Debug|x64.ActiveCfg = Debug|x64
		{60C7209E-1B10-4194-AD55-A202D0C5BB33}.Debug|x64.Build.0 = Debug|x64
		{60C7209E-1B10-4194-AD55-A202D0C5BB33}.Debug|x86.ActiveCfg = Debug|Win32
		{60C7209E-1B10-4194-AD55-A202D0C5BB33}.Debug|x86.Build.0 = Debug|Win32
		{60C7209E-1B10-4194-AD55-A202D0C5BB33}.Release|x64.ActiveCfg = Release|x64
		{60C7209E-1B10-4194-AD55-A202D0C5BB33}.Release|x64.Build.0 = Release|x64
		{60C7209E-1B10-4194-AD55-A202D0C5BB33}.Release|x86.ActiveCfg = Release|Win32
		{60C7209E-1B10-4194-AD55-A202D0C5BB33}.Release|x86.Build.0 = Release|Win32
		{27B74E26-4673-44BD-9C5A-89F03B8428A0}.Debug|x64.ActiveCfg = Debug|x64
		{27B74E26-4673-44BD-9C5A-89F03B8428A0}.Debug|x64.Build.0 = Debug|x64
		{27B74E26-4673-44BD-9C5A-89F03B8428A0}.Debug|x86.ActiveCfg = Debug|Win32
		{27B74E26-4673-44BD-9C5A-89F03B8428A0}.Debug|x86.Build.0 = Debug|Win32
		{27B74E26-4673-44BD-9C5A-89F03B8428A0}.Release|x64.ActiveCfg = Release|x64
		{27B74E26-4673-44BD-9C5A-89F03B8428A0}.Release|x64.Build.0 = Release|x64
		{27B74E26-4673-44BD-9C5A-89F03B8428A0}.Release|x86.ActiveCfg = Release|Win32
		{27B74E26-4673-44BD-9C5A-89F03B8428A0}.Release|x86.Build.0 = Release|Win32
		{8D2B41BE-F26C-4070-8C0E-33543F5199F8}.Debug|x64.ActiveCfg = Debug|x64
		{8D2B41BE-F26C-4070-8C0E-33543F5199F8}.Debug|x64.Build.0 = Debug|x64
		{8D2B41BE-F26C-4070-8C0E-33543F5199F8}.Debug|x86.ActiveCfg = Debug|Win32
		{8D2B41BE-F26C-4070-8C0E-33543F5199F8}.Debug|x86.Build.0 = Debug|Win32
		{8D2B41BE-F26C-4070-8C0E-33543F5199F8}.Release|x64.ActiveCfg = Release|x64
		{8D2B41BE-F26C-4070-8C0E-33543F5199F8}.Release|x64.Build.0 = Release|x64
		{8D2B41BE-F26C-4070-8C0E-33543F5199F8}.Release|x86.ActiveCfg = Release|Win32
		{8D2B41BE-F26C-4070-8C0E-33543F5199F8}.Release|x86.Build.0 = Release|Win32
		{2CE67316-2E96-4EA0-B38F-4DE479B34274}.Debug|x64.ActiveCfg = Debug|x64
		{2CE67316-2E96-4EA0-B38F-4DE479B34274}.Debug|x64.Build.0 = Debug|x64
		{2CE67316-2E96-4EA0-B38F-4DE479B34274}.Debug|x86.ActiveCfg = Debug|Win32
		{2CE67316-2E96-4EA0-B38F-4DE479B34274}.Debug|x86.Build.0 = Debug|Win32
		{2CE67316-2E96-4EA0-B38F-4DE479B34274}.Release|x64.ActiveCfg = Release|x64
		{2CE67316-2E96-4EA0-B38F-4DE479B34274}.Release|x64.Build.0 = Release|x64
		{2CE67316-2E96-4EA0-B38F-4DE479B34274}.Release|x86.ActiveCfg = Release|Win32
		{2CE67316-2E96-4EA0-B38F-4DE479B34274}.Release|x86.Build.0 = Release|Win32
		{9A39CB12-FEEE-4406-8DB3-6875D9CB445E}.Debug|x64.ActiveCfg = Debug|x64
		{9A39CB12-FEEE-4406-8DB3-6875D9CB445E}.Debug|x64.Build.0 = Debug|x64
		{9A39CB12-FEEE-4406-8DB3-6875D9CB445E}.Debug|x86.ActiveCfg = Debug|Win32
		{9A39CB12-FEEE-4406-8DB3-6875D9CB445E}.Debug|x86.Build.0 = Debug|Win32
		{9A39CB12-FEEE-4406-8DB3-6875D9CB445E}.Release|x64.ActiveCfg = Release|x64
		{9A39CB12-FEEE-4406-8DB3-6875D9CB445E}.Release|x64.Build.0 = Release|x64
		{9A39CB12-FEEE-4406-8DB3-6875D9CB445E}.Release|x86.ActiveCfg = Release|Win32
		{9A39CB12-FEEE-4406-8DB3-6875D9CB445E}.Release|x86.Build.0 = Release|Win32
		{E107345B-D913-42D3-8E02-93505319E4DA}.Debug|x64.ActiveCfg = Debug|x64
		{E107345B-D913-42D3-8E02-93505319E4DA}.Debug|x64.Build.0 = Debug|x64
		{E107345B-D913-42D3-8E02-93505319E4DA}.Debug|x86.ActiveCfg = Debug|Win32
		{E107345B-D913-42D3-8E02-93505319E4DA}.Debug|x86.Build.0 = Debug|Win32
		{E107345B-D913-42D3-8E02-93505319E4DA}.Release|x64.ActiveCfg = Release|x64
		{E107345B-D913-42D3-8E02-93505319E4DA}.Release|x64.Build.0 = Release|x64
		{E107345B-D913-42D3-8E02-93505319E4DA}.Release|x86.ActiveCfg = Release|Win32
		{E107345B-D913-42D3-8E02-93505319E4DA}.Release|x86.Build.0 = Release|Win32
		{4C4C340D-34B8-4164-B712-3206825FCD62}.Debug|x64.ActiveCfg = Debug|x64
		{4C4C340D-34B8-4164-B712-3206825FCD62}.Debug|x64.Build.0 = Debug|x64
		{4C4C340D-34B8-4164-B712-3206825FCD62}.Debug|x86.ActiveCfg = Debug|Win32
		{4C4C340D-34B8-4164-B712-3206825FCD62}.Debug|x86.Build.0 = Debug|Win32
		{4C4C340D-34B8-4164-B712-3206825FCD62}.Release|x64.ActiveCfg = Release|x64
		{4C4C340D-34B8-4164-B712-3206825FCD62}.Release|x64.Build.0 = Release|x64
		{4C4C340D-34B8-4164-B712-3206825FCD62}.Release|x86.ActiveCfg = Release|Win32
		{4C4C340D-34B8-4164-B712-3206825FCD62}.Release|x86.Build.0 = Release|Win32
		{AC8B6A0C-D71F-4F8B-8159-2CE46CDAFBC6}.Debug|x64.ActiveCfg = Debug|x64
		{AC8B6A0C-D71F-4F8B-8159-2CE46CDAFBC6}.Debug|x64.Build.0 = Debug|x64
		{AC8B6A0C-D71F-4F8B-8159-2CE46CDAFBC6}.Debug|x86.ActiveCfg = Debug|Win32
		{AC8B6A0C-D71F-4F8B-8159-2CE46CDAFBC6}.Debug|x86.Build.0 = Debug|Win32
		{AC8B6A0C-D71F-4F8B-8159-2CE46CDAFBC6}.Release|x64.ActiveCfg = Release|x64
		{AC8B6A0C-D71F-4F8B-8159-2CE46CDAFBC6}.Release|x64.Build.0 = Release|x64
		{AC8B6A0C-D71F-4F8B-8159-2CE46CDAFBC6}.Release|x86.ActiveCfg = Release|Win32
		{AC8B6A0C-D71F-4F8B-8159-2CE46CDAFBC6}.Release|x86.Build.0 = Release|Win32
	EndGlobalSection
	GlobalSection(SolutionProperties) = preSolution
		HideSolutionNode = FALSE
	EndGlobalSection
	GlobalSection(NestedProjects) = preSolution
		{A829C0CB-2F9D-4382-A7F1-29CD6A250A33} = {E5BDE830-6E5A-4286-80C5-89FB979B4353}
		{5471F768-65C5-48A7-A70D-2FF165316BA0} = {E5BDE830-6E5A-4286-80C5-89FB979B4353}
		{6D48BD11-AB96-413E-8658-6F3D28C42A83} = {E5BDE830-6E5A-4286-80C5-89FB979B4353}
		{E10B8556-389C-4D79-83E5-EB7D4EC416F9} = {E5BDE830-6E5A-4286-80C5-89FB979B4353}
		{77A1FC8D-1F51-4BE2-957C-6C4CD1BC5993} = {E5BDE830-6E5A-4286-80C5-89FB979B4353}
		{7909501C-DE4A-44D4-8559-34D8FE3D76B4} = {E5BDE830-6E5A-4286-80C5-89FB979B4353}
		{A911E020-954C-4E12-942D-5C79F89573CB} = {E5BDE830-6E5A-4286-80C5-89FB979B4353}
		{04237995-A473-4C79-92AE-E491D86F7D04} = {E5BDE830-6E5A-4286-80C5-89FB979B4353}
		{3D2ACE54-8A85-4D93-9F55-D6D2223FDDD0} = {E5BDE830-6E5A-4286-80C5-89FB979B4353}
		{A80D4E77-2C11-4C0E-B14B-7F8DAA344A16} = {E5BDE830-6E5A-4286-80C5-89FB979B4353}
		{E1A1C922-D785-4A5E-853F-3D5D18727C42} = {E5BDE830-6E5A-4286-80C5-89FB979B4353}
		{2C70EE62-AEF7-4A18-9236-7E180ED73CEE} = {E5BDE830-6E5A-4286-80C5-89FB979B4353}
		{6C3ED468-13CD-47D4-8275-87B79818756D} = {E5BDE830-6E5A-4286-80C5-89FB979B4353}
		{364BF4AC-AB2F-4CB7-BA02-FE124949C15B} = {E5BDE830-6E5A-4286-80C5-89FB979B4353}
		{C23298F8-0AAB-400A-BCB9-1AAF1AE94D4F} = {E5BDE830-6E5A-4286-80C5-89FB979B4353}
		{5A74375E-50EE-4AA1-937C-3D8D853F3296} = {E5BDE830-6E5A-4286-80C5-89FB979B4353}
		{1CC65162-8126-4FF1-91A3-C37BCA7AEA2B} = {E5BDE830-6E5A-4286-80C5-89FB979B4353}
		{B296FBDC-935B-4401-8050-84A576D951A1} = {E5BDE830-6E5A-4286-80C5-89FB979B4353}
		{EF666D12-6C49-46C5-8FCE-7F30F00361B2} = {E5BDE830-6E5A-4286-80C5-89FB979B4353}
		{E975CC0A-9D12-4EFD-9AF7-C4912FE729CF} = {E5BDE830-6E5A-4286-80C5-89FB979B4353}
		{1DAA7DEC-12D7-400F-AAF1-155157A51B87} = {E5BDE830-6E5A-4286-80C5-89FB979B4353}
		{054948EA-69A2-4D7A-98CC-8A92B951BACE} = {E5BDE830-6E5A-4286-80C5-89FB979B4353}
		{F10B3079-E5DD-4B84-88B0-C8497F4D9482} = {E5BDE830-6E5A-4286-80C5-89FB979B4353}
		{AD980FDC-4EAB-41A9-BA6A-F082B0E04FB0} = {CC8FC9F9-4884-4EF2-8AE3-55B576034532}
		{676A433C-2C9A-43B6-A95D-0ED00580E990} = {CC8FC9F9-4884-4EF2-8AE3-55B576034532}
		{B79DFF3C-1496-49C0-A9AB-F29A70601A4D} = {CC8FC9F9-4884-4EF2-8AE3-55B576034532}
		{13088FFF-65DE-45C2-9106-689FB2F36B61} = {CC8FC9F9-4884-4EF2-8AE3-55B576034532}
		{5064A106-DF41-40DB-BBF1-E696CBD39F85} = {CC8FC9F9-4884-4EF2-8AE3-55B576034532}
		{79166953-E85A-4F73-A385-9DDB574801AF} = {CC8FC9F9-4884-4EF2-8AE3-55B576034532}
		{9E864797-031F-4D53-A260-03ED86B0E5A5} = {CC8FC9F9-4884-4EF2-8AE3-55B576034532}
		{E5823863-DA99-477D-B6EC-0BB34F5639AE} = {CC8FC9F9-4884-4EF2-8AE3-55B576034532}
		{ACE04E46-FE3D-44D0-8DE0-AEBFB2EE25CA} = {CC8FC9F9-4884-4EF2-8AE3-55B576034532}
		{8F3B1B8F-8F6E-405D-8A31-2C3918003AC7} = {CC8FC9F9-4884-4EF2-8AE3-55B576034532}
		{B96D8B2B-AFBE-4591-905B-21F8CA74FC13} = {CC8FC9F9-4884-4EF2-8AE3-55B576034532}
		{649F73BC-881F-4EE0-AAE1-933BAA0E967A} = {CC8FC9F9-4884-4EF2-8AE3-55B576034532}
		{421C40A1-5E0A-4F25-89B2-E79BC74491AF} = {CC8FC9F9-4884-4EF2-8AE3-55B576034532}
		{51DD8B6C-7B62-4CBA-A2F7-A27358C2312D} = {CC8FC9F9-4884-4EF2-8AE3-55B576034532}
		{AD6F4EAC-C70D-4539-994B-9B2E7A6C44B0} = {CC8FC9F9-4884-4EF2-8AE3-55B576034532}
		{9D336D15-2FB0-4F96-827A-31F6371470B8} = {CC8FC9F9-4884-4EF2-8AE3-55B576034532}
		{1B53C37C-449E-4618-B2DC-B805664C318E} = {CC8FC9F9-4884-4EF2-8AE3-55B576034532}
		{B1F44269-7D4A-4AFD-878D-910BB8395426} = {CC8FC9F9-4884-4EF2-8AE3-55B576034532}
		{9050F78A-172B-491F-AD8A-E1BDFCBBD12A} = {CC8FC9F9-4884-4EF2-8AE3-55B576034532}
		{F232689F-BF6D-4156-9572-2D679E979EA6} = {CC8FC9F9-4884-4EF2-8AE3-55B576034532}
		{89E568D8-55AC-4C0A-AD10-640CAF7153BF} = {CC8FC9F9-4884-4EF2-8AE3-55B576034532}
		{F74A1FF3-899F-42A8-A5B6-E82A0E6005A7} = {CC8FC9F9-4884-4EF2-8AE3-55B576034532}
		{C116A563-B1E2-448A-832B-233A65765A4E} = {CC8FC9F9-4884-4EF2-8AE3-55B576034532}
		{A6C6FAD1-C75E-4AD6-A9BA-4A20907ABDA2} = {CC8FC9F9-4884-4EF2-8AE3-55B576034532}
		{A54C6278-0F0F-4BFD-963B-F1E619D98AAF} = {CC8FC9F9-4884-4EF2-8AE3-55B576034532}
		{1F033AE7-5BD4-4501-BDB9-28BBA97B8287} = {B06FAFE3-8465-4E68-B5CD-4A356128AE7E}
		{E912D89E-6EF5-4E75-B238-31688F9EB179} = {B06FAFE3-8465-4E68-B5CD-4A356128AE7E}
		{12814379-8D90-400F-ADBC-2EA954E6C47D} = {B06FAFE3-8465-4E68-B5CD-4A356128AE7E}
		{82A5EA52-1E95-4C83-A552-7B12AB7A0F84} = {B06FAFE3-8465-4E68-B5CD-4A356128AE7E}
		{5A82932B-7581-46A5-8EB4-5D1F2ECD78D4} = {B06FAFE3-8465-4E68-B5CD-4A356128AE7E}
		{BF39253F-00D4-474E-9D64-6A69B384099D} = {B06FAFE3-8465-4E68-B5CD-4A356128AE7E}
		{60C7209E-1B10-4194-AD55-A202D0C5BB33} = {B06FAFE3-8465-4E68-B5CD-4A356128AE7E}
		{27B74E26-4673-44BD-9C5A-89F03B8428A0} = {B06FAFE3-8465-4E68-B5CD-4A356128AE7E}
		{8D2B41BE-F26C-4070-8C0E-33543F5199F8} = {B06FAFE3-8465-4E68-B5CD-4A356128AE7E}
		{2CE67316-2E96-4EA0-B38F-4DE479B34274} = {B06FAFE3-8465-4E68-B5CD-4A356128AE7E}
		{9A39CB12-FEEE-4406-8DB3-6875D9CB445E} = {28B3C1FA-45DC-4BE4-8007-4B690C566584}
		{E107345B-D913-42D3-8E02-93505319E4DA} = {28B3C1FA-45DC-4BE4-8007-4B690C566584}
		{4C4C340D-34B8-4164-B712-3206825FCD62} = {28B3C1FA-45DC-4BE4-8007-4B690C566584}
		{AC8B6A0C-D71F-4F8B-8159-2CE46CDAFBC6} = {28B3C1FA-45DC-4BE4-8007-4B690C566584}
	EndGlobalSection
	GlobalSection(ExtensibilityGlobals) = postSolution
		SolutionGuid = {12C4BB36-D87D-46EE-8C21-000A49C60136}
	EndGlobalSection
EndGlobal
