
Microsoft Visual Studio Solution File, Format Version 12.00
# Visual Studio Version 17
VisualStudioVersion = 17.10.35013.160
MinimumVisualStudioVersion = 10.0.40219.1
Project("{8BC9CEB8-8B4A-11D0-8D11-00A0C91BC942}") = "진정한 효도", "진정한 효도\진정한 효도.vcxproj", "{0E70E121-C7CD-4C77-9FAA-24A35604E691}"
EndProject
Project("{2150E333-8FDC-42A3-9474-1A3956D46DE8}") = "Lv.2", "Lv.2", "{0953A63E-3C9D-4F9A-8336-84DD9A058FEB}"
EndProject
Project("{8BC9CEB8-8B4A-11D0-8D11-00A0C91BC942}") = "금고털이", "금고털이\금고털이.vcxproj", "{C696D4D5-14FD-4567-AB1E-E12C3B4DFD02}"
EndProject
Project("{8BC9CEB8-8B4A-11D0-8D11-00A0C91BC942}") = "바이러스", "바이러스\바이러스.vcxproj", "{AD0E0088-E114-42FA-B738-9B2C73C5E6D3}"
EndProject
Project("{8BC9CEB8-8B4A-11D0-8D11-00A0C91BC942}") = "8단 변속기", "8단 변속기\8단 변속기.vcxproj", "{BB51EEE3-C259-4C1C-B0D4-67A907D32E69}"
EndProject
Project("{8BC9CEB8-8B4A-11D0-8D11-00A0C91BC942}") = "장애물 인식 프로그램", "장애물 인식 프로그램\장애물 인식 프로그램.vcxproj", "{CC195E16-21AD-4707-8B86-A56B665028F5}"
EndProject
Project("{8BC9CEB8-8B4A-11D0-8D11-00A0C91BC942}") = "자도 자동 구축", "자도 자동 구축\자도 자동 구축.vcxproj", "{6394B043-4D73-40E5-83A8-AE5B32B16234}"
EndProject
Project("{8BC9CEB8-8B4A-11D0-8D11-00A0C91BC942}") = "비밀 메뉴", "비밀 메뉴\비밀 메뉴.vcxproj", "{C37F1171-0A60-45C5-8339-6CD65A873636}"
EndProject
Project("{2150E333-8FDC-42A3-9474-1A3956D46DE8}") = "Lv.3", "Lv.3", "{8B57516A-5E03-4242-8B74-AB56439DE6DD}"
EndProject
Project("{8BC9CEB8-8B4A-11D0-8D11-00A0C91BC942}") = "함께하는 효도", "함께하는 효도\함께하는 효도.vcxproj", "{DFCB95FB-582D-4436-B9CE-6620D4CEEB65}"
EndProject
Project("{8BC9CEB8-8B4A-11D0-8D11-00A0C91BC942}") = "성적 평균", "성적 평균\성적 평균.vcxproj", "{E9444E28-E5E3-4B0B-BC5F-6C1EDD6DDB8A}"
EndProject
Project("{8BC9CEB8-8B4A-11D0-8D11-00A0C91BC942}") = "우물 안 개구리", "우물 안 개구리\우물 안 개구리.vcxproj", "{EE463860-5DDB-496F-BE3A-3E596E02A037}"
EndProject
Project("{8BC9CEB8-8B4A-11D0-8D11-00A0C91BC942}") = "택배 마스터 광우", "택배 마스터 광우\택배 마스터 광우.vcxproj", "{CBD0C0DF-EEAE-4AA5-A984-9FF6A0D2B932}"
EndProject
Project("{8BC9CEB8-8B4A-11D0-8D11-00A0C91BC942}") = "순서대로 방문하기", "순서대로 방문하기\순서대로 방문하기.vcxproj", "{0F63760A-9779-4715-B99A-038ABFE4D05D}"
EndProject
Project("{2150E333-8FDC-42A3-9474-1A3956D46DE8}") = "Lv.1", "Lv.1", "{E41D147D-3F98-4D6D-BB1A-C2B540106861}"
EndProject
Project("{8BC9CEB8-8B4A-11D0-8D11-00A0C91BC942}") = "A+B", "A+B\A+B.vcxproj", "{7690C75F-0BEF-435D-BA96-F8EF5DDE6C05}"
EndProject
Project("{8BC9CEB8-8B4A-11D0-8D11-00A0C91BC942}") = "징검다리", "징검다리\징검다리.vcxproj", "{E1491141-6D79-4E12-8539-39D144F0A24C}"
EndProject
Project("{8BC9CEB8-8B4A-11D0-8D11-00A0C91BC942}") = "[한양대 HCPC 2023] X marks the Spot", "[한양대 HCPC 2023] X marks the Spot\[한양대 HCPC 2023] X marks the Spot.vcxproj", "{E682E26A-84B5-4AD2-9EBE-D88A1D21A11E}"
EndProject
Project("{8BC9CEB8-8B4A-11D0-8D11-00A0C91BC942}") = "강의실 배정", "강의실 배정\강의실 배정.vcxproj", "{3B8141E3-3055-458E-A86A-4CB6D0F9FA96}"
EndProject
Project("{8BC9CEB8-8B4A-11D0-8D11-00A0C91BC942}") = "[HSAT 6회 정기 코딩 인증평가 기출] 출퇴근길", "[HSAT 6회 정기 코딩 인증평가 기출] 출퇴근길\[HSAT 6회 정기 코딩 인증평가 기출] 출퇴근길.vcxproj", "{1DAA81A1-BD7F-45C2-93D1-1DC1F2EA86FC}"
EndProject
Project("{8BC9CEB8-8B4A-11D0-8D11-00A0C91BC942}") = "GBC", "GBC\GBC.vcxproj", "{61417CD0-0911-4139-8CE9-62BD1431EEE9}"
EndProject
Project("{8BC9CEB8-8B4A-11D0-8D11-00A0C91BC942}") = "나무 섭지", "나무 섭지ㅣ\나무 섭지ㅣ.vcxproj", "{E5DD11C9-B2DA-4B8F-B9C8-379E682E8186}"
EndProject
Project("{8BC9CEB8-8B4A-11D0-8D11-00A0C91BC942}") = "전광판", "전광판\전광판.vcxproj", "{BFE08A36-5BF6-4202-9DE0-DB2F809AB3EB}"
EndProject
Global
	GlobalSection(SolutionConfigurationPlatforms) = preSolution
		Debug|x64 = Debug|x64
		Debug|x86 = Debug|x86
		Release|x64 = Release|x64
		Release|x86 = Release|x86
	EndGlobalSection
	GlobalSection(ProjectConfigurationPlatforms) = postSolution
		{0E70E121-C7CD-4C77-9FAA-24A35604E691}.Debug|x64.ActiveCfg = Debug|x64
		{0E70E121-C7CD-4C77-9FAA-24A35604E691}.Debug|x64.Build.0 = Debug|x64
		{0E70E121-C7CD-4C77-9FAA-24A35604E691}.Debug|x86.ActiveCfg = Debug|Win32
		{0E70E121-C7CD-4C77-9FAA-24A35604E691}.Debug|x86.Build.0 = Debug|Win32
		{0E70E121-C7CD-4C77-9FAA-24A35604E691}.Release|x64.ActiveCfg = Release|x64
		{0E70E121-C7CD-4C77-9FAA-24A35604E691}.Release|x64.Build.0 = Release|x64
		{0E70E121-C7CD-4C77-9FAA-24A35604E691}.Release|x86.ActiveCfg = Release|Win32
		{0E70E121-C7CD-4C77-9FAA-24A35604E691}.Release|x86.Build.0 = Release|Win32
		{C696D4D5-14FD-4567-AB1E-E12C3B4DFD02}.Debug|x64.ActiveCfg = Debug|x64
		{C696D4D5-14FD-4567-AB1E-E12C3B4DFD02}.Debug|x64.Build.0 = Debug|x64
		{C696D4D5-14FD-4567-AB1E-E12C3B4DFD02}.Debug|x86.ActiveCfg = Debug|Win32
		{C696D4D5-14FD-4567-AB1E-E12C3B4DFD02}.Debug|x86.Build.0 = Debug|Win32
		{C696D4D5-14FD-4567-AB1E-E12C3B4DFD02}.Release|x64.ActiveCfg = Release|x64
		{C696D4D5-14FD-4567-AB1E-E12C3B4DFD02}.Release|x64.Build.0 = Release|x64
		{C696D4D5-14FD-4567-AB1E-E12C3B4DFD02}.Release|x86.ActiveCfg = Release|Win32
		{C696D4D5-14FD-4567-AB1E-E12C3B4DFD02}.Release|x86.Build.0 = Release|Win32
		{AD0E0088-E114-42FA-B738-9B2C73C5E6D3}.Debug|x64.ActiveCfg = Debug|x64
		{AD0E0088-E114-42FA-B738-9B2C73C5E6D3}.Debug|x64.Build.0 = Debug|x64
		{AD0E0088-E114-42FA-B738-9B2C73C5E6D3}.Debug|x86.ActiveCfg = Debug|Win32
		{AD0E0088-E114-42FA-B738-9B2C73C5E6D3}.Debug|x86.Build.0 = Debug|Win32
		{AD0E0088-E114-42FA-B738-9B2C73C5E6D3}.Release|x64.ActiveCfg = Release|x64
		{AD0E0088-E114-42FA-B738-9B2C73C5E6D3}.Release|x64.Build.0 = Release|x64
		{AD0E0088-E114-42FA-B738-9B2C73C5E6D3}.Release|x86.ActiveCfg = Release|Win32
		{AD0E0088-E114-42FA-B738-9B2C73C5E6D3}.Release|x86.Build.0 = Release|Win32
		{BB51EEE3-C259-4C1C-B0D4-67A907D32E69}.Debug|x64.ActiveCfg = Debug|x64
		{BB51EEE3-C259-4C1C-B0D4-67A907D32E69}.Debug|x64.Build.0 = Debug|x64
		{BB51EEE3-C259-4C1C-B0D4-67A907D32E69}.Debug|x86.ActiveCfg = Debug|Win32
		{BB51EEE3-C259-4C1C-B0D4-67A907D32E69}.Debug|x86.Build.0 = Debug|Win32
		{BB51EEE3-C259-4C1C-B0D4-67A907D32E69}.Release|x64.ActiveCfg = Release|x64
		{BB51EEE3-C259-4C1C-B0D4-67A907D32E69}.Release|x64.Build.0 = Release|x64
		{BB51EEE3-C259-4C1C-B0D4-67A907D32E69}.Release|x86.ActiveCfg = Release|Win32
		{BB51EEE3-C259-4C1C-B0D4-67A907D32E69}.Release|x86.Build.0 = Release|Win32
		{CC195E16-21AD-4707-8B86-A56B665028F5}.Debug|x64.ActiveCfg = Debug|x64
		{CC195E16-21AD-4707-8B86-A56B665028F5}.Debug|x64.Build.0 = Debug|x64
		{CC195E16-21AD-4707-8B86-A56B665028F5}.Debug|x86.ActiveCfg = Debug|Win32
		{CC195E16-21AD-4707-8B86-A56B665028F5}.Debug|x86.Build.0 = Debug|Win32
		{CC195E16-21AD-4707-8B86-A56B665028F5}.Release|x64.ActiveCfg = Release|x64
		{CC195E16-21AD-4707-8B86-A56B665028F5}.Release|x64.Build.0 = Release|x64
		{CC195E16-21AD-4707-8B86-A56B665028F5}.Release|x86.ActiveCfg = Release|Win32
		{CC195E16-21AD-4707-8B86-A56B665028F5}.Release|x86.Build.0 = Release|Win32
		{6394B043-4D73-40E5-83A8-AE5B32B16234}.Debug|x64.ActiveCfg = Debug|x64
		{6394B043-4D73-40E5-83A8-AE5B32B16234}.Debug|x64.Build.0 = Debug|x64
		{6394B043-4D73-40E5-83A8-AE5B32B16234}.Debug|x86.ActiveCfg = Debug|Win32
		{6394B043-4D73-40E5-83A8-AE5B32B16234}.Debug|x86.Build.0 = Debug|Win32
		{6394B043-4D73-40E5-83A8-AE5B32B16234}.Release|x64.ActiveCfg = Release|x64
		{6394B043-4D73-40E5-83A8-AE5B32B16234}.Release|x64.Build.0 = Release|x64
		{6394B043-4D73-40E5-83A8-AE5B32B16234}.Release|x86.ActiveCfg = Release|Win32
		{6394B043-4D73-40E5-83A8-AE5B32B16234}.Release|x86.Build.0 = Release|Win32
		{C37F1171-0A60-45C5-8339-6CD65A873636}.Debug|x64.ActiveCfg = Debug|x64
		{C37F1171-0A60-45C5-8339-6CD65A873636}.Debug|x64.Build.0 = Debug|x64
		{C37F1171-0A60-45C5-8339-6CD65A873636}.Debug|x86.ActiveCfg = Debug|Win32
		{C37F1171-0A60-45C5-8339-6CD65A873636}.Debug|x86.Build.0 = Debug|Win32
		{C37F1171-0A60-45C5-8339-6CD65A873636}.Release|x64.ActiveCfg = Release|x64
		{C37F1171-0A60-45C5-8339-6CD65A873636}.Release|x64.Build.0 = Release|x64
		{C37F1171-0A60-45C5-8339-6CD65A873636}.Release|x86.ActiveCfg = Release|Win32
		{C37F1171-0A60-45C5-8339-6CD65A873636}.Release|x86.Build.0 = Release|Win32
		{DFCB95FB-582D-4436-B9CE-6620D4CEEB65}.Debug|x64.ActiveCfg = Debug|x64
		{DFCB95FB-582D-4436-B9CE-6620D4CEEB65}.Debug|x64.Build.0 = Debug|x64
		{DFCB95FB-582D-4436-B9CE-6620D4CEEB65}.Debug|x86.ActiveCfg = Debug|Win32
		{DFCB95FB-582D-4436-B9CE-6620D4CEEB65}.Debug|x86.Build.0 = Debug|Win32
		{DFCB95FB-582D-4436-B9CE-6620D4CEEB65}.Release|x64.ActiveCfg = Release|x64
		{DFCB95FB-582D-4436-B9CE-6620D4CEEB65}.Release|x64.Build.0 = Release|x64
		{DFCB95FB-582D-4436-B9CE-6620D4CEEB65}.Release|x86.ActiveCfg = Release|Win32
		{DFCB95FB-582D-4436-B9CE-6620D4CEEB65}.Release|x86.Build.0 = Release|Win32
		{E9444E28-E5E3-4B0B-BC5F-6C1EDD6DDB8A}.Debug|x64.ActiveCfg = Debug|x64
		{E9444E28-E5E3-4B0B-BC5F-6C1EDD6DDB8A}.Debug|x64.Build.0 = Debug|x64
		{E9444E28-E5E3-4B0B-BC5F-6C1EDD6DDB8A}.Debug|x86.ActiveCfg = Debug|Win32
		{E9444E28-E5E3-4B0B-BC5F-6C1EDD6DDB8A}.Debug|x86.Build.0 = Debug|Win32
		{E9444E28-E5E3-4B0B-BC5F-6C1EDD6DDB8A}.Release|x64.ActiveCfg = Release|x64
		{E9444E28-E5E3-4B0B-BC5F-6C1EDD6DDB8A}.Release|x64.Build.0 = Release|x64
		{E9444E28-E5E3-4B0B-BC5F-6C1EDD6DDB8A}.Release|x86.ActiveCfg = Release|Win32
		{E9444E28-E5E3-4B0B-BC5F-6C1EDD6DDB8A}.Release|x86.Build.0 = Release|Win32
		{EE463860-5DDB-496F-BE3A-3E596E02A037}.Debug|x64.ActiveCfg = Debug|x64
		{EE463860-5DDB-496F-BE3A-3E596E02A037}.Debug|x64.Build.0 = Debug|x64
		{EE463860-5DDB-496F-BE3A-3E596E02A037}.Debug|x86.ActiveCfg = Debug|Win32
		{EE463860-5DDB-496F-BE3A-3E596E02A037}.Debug|x86.Build.0 = Debug|Win32
		{EE463860-5DDB-496F-BE3A-3E596E02A037}.Release|x64.ActiveCfg = Release|x64
		{EE463860-5DDB-496F-BE3A-3E596E02A037}.Release|x64.Build.0 = Release|x64
		{EE463860-5DDB-496F-BE3A-3E596E02A037}.Release|x86.ActiveCfg = Release|Win32
		{EE463860-5DDB-496F-BE3A-3E596E02A037}.Release|x86.Build.0 = Release|Win32
		{CBD0C0DF-EEAE-4AA5-A984-9FF6A0D2B932}.Debug|x64.ActiveCfg = Debug|x64
		{CBD0C0DF-EEAE-4AA5-A984-9FF6A0D2B932}.Debug|x64.Build.0 = Debug|x64
		{CBD0C0DF-EEAE-4AA5-A984-9FF6A0D2B932}.Debug|x86.ActiveCfg = Debug|Win32
		{CBD0C0DF-EEAE-4AA5-A984-9FF6A0D2B932}.Debug|x86.Build.0 = Debug|Win32
		{CBD0C0DF-EEAE-4AA5-A984-9FF6A0D2B932}.Release|x64.ActiveCfg = Release|x64
		{CBD0C0DF-EEAE-4AA5-A984-9FF6A0D2B932}.Release|x64.Build.0 = Release|x64
		{CBD0C0DF-EEAE-4AA5-A984-9FF6A0D2B932}.Release|x86.ActiveCfg = Release|Win32
		{CBD0C0DF-EEAE-4AA5-A984-9FF6A0D2B932}.Release|x86.Build.0 = Release|Win32
		{0F63760A-9779-4715-B99A-038ABFE4D05D}.Debug|x64.ActiveCfg = Debug|x64
		{0F63760A-9779-4715-B99A-038ABFE4D05D}.Debug|x64.Build.0 = Debug|x64
		{0F63760A-9779-4715-B99A-038ABFE4D05D}.Debug|x86.ActiveCfg = Debug|Win32
		{0F63760A-9779-4715-B99A-038ABFE4D05D}.Debug|x86.Build.0 = Debug|Win32
		{0F63760A-9779-4715-B99A-038ABFE4D05D}.Release|x64.ActiveCfg = Release|x64
		{0F63760A-9779-4715-B99A-038ABFE4D05D}.Release|x64.Build.0 = Release|x64
		{0F63760A-9779-4715-B99A-038ABFE4D05D}.Release|x86.ActiveCfg = Release|Win32
		{0F63760A-9779-4715-B99A-038ABFE4D05D}.Release|x86.Build.0 = Release|Win32
		{7690C75F-0BEF-435D-BA96-F8EF5DDE6C05}.Debug|x64.ActiveCfg = Debug|x64
		{7690C75F-0BEF-435D-BA96-F8EF5DDE6C05}.Debug|x64.Build.0 = Debug|x64
		{7690C75F-0BEF-435D-BA96-F8EF5DDE6C05}.Debug|x86.ActiveCfg = Debug|Win32
		{7690C75F-0BEF-435D-BA96-F8EF5DDE6C05}.Debug|x86.Build.0 = Debug|Win32
		{7690C75F-0BEF-435D-BA96-F8EF5DDE6C05}.Release|x64.ActiveCfg = Release|x64
		{7690C75F-0BEF-435D-BA96-F8EF5DDE6C05}.Release|x64.Build.0 = Release|x64
		{7690C75F-0BEF-435D-BA96-F8EF5DDE6C05}.Release|x86.ActiveCfg = Release|Win32
		{7690C75F-0BEF-435D-BA96-F8EF5DDE6C05}.Release|x86.Build.0 = Release|Win32
		{E1491141-6D79-4E12-8539-39D144F0A24C}.Debug|x64.ActiveCfg = Debug|x64
		{E1491141-6D79-4E12-8539-39D144F0A24C}.Debug|x64.Build.0 = Debug|x64
		{E1491141-6D79-4E12-8539-39D144F0A24C}.Debug|x86.ActiveCfg = Debug|Win32
		{E1491141-6D79-4E12-8539-39D144F0A24C}.Debug|x86.Build.0 = Debug|Win32
		{E1491141-6D79-4E12-8539-39D144F0A24C}.Release|x64.ActiveCfg = Release|x64
		{E1491141-6D79-4E12-8539-39D144F0A24C}.Release|x64.Build.0 = Release|x64
		{E1491141-6D79-4E12-8539-39D144F0A24C}.Release|x86.ActiveCfg = Release|Win32
		{E1491141-6D79-4E12-8539-39D144F0A24C}.Release|x86.Build.0 = Release|Win32
		{E682E26A-84B5-4AD2-9EBE-D88A1D21A11E}.Debug|x64.ActiveCfg = Debug|x64
		{E682E26A-84B5-4AD2-9EBE-D88A1D21A11E}.Debug|x64.Build.0 = Debug|x64
		{E682E26A-84B5-4AD2-9EBE-D88A1D21A11E}.Debug|x86.ActiveCfg = Debug|Win32
		{E682E26A-84B5-4AD2-9EBE-D88A1D21A11E}.Debug|x86.Build.0 = Debug|Win32
		{E682E26A-84B5-4AD2-9EBE-D88A1D21A11E}.Release|x64.ActiveCfg = Release|x64
		{E682E26A-84B5-4AD2-9EBE-D88A1D21A11E}.Release|x64.Build.0 = Release|x64
		{E682E26A-84B5-4AD2-9EBE-D88A1D21A11E}.Release|x86.ActiveCfg = Release|Win32
		{E682E26A-84B5-4AD2-9EBE-D88A1D21A11E}.Release|x86.Build.0 = Release|Win32
		{3B8141E3-3055-458E-A86A-4CB6D0F9FA96}.Debug|x64.ActiveCfg = Debug|x64
		{3B8141E3-3055-458E-A86A-4CB6D0F9FA96}.Debug|x64.Build.0 = Debug|x64
		{3B8141E3-3055-458E-A86A-4CB6D0F9FA96}.Debug|x86.ActiveCfg = Debug|Win32
		{3B8141E3-3055-458E-A86A-4CB6D0F9FA96}.Debug|x86.Build.0 = Debug|Win32
		{3B8141E3-3055-458E-A86A-4CB6D0F9FA96}.Release|x64.ActiveCfg = Release|x64
		{3B8141E3-3055-458E-A86A-4CB6D0F9FA96}.Release|x64.Build.0 = Release|x64
		{3B8141E3-3055-458E-A86A-4CB6D0F9FA96}.Release|x86.ActiveCfg = Release|Win32
		{3B8141E3-3055-458E-A86A-4CB6D0F9FA96}.Release|x86.Build.0 = Release|Win32
		{1DAA81A1-BD7F-45C2-93D1-1DC1F2EA86FC}.Debug|x64.ActiveCfg = Debug|x64
		{1DAA81A1-BD7F-45C2-93D1-1DC1F2EA86FC}.Debug|x64.Build.0 = Debug|x64
		{1DAA81A1-BD7F-45C2-93D1-1DC1F2EA86FC}.Debug|x86.ActiveCfg = Debug|Win32
		{1DAA81A1-BD7F-45C2-93D1-1DC1F2EA86FC}.Debug|x86.Build.0 = Debug|Win32
		{1DAA81A1-BD7F-45C2-93D1-1DC1F2EA86FC}.Release|x64.ActiveCfg = Release|x64
		{1DAA81A1-BD7F-45C2-93D1-1DC1F2EA86FC}.Release|x64.Build.0 = Release|x64
		{1DAA81A1-BD7F-45C2-93D1-1DC1F2EA86FC}.Release|x86.ActiveCfg = Release|Win32
		{1DAA81A1-BD7F-45C2-93D1-1DC1F2EA86FC}.Release|x86.Build.0 = Release|Win32
		{61417CD0-0911-4139-8CE9-62BD1431EEE9}.Debug|x64.ActiveCfg = Debug|x64
		{61417CD0-0911-4139-8CE9-62BD1431EEE9}.Debug|x64.Build.0 = Debug|x64
		{61417CD0-0911-4139-8CE9-62BD1431EEE9}.Debug|x86.ActiveCfg = Debug|Win32
		{61417CD0-0911-4139-8CE9-62BD1431EEE9}.Debug|x86.Build.0 = Debug|Win32
		{61417CD0-0911-4139-8CE9-62BD1431EEE9}.Release|x64.ActiveCfg = Release|x64
		{61417CD0-0911-4139-8CE9-62BD1431EEE9}.Release|x64.Build.0 = Release|x64
		{61417CD0-0911-4139-8CE9-62BD1431EEE9}.Release|x86.ActiveCfg = Release|Win32
		{61417CD0-0911-4139-8CE9-62BD1431EEE9}.Release|x86.Build.0 = Release|Win32
		{E5DD11C9-B2DA-4B8F-B9C8-379E682E8186}.Debug|x64.ActiveCfg = Debug|x64
		{E5DD11C9-B2DA-4B8F-B9C8-379E682E8186}.Debug|x64.Build.0 = Debug|x64
		{E5DD11C9-B2DA-4B8F-B9C8-379E682E8186}.Debug|x86.ActiveCfg = Debug|Win32
		{E5DD11C9-B2DA-4B8F-B9C8-379E682E8186}.Debug|x86.Build.0 = Debug|Win32
		{E5DD11C9-B2DA-4B8F-B9C8-379E682E8186}.Release|x64.ActiveCfg = Release|x64
		{E5DD11C9-B2DA-4B8F-B9C8-379E682E8186}.Release|x64.Build.0 = Release|x64
		{E5DD11C9-B2DA-4B8F-B9C8-379E682E8186}.Release|x86.ActiveCfg = Release|Win32
		{E5DD11C9-B2DA-4B8F-B9C8-379E682E8186}.Release|x86.Build.0 = Release|Win32
		{BFE08A36-5BF6-4202-9DE0-DB2F809AB3EB}.Debug|x64.ActiveCfg = Debug|x64
		{BFE08A36-5BF6-4202-9DE0-DB2F809AB3EB}.Debug|x64.Build.0 = Debug|x64
		{BFE08A36-5BF6-4202-9DE0-DB2F809AB3EB}.Debug|x86.ActiveCfg = Debug|Win32
		{BFE08A36-5BF6-4202-9DE0-DB2F809AB3EB}.Debug|x86.Build.0 = Debug|Win32
		{BFE08A36-5BF6-4202-9DE0-DB2F809AB3EB}.Release|x64.ActiveCfg = Release|x64
		{BFE08A36-5BF6-4202-9DE0-DB2F809AB3EB}.Release|x64.Build.0 = Release|x64
		{BFE08A36-5BF6-4202-9DE0-DB2F809AB3EB}.Release|x86.ActiveCfg = Release|Win32
		{BFE08A36-5BF6-4202-9DE0-DB2F809AB3EB}.Release|x86.Build.0 = Release|Win32
	EndGlobalSection
	GlobalSection(SolutionProperties) = preSolution
		HideSolutionNode = FALSE
	EndGlobalSection
	GlobalSection(NestedProjects) = preSolution
		{0E70E121-C7CD-4C77-9FAA-24A35604E691} = {0953A63E-3C9D-4F9A-8336-84DD9A058FEB}
		{C696D4D5-14FD-4567-AB1E-E12C3B4DFD02} = {0953A63E-3C9D-4F9A-8336-84DD9A058FEB}
		{AD0E0088-E114-42FA-B738-9B2C73C5E6D3} = {0953A63E-3C9D-4F9A-8336-84DD9A058FEB}
		{BB51EEE3-C259-4C1C-B0D4-67A907D32E69} = {0953A63E-3C9D-4F9A-8336-84DD9A058FEB}
		{CC195E16-21AD-4707-8B86-A56B665028F5} = {0953A63E-3C9D-4F9A-8336-84DD9A058FEB}
		{6394B043-4D73-40E5-83A8-AE5B32B16234} = {0953A63E-3C9D-4F9A-8336-84DD9A058FEB}
		{C37F1171-0A60-45C5-8339-6CD65A873636} = {0953A63E-3C9D-4F9A-8336-84DD9A058FEB}
		{DFCB95FB-582D-4436-B9CE-6620D4CEEB65} = {8B57516A-5E03-4242-8B74-AB56439DE6DD}
		{E9444E28-E5E3-4B0B-BC5F-6C1EDD6DDB8A} = {8B57516A-5E03-4242-8B74-AB56439DE6DD}
		{EE463860-5DDB-496F-BE3A-3E596E02A037} = {8B57516A-5E03-4242-8B74-AB56439DE6DD}
		{CBD0C0DF-EEAE-4AA5-A984-9FF6A0D2B932} = {8B57516A-5E03-4242-8B74-AB56439DE6DD}
		{0F63760A-9779-4715-B99A-038ABFE4D05D} = {8B57516A-5E03-4242-8B74-AB56439DE6DD}
		{7690C75F-0BEF-435D-BA96-F8EF5DDE6C05} = {E41D147D-3F98-4D6D-BB1A-C2B540106861}
		{E1491141-6D79-4E12-8539-39D144F0A24C} = {8B57516A-5E03-4242-8B74-AB56439DE6DD}
		{E682E26A-84B5-4AD2-9EBE-D88A1D21A11E} = {0953A63E-3C9D-4F9A-8336-84DD9A058FEB}
		{3B8141E3-3055-458E-A86A-4CB6D0F9FA96} = {8B57516A-5E03-4242-8B74-AB56439DE6DD}
		{1DAA81A1-BD7F-45C2-93D1-1DC1F2EA86FC} = {8B57516A-5E03-4242-8B74-AB56439DE6DD}
		{61417CD0-0911-4139-8CE9-62BD1431EEE9} = {0953A63E-3C9D-4F9A-8336-84DD9A058FEB}
		{E5DD11C9-B2DA-4B8F-B9C8-379E682E8186} = {8B57516A-5E03-4242-8B74-AB56439DE6DD}
		{BFE08A36-5BF6-4202-9DE0-DB2F809AB3EB} = {0953A63E-3C9D-4F9A-8336-84DD9A058FEB}
	EndGlobalSection
	GlobalSection(ExtensibilityGlobals) = postSolution
		SolutionGuid = {D61883C9-825A-430B-A175-A1CBEB28EED6}
	EndGlobalSection
EndGlobal
