
Microsoft Visual Studio Solution File, Format Version 12.00
# Visual Studio Version 17
VisualStudioVersion = 17.6.33717.318
MinimumVisualStudioVersion = 10.0.40219.1
Project("{8BC9CEB8-8B4A-11D0-8D11-00A0C91BC942}") = "2309", "2309\2309.vcxproj", "{F3AE6527-F2D3-49C0-9C04-F4BBBEF5CEE3}"
EndProject
Project("{8BC9CEB8-8B4A-11D0-8D11-00A0C91BC942}") = "4179", "4179\4179.vcxproj", "{C26CF474-5FA5-4D7F-A560-BE2F9A5C6A8B}"
EndProject
Project("{8BC9CEB8-8B4A-11D0-8D11-00A0C91BC942}") = "16928", "16928\16928.vcxproj", "{6B3264A4-508D-4A2D-9AF9-72826271FF53}"
EndProject
Project("{8BC9CEB8-8B4A-11D0-8D11-00A0C91BC942}") = "14500", "14500\14500.vcxproj", "{F493A49D-6092-4792-B7B3-F46D24CA7EBB}"
EndProject
Project("{8BC9CEB8-8B4A-11D0-8D11-00A0C91BC942}") = "10815", "10815\10815.vcxproj", "{C326B34E-5E25-47ED-A901-CF34928FCACE}"
EndProject
Project("{8BC9CEB8-8B4A-11D0-8D11-00A0C91BC942}") = "1912", "1912\1912.vcxproj", "{1BCB855C-467D-4A9A-8A39-1B6B362A8A67}"
EndProject
Project("{8BC9CEB8-8B4A-11D0-8D11-00A0C91BC942}") = "6064", "6064\6064.vcxproj", "{EC2E0789-8463-4433-A2B2-A91F98568F57}"
EndProject
Project("{8BC9CEB8-8B4A-11D0-8D11-00A0C91BC942}") = "9019", "9019\9019.vcxproj", "{1629FC15-48A3-4E44-9638-E2EAD61B8525}"
EndProject
Project("{8BC9CEB8-8B4A-11D0-8D11-00A0C91BC942}") = "1967", "1967\1967.vcxproj", "{8EA4C4B5-6E39-44F0-A18B-DC0CCF28A731}"
EndProject
Project("{8BC9CEB8-8B4A-11D0-8D11-00A0C91BC942}") = "1753", "1753\1753.vcxproj", "{001143E4-F10D-4278-9586-DEB3D2793436}"
EndProject
Global
	GlobalSection(SolutionConfigurationPlatforms) = preSolution
		Debug|x64 = Debug|x64
		Debug|x86 = Debug|x86
		Release|x64 = Release|x64
		Release|x86 = Release|x86
	EndGlobalSection
	GlobalSection(ProjectConfigurationPlatforms) = postSolution
		{F3AE6527-F2D3-49C0-9C04-F4BBBEF5CEE3}.Debug|x64.ActiveCfg = Debug|x64
		{F3AE6527-F2D3-49C0-9C04-F4BBBEF5CEE3}.Debug|x64.Build.0 = Debug|x64
		{F3AE6527-F2D3-49C0-9C04-F4BBBEF5CEE3}.Debug|x86.ActiveCfg = Debug|Win32
		{F3AE6527-F2D3-49C0-9C04-F4BBBEF5CEE3}.Debug|x86.Build.0 = Debug|Win32
		{F3AE6527-F2D3-49C0-9C04-F4BBBEF5CEE3}.Release|x64.ActiveCfg = Release|x64
		{F3AE6527-F2D3-49C0-9C04-F4BBBEF5CEE3}.Release|x64.Build.0 = Release|x64
		{F3AE6527-F2D3-49C0-9C04-F4BBBEF5CEE3}.Release|x86.ActiveCfg = Release|Win32
		{F3AE6527-F2D3-49C0-9C04-F4BBBEF5CEE3}.Release|x86.Build.0 = Release|Win32
		{C26CF474-5FA5-4D7F-A560-BE2F9A5C6A8B}.Debug|x64.ActiveCfg = Debug|x64
		{C26CF474-5FA5-4D7F-A560-BE2F9A5C6A8B}.Debug|x64.Build.0 = Debug|x64
		{C26CF474-5FA5-4D7F-A560-BE2F9A5C6A8B}.Debug|x86.ActiveCfg = Debug|Win32
		{C26CF474-5FA5-4D7F-A560-BE2F9A5C6A8B}.Debug|x86.Build.0 = Debug|Win32
		{C26CF474-5FA5-4D7F-A560-BE2F9A5C6A8B}.Release|x64.ActiveCfg = Release|x64
		{C26CF474-5FA5-4D7F-A560-BE2F9A5C6A8B}.Release|x64.Build.0 = Release|x64
		{C26CF474-5FA5-4D7F-A560-BE2F9A5C6A8B}.Release|x86.ActiveCfg = Release|Win32
		{C26CF474-5FA5-4D7F-A560-BE2F9A5C6A8B}.Release|x86.Build.0 = Release|Win32
		{6B3264A4-508D-4A2D-9AF9-72826271FF53}.Debug|x64.ActiveCfg = Debug|x64
		{6B3264A4-508D-4A2D-9AF9-72826271FF53}.Debug|x64.Build.0 = Debug|x64
		{6B3264A4-508D-4A2D-9AF9-72826271FF53}.Debug|x86.ActiveCfg = Debug|Win32
		{6B3264A4-508D-4A2D-9AF9-72826271FF53}.Debug|x86.Build.0 = Debug|Win32
		{6B3264A4-508D-4A2D-9AF9-72826271FF53}.Release|x64.ActiveCfg = Release|x64
		{6B3264A4-508D-4A2D-9AF9-72826271FF53}.Release|x64.Build.0 = Release|x64
		{6B3264A4-508D-4A2D-9AF9-72826271FF53}.Release|x86.ActiveCfg = Release|Win32
		{6B3264A4-508D-4A2D-9AF9-72826271FF53}.Release|x86.Build.0 = Release|Win32
		{F493A49D-6092-4792-B7B3-F46D24CA7EBB}.Debug|x64.ActiveCfg = Debug|x64
		{F493A49D-6092-4792-B7B3-F46D24CA7EBB}.Debug|x64.Build.0 = Debug|x64
		{F493A49D-6092-4792-B7B3-F46D24CA7EBB}.Debug|x86.ActiveCfg = Debug|Win32
		{F493A49D-6092-4792-B7B3-F46D24CA7EBB}.Debug|x86.Build.0 = Debug|Win32
		{F493A49D-6092-4792-B7B3-F46D24CA7EBB}.Release|x64.ActiveCfg = Release|x64
		{F493A49D-6092-4792-B7B3-F46D24CA7EBB}.Release|x64.Build.0 = Release|x64
		{F493A49D-6092-4792-B7B3-F46D24CA7EBB}.Release|x86.ActiveCfg = Release|Win32
		{F493A49D-6092-4792-B7B3-F46D24CA7EBB}.Release|x86.Build.0 = Release|Win32
		{C326B34E-5E25-47ED-A901-CF34928FCACE}.Debug|x64.ActiveCfg = Debug|x64
		{C326B34E-5E25-47ED-A901-CF34928FCACE}.Debug|x64.Build.0 = Debug|x64
		{C326B34E-5E25-47ED-A901-CF34928FCACE}.Debug|x86.ActiveCfg = Debug|Win32
		{C326B34E-5E25-47ED-A901-CF34928FCACE}.Debug|x86.Build.0 = Debug|Win32
		{C326B34E-5E25-47ED-A901-CF34928FCACE}.Release|x64.ActiveCfg = Release|x64
		{C326B34E-5E25-47ED-A901-CF34928FCACE}.Release|x64.Build.0 = Release|x64
		{C326B34E-5E25-47ED-A901-CF34928FCACE}.Release|x86.ActiveCfg = Release|Win32
		{C326B34E-5E25-47ED-A901-CF34928FCACE}.Release|x86.Build.0 = Release|Win32
		{1BCB855C-467D-4A9A-8A39-1B6B362A8A67}.Debug|x64.ActiveCfg = Debug|x64
		{1BCB855C-467D-4A9A-8A39-1B6B362A8A67}.Debug|x64.Build.0 = Debug|x64
		{1BCB855C-467D-4A9A-8A39-1B6B362A8A67}.Debug|x86.ActiveCfg = Debug|Win32
		{1BCB855C-467D-4A9A-8A39-1B6B362A8A67}.Debug|x86.Build.0 = Debug|Win32
		{1BCB855C-467D-4A9A-8A39-1B6B362A8A67}.Release|x64.ActiveCfg = Release|x64
		{1BCB855C-467D-4A9A-8A39-1B6B362A8A67}.Release|x64.Build.0 = Release|x64
		{1BCB855C-467D-4A9A-8A39-1B6B362A8A67}.Release|x86.ActiveCfg = Release|Win32
		{1BCB855C-467D-4A9A-8A39-1B6B362A8A67}.Release|x86.Build.0 = Release|Win32
		{EC2E0789-8463-4433-A2B2-A91F98568F57}.Debug|x64.ActiveCfg = Debug|x64
		{EC2E0789-8463-4433-A2B2-A91F98568F57}.Debug|x64.Build.0 = Debug|x64
		{EC2E0789-8463-4433-A2B2-A91F98568F57}.Debug|x86.ActiveCfg = Debug|Win32
		{EC2E0789-8463-4433-A2B2-A91F98568F57}.Debug|x86.Build.0 = Debug|Win32
		{EC2E0789-8463-4433-A2B2-A91F98568F57}.Release|x64.ActiveCfg = Release|x64
		{EC2E0789-8463-4433-A2B2-A91F98568F57}.Release|x64.Build.0 = Release|x64
		{EC2E0789-8463-4433-A2B2-A91F98568F57}.Release|x86.ActiveCfg = Release|Win32
		{EC2E0789-8463-4433-A2B2-A91F98568F57}.Release|x86.Build.0 = Release|Win32
		{1629FC15-48A3-4E44-9638-E2EAD61B8525}.Debug|x64.ActiveCfg = Debug|x64
		{1629FC15-48A3-4E44-9638-E2EAD61B8525}.Debug|x64.Build.0 = Debug|x64
		{1629FC15-48A3-4E44-9638-E2EAD61B8525}.Debug|x86.ActiveCfg = Debug|Win32
		{1629FC15-48A3-4E44-9638-E2EAD61B8525}.Debug|x86.Build.0 = Debug|Win32
		{1629FC15-48A3-4E44-9638-E2EAD61B8525}.Release|x64.ActiveCfg = Release|x64
		{1629FC15-48A3-4E44-9638-E2EAD61B8525}.Release|x64.Build.0 = Release|x64
		{1629FC15-48A3-4E44-9638-E2EAD61B8525}.Release|x86.ActiveCfg = Release|Win32
		{1629FC15-48A3-4E44-9638-E2EAD61B8525}.Release|x86.Build.0 = Release|Win32
		{8EA4C4B5-6E39-44F0-A18B-DC0CCF28A731}.Debug|x64.ActiveCfg = Debug|x64
		{8EA4C4B5-6E39-44F0-A18B-DC0CCF28A731}.Debug|x64.Build.0 = Debug|x64
		{8EA4C4B5-6E39-44F0-A18B-DC0CCF28A731}.Debug|x86.ActiveCfg = Debug|Win32
		{8EA4C4B5-6E39-44F0-A18B-DC0CCF28A731}.Debug|x86.Build.0 = Debug|Win32
		{8EA4C4B5-6E39-44F0-A18B-DC0CCF28A731}.Release|x64.ActiveCfg = Release|x64
		{8EA4C4B5-6E39-44F0-A18B-DC0CCF28A731}.Release|x64.Build.0 = Release|x64
		{8EA4C4B5-6E39-44F0-A18B-DC0CCF28A731}.Release|x86.ActiveCfg = Release|Win32
		{8EA4C4B5-6E39-44F0-A18B-DC0CCF28A731}.Release|x86.Build.0 = Release|Win32
		{001143E4-F10D-4278-9586-DEB3D2793436}.Debug|x64.ActiveCfg = Debug|x64
		{001143E4-F10D-4278-9586-DEB3D2793436}.Debug|x64.Build.0 = Debug|x64
		{001143E4-F10D-4278-9586-DEB3D2793436}.Debug|x86.ActiveCfg = Debug|Win32
		{001143E4-F10D-4278-9586-DEB3D2793436}.Debug|x86.Build.0 = Debug|Win32
		{001143E4-F10D-4278-9586-DEB3D2793436}.Release|x64.ActiveCfg = Release|x64
		{001143E4-F10D-4278-9586-DEB3D2793436}.Release|x64.Build.0 = Release|x64
		{001143E4-F10D-4278-9586-DEB3D2793436}.Release|x86.ActiveCfg = Release|Win32
		{001143E4-F10D-4278-9586-DEB3D2793436}.Release|x86.Build.0 = Release|Win32
	EndGlobalSection
	GlobalSection(SolutionProperties) = preSolution
		HideSolutionNode = FALSE
	EndGlobalSection
	GlobalSection(ExtensibilityGlobals) = postSolution
		SolutionGuid = {BE5A0A2B-D457-449D-BF01-27F2FFAC811C}
	EndGlobalSection
EndGlobal
