
Microsoft Visual Studio Solution File, Format Version 12.00
# Visual Studio Version 17
VisualStudioVersion = 17.6.33717.318
MinimumVisualStudioVersion = 10.0.40219.1
Project("{8BC9CEB8-8B4A-11D0-8D11-00A0C91BC942}") = "2309", "2309\2309.vcxproj", "{F3AE6527-F2D3-49C0-9C04-F4BBBEF5CEE3}"
EndProject
Project("{8BC9CEB8-8B4A-11D0-8D11-00A0C91BC942}") = "4179", "4179\4179.vcxproj", "{C26CF474-5FA5-4D7F-A560-BE2F9A5C6A8B}"
EndProject
Project("{8BC9CEB8-8B4A-11D0-8D11-00A0C91BC942}") = "16928", "16928\16928.vcxproj", "{6B3264A4-508D-4A2D-9AF9-72826271FF53}"
EndProject
Project("{8BC9CEB8-8B4A-11D0-8D11-00A0C91BC942}") = "14500", "14500\14500.vcxproj", "{F493A49D-6092-4792-B7B3-F46D24CA7EBB}"
EndProject
Project("{8BC9CEB8-8B4A-11D0-8D11-00A0C91BC942}") = "10815", "10815\10815.vcxproj", "{C326B34E-5E25-47ED-A901-CF34928FCACE}"
EndProject
Project("{8BC9CEB8-8B4A-11D0-8D11-00A0C91BC942}") = "1912", "1912\1912.vcxproj", "{1BCB855C-467D-4A9A-8A39-1B6B362A8A67}"
EndProject
Project("{8BC9CEB8-8B4A-11D0-8D11-00A0C91BC942}") = "6064", "6064\6064.vcxproj", "{EC2E0789-8463-4433-A2B2-A91F98568F57}"
EndProject
Project("{8BC9CEB8-8B4A-11D0-8D11-00A0C91BC942}") = "9019", "9019\9019.vcxproj", "{1629FC15-48A3-4E44-9638-E2EAD61B8525}"
EndProject
Project("{8BC9CEB8-8B4A-11D0-8D11-00A0C91BC942}") = "1967", "1967\1967.vcxproj", "{8EA4C4B5-6E39-44F0-A18B-DC0CCF28A731}"
EndProject
Project("{8BC9CEB8-8B4A-11D0-8D11-00A0C91BC942}") = "1753", "1753\1753.vcxproj", "{001143E4-F10D-4278-9586-DEB3D2793436}"
EndProject
Project("{8BC9CEB8-8B4A-11D0-8D11-00A0C91BC942}") = "13460", "13460\13460.vcxproj", "{49D631C5-5094-47F8-B246-9CEEB2951704}"
EndProject
Project("{8BC9CEB8-8B4A-11D0-8D11-00A0C91BC942}") = "class2", "class2\class2.vcxproj", "{FB5F767E-3B6D-4A8A-9805-AAEC94707BF3}"
EndProject
Project("{8BC9CEB8-8B4A-11D0-8D11-00A0C91BC942}") = "class3", "class3\class3.vcxproj", "{42F39162-4402-4A89-A204-68EC27445304}"
EndProject
Project("{8BC9CEB8-8B4A-11D0-8D11-00A0C91BC942}") = "2531", "2531\2531.vcxproj", "{53FB7EC3-CAC9-4EF1-B595-1D7FF66F5D1D}"
EndProject
Project("{8BC9CEB8-8B4A-11D0-8D11-00A0C91BC942}") = "2563", "2563\2563.vcxproj", "{6623393E-6A43-46F6-866E-944AD7635356}"
EndProject
Project("{8BC9CEB8-8B4A-11D0-8D11-00A0C91BC942}") = "2667", "2667\2667.vcxproj", "{A064A795-83BA-408A-BB02-31F32BD7CFA5}"
EndProject
Project("{8BC9CEB8-8B4A-11D0-8D11-00A0C91BC942}") = "1406", "1406\1406.vcxproj", "{2D440795-EF43-4400-8729-759123E40C46}"
EndProject
Project("{8BC9CEB8-8B4A-11D0-8D11-00A0C91BC942}") = "7576", "7576\7576.vcxproj", "{65605E39-A173-41BD-A72A-A4E09ECEBED0}"
EndProject
Project("{8BC9CEB8-8B4A-11D0-8D11-00A0C91BC942}") = "test", "test\test.vcxproj", "{D97F3837-9209-483E-9B15-73E1073886C0}"
EndProject
Project("{8BC9CEB8-8B4A-11D0-8D11-00A0C91BC942}") = "1916", "1916\1916.vcxproj", "{98C10887-3656-4FB2-B138-565DA98C518A}"
EndProject
Project("{8BC9CEB8-8B4A-11D0-8D11-00A0C91BC942}") = "1715", "1715\1715.vcxproj", "{F488E101-0E83-497F-9AEC-7162EFCFDC85}"
EndProject
Project("{8BC9CEB8-8B4A-11D0-8D11-00A0C91BC942}") = "1655", "1655\1655.vcxproj", "{81D08CEB-D31B-427F-AEB5-2C61F610638A}"
EndProject
Project("{8BC9CEB8-8B4A-11D0-8D11-00A0C91BC942}") = "1181", "1181\1181.vcxproj", "{1C19477B-0527-4A23-A7DD-C803A4030399}"
EndProject
Project("{8BC9CEB8-8B4A-11D0-8D11-00A0C91BC942}") = "1806", "1806\1806.vcxproj", "{74E58EDD-F5EF-44CF-8795-CC309E23C3FF}"
EndProject
Project("{8BC9CEB8-8B4A-11D0-8D11-00A0C91BC942}") = "2567", "2567\2567.vcxproj", "{A8F1E215-15FA-4152-AF05-29F56F82AC94}"
EndProject
Project("{8BC9CEB8-8B4A-11D0-8D11-00A0C91BC942}") = "2156", "2156\2156.vcxproj", "{E4DC158B-F62B-416A-97FC-E33A91261997}"
EndProject
Project("{8BC9CEB8-8B4A-11D0-8D11-00A0C91BC942}") = "16236", "16236\16236.vcxproj", "{07254A63-A8F5-4F21-81EC-0EAF8190F1A9}"
EndProject
Project("{8BC9CEB8-8B4A-11D0-8D11-00A0C91BC942}") = "1043", "1043\1043.vcxproj", "{5D77933C-1982-48A3-8EB2-680862CB344B}"
EndProject
Project("{8BC9CEB8-8B4A-11D0-8D11-00A0C91BC942}") = "1504", "1504\1504.vcxproj", "{211E1DCC-1F52-400A-845F-CAFE431DCD26}"
EndProject
Project("{8BC9CEB8-8B4A-11D0-8D11-00A0C91BC942}") = "10845", "10845\10845.vcxproj", "{FAE668D7-265C-421F-94A5-D961631DD5E5}"
EndProject
Project("{8BC9CEB8-8B4A-11D0-8D11-00A0C91BC942}") = "2293", "2293\2293.vcxproj", "{9C8036C9-CB8F-4975-ADD3-55AC62B4DC66}"
EndProject
Project("{8BC9CEB8-8B4A-11D0-8D11-00A0C91BC942}") = "31403", "31403\31403.vcxproj", "{4D39B107-D12E-4E32-9B13-4DD541E8CDCD}"
EndProject
Project("{8BC9CEB8-8B4A-11D0-8D11-00A0C91BC942}") = "14888", "14888\14888.vcxproj", "{D0177157-643D-471E-973C-7692A838D9EA}"
EndProject
Project("{8BC9CEB8-8B4A-11D0-8D11-00A0C91BC942}") = "1182", "1182\1182.vcxproj", "{CDD97215-D0A9-4854-8F38-7FDA133C2A97}"
EndProject
Project("{8BC9CEB8-8B4A-11D0-8D11-00A0C91BC942}") = "1976", "1976\1976.vcxproj", "{86A3A3B7-F712-4793-A19C-FAD99F08E921}"
EndProject
Project("{8BC9CEB8-8B4A-11D0-8D11-00A0C91BC942}") = "14501", "14501\14501.vcxproj", "{8B17D96B-B7CE-477E-BF70-73C4A614E108}"
EndProject
Project("{8BC9CEB8-8B4A-11D0-8D11-00A0C91BC942}") = "2193", "2193\2193.vcxproj", "{BB4B7152-C4CE-4BD7-87D7-EFEF7397C39A}"
EndProject
Project("{8BC9CEB8-8B4A-11D0-8D11-00A0C91BC942}") = "23288", "23288\23288.vcxproj", "{B8B0B99B-E243-44AC-8760-0B35AC7C1246}"
EndProject
Project("{8BC9CEB8-8B4A-11D0-8D11-00A0C91BC942}") = "16235", "16235\16235.vcxproj", "{E30AD4AA-CDC4-4856-837E-2253023FC103}"
EndProject
Project("{8BC9CEB8-8B4A-11D0-8D11-00A0C91BC942}") = "20366", "20366\20366.vcxproj", "{56342EA6-DA2B-4B42-8262-D00C73CE093E}"
EndProject
Project("{8BC9CEB8-8B4A-11D0-8D11-00A0C91BC942}") = "1939", "1939\1939.vcxproj", "{6F2A48EE-582E-442C-96A9-05CE17633F98}"
EndProject
Project("{8BC9CEB8-8B4A-11D0-8D11-00A0C91BC942}") = "14503", "14503\14503.vcxproj", "{7C28BE1D-54DE-4D64-A58C-68ACFA5A96F6}"
EndProject
Project("{8BC9CEB8-8B4A-11D0-8D11-00A0C91BC942}") = "1911", "1911\1911.vcxproj", "{EEE9BE22-DE74-44C2-89C1-7C2DC79FCEBC}"
EndProject
Project("{8BC9CEB8-8B4A-11D0-8D11-00A0C91BC942}") = "15685", "15685\15685.vcxproj", "{A29A1D1D-4B51-43A8-95BC-33309511125E}"
EndProject
Project("{8BC9CEB8-8B4A-11D0-8D11-00A0C91BC942}") = "3190", "3190\3190.vcxproj", "{2BFFC9AC-A96B-4DF4-B1CF-A36B319DBECA}"
EndProject
Project("{8BC9CEB8-8B4A-11D0-8D11-00A0C91BC942}") = "17498", "17498\17498.vcxproj", "{44AF2723-5A69-49B3-A8BE-DA1A07B30211}"
EndProject
Project("{8BC9CEB8-8B4A-11D0-8D11-00A0C91BC942}") = "7682", "7682\7682.vcxproj", "{190068DD-AB92-4375-9F8E-A5BA958E316A}"
EndProject
Project("{8BC9CEB8-8B4A-11D0-8D11-00A0C91BC942}") = "1026", "1026\1026.vcxproj", "{9B954D84-37F6-4E09-91CA-C15399A2BF13}"
EndProject
Project("{8BC9CEB8-8B4A-11D0-8D11-00A0C91BC942}") = "1946", "1946\1946.vcxproj", "{D17A2089-81BE-4E36-B4A8-4BBD3BFF29A3}"
EndProject
Project("{8BC9CEB8-8B4A-11D0-8D11-00A0C91BC942}") = "2146", "2146\2146.vcxproj", "{FAE15E4A-57DA-40E8-B5D6-8CECE0B81AA5}"
EndProject
Project("{8BC9CEB8-8B4A-11D0-8D11-00A0C91BC942}") = "나무 박멸", "나무 박멸\나무 박멸.vcxproj", "{FE209F31-3601-4EB5-8B4E-6E7122DD5E91}"
EndProject
Project("{8BC9CEB8-8B4A-11D0-8D11-00A0C91BC942}") = "1520", "1520\1520.vcxproj", "{FC862E8A-0E15-4628-9D93-3C68F92EB833}"
EndProject
Project("{8BC9CEB8-8B4A-11D0-8D11-00A0C91BC942}") = "2623", "2623\2623.vcxproj", "{6637D381-95CF-4952-AA21-FB47814EC89C}"
EndProject
Global
	GlobalSection(SolutionConfigurationPlatforms) = preSolution
		Debug|x64 = Debug|x64
		Debug|x86 = Debug|x86
		Release|x64 = Release|x64
		Release|x86 = Release|x86
	EndGlobalSection
	GlobalSection(ProjectConfigurationPlatforms) = postSolution
		{F3AE6527-F2D3-49C0-9C04-F4BBBEF5CEE3}.Debug|x64.ActiveCfg = Debug|x64
		{F3AE6527-F2D3-49C0-9C04-F4BBBEF5CEE3}.Debug|x64.Build.0 = Debug|x64
		{F3AE6527-F2D3-49C0-9C04-F4BBBEF5CEE3}.Debug|x86.ActiveCfg = Debug|Win32
		{F3AE6527-F2D3-49C0-9C04-F4BBBEF5CEE3}.Debug|x86.Build.0 = Debug|Win32
		{F3AE6527-F2D3-49C0-9C04-F4BBBEF5CEE3}.Release|x64.ActiveCfg = Release|x64
		{F3AE6527-F2D3-49C0-9C04-F4BBBEF5CEE3}.Release|x64.Build.0 = Release|x64
		{F3AE6527-F2D3-49C0-9C04-F4BBBEF5CEE3}.Release|x86.ActiveCfg = Release|Win32
		{F3AE6527-F2D3-49C0-9C04-F4BBBEF5CEE3}.Release|x86.Build.0 = Release|Win32
		{C26CF474-5FA5-4D7F-A560-BE2F9A5C6A8B}.Debug|x64.ActiveCfg = Debug|x64
		{C26CF474-5FA5-4D7F-A560-BE2F9A5C6A8B}.Debug|x64.Build.0 = Debug|x64
		{C26CF474-5FA5-4D7F-A560-BE2F9A5C6A8B}.Debug|x86.ActiveCfg = Debug|Win32
		{C26CF474-5FA5-4D7F-A560-BE2F9A5C6A8B}.Debug|x86.Build.0 = Debug|Win32
		{C26CF474-5FA5-4D7F-A560-BE2F9A5C6A8B}.Release|x64.ActiveCfg = Release|x64
		{C26CF474-5FA5-4D7F-A560-BE2F9A5C6A8B}.Release|x64.Build.0 = Release|x64
		{C26CF474-5FA5-4D7F-A560-BE2F9A5C6A8B}.Release|x86.ActiveCfg = Release|Win32
		{C26CF474-5FA5-4D7F-A560-BE2F9A5C6A8B}.Release|x86.Build.0 = Release|Win32
		{6B3264A4-508D-4A2D-9AF9-72826271FF53}.Debug|x64.ActiveCfg = Debug|x64
		{6B3264A4-508D-4A2D-9AF9-72826271FF53}.Debug|x64.Build.0 = Debug|x64
		{6B3264A4-508D-4A2D-9AF9-72826271FF53}.Debug|x86.ActiveCfg = Debug|Win32
		{6B3264A4-508D-4A2D-9AF9-72826271FF53}.Debug|x86.Build.0 = Debug|Win32
		{6B3264A4-508D-4A2D-9AF9-72826271FF53}.Release|x64.ActiveCfg = Release|x64
		{6B3264A4-508D-4A2D-9AF9-72826271FF53}.Release|x64.Build.0 = Release|x64
		{6B3264A4-508D-4A2D-9AF9-72826271FF53}.Release|x86.ActiveCfg = Release|Win32
		{6B3264A4-508D-4A2D-9AF9-72826271FF53}.Release|x86.Build.0 = Release|Win32
		{F493A49D-6092-4792-B7B3-F46D24CA7EBB}.Debug|x64.ActiveCfg = Debug|x64
		{F493A49D-6092-4792-B7B3-F46D24CA7EBB}.Debug|x64.Build.0 = Debug|x64
		{F493A49D-6092-4792-B7B3-F46D24CA7EBB}.Debug|x86.ActiveCfg = Debug|Win32
		{F493A49D-6092-4792-B7B3-F46D24CA7EBB}.Debug|x86.Build.0 = Debug|Win32
		{F493A49D-6092-4792-B7B3-F46D24CA7EBB}.Release|x64.ActiveCfg = Release|x64
		{F493A49D-6092-4792-B7B3-F46D24CA7EBB}.Release|x64.Build.0 = Release|x64
		{F493A49D-6092-4792-B7B3-F46D24CA7EBB}.Release|x86.ActiveCfg = Release|Win32
		{F493A49D-6092-4792-B7B3-F46D24CA7EBB}.Release|x86.Build.0 = Release|Win32
		{C326B34E-5E25-47ED-A901-CF34928FCACE}.Debug|x64.ActiveCfg = Debug|x64
		{C326B34E-5E25-47ED-A901-CF34928FCACE}.Debug|x64.Build.0 = Debug|x64
		{C326B34E-5E25-47ED-A901-CF34928FCACE}.Debug|x86.ActiveCfg = Debug|Win32
		{C326B34E-5E25-47ED-A901-CF34928FCACE}.Debug|x86.Build.0 = Debug|Win32
		{C326B34E-5E25-47ED-A901-CF34928FCACE}.Release|x64.ActiveCfg = Release|x64
		{C326B34E-5E25-47ED-A901-CF34928FCACE}.Release|x64.Build.0 = Release|x64
		{C326B34E-5E25-47ED-A901-CF34928FCACE}.Release|x86.ActiveCfg = Release|Win32
		{C326B34E-5E25-47ED-A901-CF34928FCACE}.Release|x86.Build.0 = Release|Win32
		{1BCB855C-467D-4A9A-8A39-1B6B362A8A67}.Debug|x64.ActiveCfg = Debug|x64
		{1BCB855C-467D-4A9A-8A39-1B6B362A8A67}.Debug|x64.Build.0 = Debug|x64
		{1BCB855C-467D-4A9A-8A39-1B6B362A8A67}.Debug|x86.ActiveCfg = Debug|Win32
		{1BCB855C-467D-4A9A-8A39-1B6B362A8A67}.Debug|x86.Build.0 = Debug|Win32
		{1BCB855C-467D-4A9A-8A39-1B6B362A8A67}.Release|x64.ActiveCfg = Release|x64
		{1BCB855C-467D-4A9A-8A39-1B6B362A8A67}.Release|x64.Build.0 = Release|x64
		{1BCB855C-467D-4A9A-8A39-1B6B362A8A67}.Release|x86.ActiveCfg = Release|Win32
		{1BCB855C-467D-4A9A-8A39-1B6B362A8A67}.Release|x86.Build.0 = Release|Win32
		{EC2E0789-8463-4433-A2B2-A91F98568F57}.Debug|x64.ActiveCfg = Debug|x64
		{EC2E0789-8463-4433-A2B2-A91F98568F57}.Debug|x64.Build.0 = Debug|x64
		{EC2E0789-8463-4433-A2B2-A91F98568F57}.Debug|x86.ActiveCfg = Debug|Win32
		{EC2E0789-8463-4433-A2B2-A91F98568F57}.Debug|x86.Build.0 = Debug|Win32
		{EC2E0789-8463-4433-A2B2-A91F98568F57}.Release|x64.ActiveCfg = Release|x64
		{EC2E0789-8463-4433-A2B2-A91F98568F57}.Release|x64.Build.0 = Release|x64
		{EC2E0789-8463-4433-A2B2-A91F98568F57}.Release|x86.ActiveCfg = Release|Win32
		{EC2E0789-8463-4433-A2B2-A91F98568F57}.Release|x86.Build.0 = Release|Win32
		{1629FC15-48A3-4E44-9638-E2EAD61B8525}.Debug|x64.ActiveCfg = Debug|x64
		{1629FC15-48A3-4E44-9638-E2EAD61B8525}.Debug|x64.Build.0 = Debug|x64
		{1629FC15-48A3-4E44-9638-E2EAD61B8525}.Debug|x86.ActiveCfg = Debug|Win32
		{1629FC15-48A3-4E44-9638-E2EAD61B8525}.Debug|x86.Build.0 = Debug|Win32
		{1629FC15-48A3-4E44-9638-E2EAD61B8525}.Release|x64.ActiveCfg = Release|x64
		{1629FC15-48A3-4E44-9638-E2EAD61B8525}.Release|x64.Build.0 = Release|x64
		{1629FC15-48A3-4E44-9638-E2EAD61B8525}.Release|x86.ActiveCfg = Release|Win32
		{1629FC15-48A3-4E44-9638-E2EAD61B8525}.Release|x86.Build.0 = Release|Win32
		{8EA4C4B5-6E39-44F0-A18B-DC0CCF28A731}.Debug|x64.ActiveCfg = Debug|x64
		{8EA4C4B5-6E39-44F0-A18B-DC0CCF28A731}.Debug|x64.Build.0 = Debug|x64
		{8EA4C4B5-6E39-44F0-A18B-DC0CCF28A731}.Debug|x86.ActiveCfg = Debug|Win32
		{8EA4C4B5-6E39-44F0-A18B-DC0CCF28A731}.Debug|x86.Build.0 = Debug|Win32
		{8EA4C4B5-6E39-44F0-A18B-DC0CCF28A731}.Release|x64.ActiveCfg = Release|x64
		{8EA4C4B5-6E39-44F0-A18B-DC0CCF28A731}.Release|x64.Build.0 = Release|x64
		{8EA4C4B5-6E39-44F0-A18B-DC0CCF28A731}.Release|x86.ActiveCfg = Release|Win32
		{8EA4C4B5-6E39-44F0-A18B-DC0CCF28A731}.Release|x86.Build.0 = Release|Win32
		{001143E4-F10D-4278-9586-DEB3D2793436}.Debug|x64.ActiveCfg = Debug|x64
		{001143E4-F10D-4278-9586-DEB3D2793436}.Debug|x64.Build.0 = Debug|x64
		{001143E4-F10D-4278-9586-DEB3D2793436}.Debug|x86.ActiveCfg = Debug|Win32
		{001143E4-F10D-4278-9586-DEB3D2793436}.Debug|x86.Build.0 = Debug|Win32
		{001143E4-F10D-4278-9586-DEB3D2793436}.Release|x64.ActiveCfg = Release|x64
		{001143E4-F10D-4278-9586-DEB3D2793436}.Release|x64.Build.0 = Release|x64
		{001143E4-F10D-4278-9586-DEB3D2793436}.Release|x86.ActiveCfg = Release|Win32
		{001143E4-F10D-4278-9586-DEB3D2793436}.Release|x86.Build.0 = Release|Win32
		{49D631C5-5094-47F8-B246-9CEEB2951704}.Debug|x64.ActiveCfg = Debug|x64
		{49D631C5-5094-47F8-B246-9CEEB2951704}.Debug|x64.Build.0 = Debug|x64
		{49D631C5-5094-47F8-B246-9CEEB2951704}.Debug|x86.ActiveCfg = Debug|Win32
		{49D631C5-5094-47F8-B246-9CEEB2951704}.Debug|x86.Build.0 = Debug|Win32
		{49D631C5-5094-47F8-B246-9CEEB2951704}.Release|x64.ActiveCfg = Release|x64
		{49D631C5-5094-47F8-B246-9CEEB2951704}.Release|x64.Build.0 = Release|x64
		{49D631C5-5094-47F8-B246-9CEEB2951704}.Release|x86.ActiveCfg = Release|Win32
		{49D631C5-5094-47F8-B246-9CEEB2951704}.Release|x86.Build.0 = Release|Win32
		{FB5F767E-3B6D-4A8A-9805-AAEC94707BF3}.Debug|x64.ActiveCfg = Debug|x64
		{FB5F767E-3B6D-4A8A-9805-AAEC94707BF3}.Debug|x64.Build.0 = Debug|x64
		{FB5F767E-3B6D-4A8A-9805-AAEC94707BF3}.Debug|x86.ActiveCfg = Debug|Win32
		{FB5F767E-3B6D-4A8A-9805-AAEC94707BF3}.Debug|x86.Build.0 = Debug|Win32
		{FB5F767E-3B6D-4A8A-9805-AAEC94707BF3}.Release|x64.ActiveCfg = Release|x64
		{FB5F767E-3B6D-4A8A-9805-AAEC94707BF3}.Release|x64.Build.0 = Release|x64
		{FB5F767E-3B6D-4A8A-9805-AAEC94707BF3}.Release|x86.ActiveCfg = Release|Win32
		{FB5F767E-3B6D-4A8A-9805-AAEC94707BF3}.Release|x86.Build.0 = Release|Win32
		{42F39162-4402-4A89-A204-68EC27445304}.Debug|x64.ActiveCfg = Debug|x64
		{42F39162-4402-4A89-A204-68EC27445304}.Debug|x64.Build.0 = Debug|x64
		{42F39162-4402-4A89-A204-68EC27445304}.Debug|x86.ActiveCfg = Debug|Win32
		{42F39162-4402-4A89-A204-68EC27445304}.Debug|x86.Build.0 = Debug|Win32
		{42F39162-4402-4A89-A204-68EC27445304}.Release|x64.ActiveCfg = Release|x64
		{42F39162-4402-4A89-A204-68EC27445304}.Release|x64.Build.0 = Release|x64
		{42F39162-4402-4A89-A204-68EC27445304}.Release|x86.ActiveCfg = Release|Win32
		{42F39162-4402-4A89-A204-68EC27445304}.Release|x86.Build.0 = Release|Win32
		{53FB7EC3-CAC9-4EF1-B595-1D7FF66F5D1D}.Debug|x64.ActiveCfg = Debug|x64
		{53FB7EC3-CAC9-4EF1-B595-1D7FF66F5D1D}.Debug|x64.Build.0 = Debug|x64
		{53FB7EC3-CAC9-4EF1-B595-1D7FF66F5D1D}.Debug|x86.ActiveCfg = Debug|Win32
		{53FB7EC3-CAC9-4EF1-B595-1D7FF66F5D1D}.Debug|x86.Build.0 = Debug|Win32
		{53FB7EC3-CAC9-4EF1-B595-1D7FF66F5D1D}.Release|x64.ActiveCfg = Release|x64
		{53FB7EC3-CAC9-4EF1-B595-1D7FF66F5D1D}.Release|x64.Build.0 = Release|x64
		{53FB7EC3-CAC9-4EF1-B595-1D7FF66F5D1D}.Release|x86.ActiveCfg = Release|Win32
		{53FB7EC3-CAC9-4EF1-B595-1D7FF66F5D1D}.Release|x86.Build.0 = Release|Win32
		{6623393E-6A43-46F6-866E-944AD7635356}.Debug|x64.ActiveCfg = Debug|x64
		{6623393E-6A43-46F6-866E-944AD7635356}.Debug|x64.Build.0 = Debug|x64
		{6623393E-6A43-46F6-866E-944AD7635356}.Debug|x86.ActiveCfg = Debug|Win32
		{6623393E-6A43-46F6-866E-944AD7635356}.Debug|x86.Build.0 = Debug|Win32
		{6623393E-6A43-46F6-866E-944AD7635356}.Release|x64.ActiveCfg = Release|x64
		{6623393E-6A43-46F6-866E-944AD7635356}.Release|x64.Build.0 = Release|x64
		{6623393E-6A43-46F6-866E-944AD7635356}.Release|x86.ActiveCfg = Release|Win32
		{6623393E-6A43-46F6-866E-944AD7635356}.Release|x86.Build.0 = Release|Win32
		{A064A795-83BA-408A-BB02-31F32BD7CFA5}.Debug|x64.ActiveCfg = Debug|x64
		{A064A795-83BA-408A-BB02-31F32BD7CFA5}.Debug|x64.Build.0 = Debug|x64
		{A064A795-83BA-408A-BB02-31F32BD7CFA5}.Debug|x86.ActiveCfg = Debug|Win32
		{A064A795-83BA-408A-BB02-31F32BD7CFA5}.Debug|x86.Build.0 = Debug|Win32
		{A064A795-83BA-408A-BB02-31F32BD7CFA5}.Release|x64.ActiveCfg = Release|x64
		{A064A795-83BA-408A-BB02-31F32BD7CFA5}.Release|x64.Build.0 = Release|x64
		{A064A795-83BA-408A-BB02-31F32BD7CFA5}.Release|x86.ActiveCfg = Release|Win32
		{A064A795-83BA-408A-BB02-31F32BD7CFA5}.Release|x86.Build.0 = Release|Win32
		{2D440795-EF43-4400-8729-759123E40C46}.Debug|x64.ActiveCfg = Debug|x64
		{2D440795-EF43-4400-8729-759123E40C46}.Debug|x64.Build.0 = Debug|x64
		{2D440795-EF43-4400-8729-759123E40C46}.Debug|x86.ActiveCfg = Debug|Win32
		{2D440795-EF43-4400-8729-759123E40C46}.Debug|x86.Build.0 = Debug|Win32
		{2D440795-EF43-4400-8729-759123E40C46}.Release|x64.ActiveCfg = Release|x64
		{2D440795-EF43-4400-8729-759123E40C46}.Release|x64.Build.0 = Release|x64
		{2D440795-EF43-4400-8729-759123E40C46}.Release|x86.ActiveCfg = Release|Win32
		{2D440795-EF43-4400-8729-759123E40C46}.Release|x86.Build.0 = Release|Win32
		{65605E39-A173-41BD-A72A-A4E09ECEBED0}.Debug|x64.ActiveCfg = Debug|x64
		{65605E39-A173-41BD-A72A-A4E09ECEBED0}.Debug|x64.Build.0 = Debug|x64
		{65605E39-A173-41BD-A72A-A4E09ECEBED0}.Debug|x86.ActiveCfg = Debug|Win32
		{65605E39-A173-41BD-A72A-A4E09ECEBED0}.Debug|x86.Build.0 = Debug|Win32
		{65605E39-A173-41BD-A72A-A4E09ECEBED0}.Release|x64.ActiveCfg = Release|x64
		{65605E39-A173-41BD-A72A-A4E09ECEBED0}.Release|x64.Build.0 = Release|x64
		{65605E39-A173-41BD-A72A-A4E09ECEBED0}.Release|x86.ActiveCfg = Release|Win32
		{65605E39-A173-41BD-A72A-A4E09ECEBED0}.Release|x86.Build.0 = Release|Win32
		{D97F3837-9209-483E-9B15-73E1073886C0}.Debug|x64.ActiveCfg = Debug|x64
		{D97F3837-9209-483E-9B15-73E1073886C0}.Debug|x64.Build.0 = Debug|x64
		{D97F3837-9209-483E-9B15-73E1073886C0}.Debug|x86.ActiveCfg = Debug|Win32
		{D97F3837-9209-483E-9B15-73E1073886C0}.Debug|x86.Build.0 = Debug|Win32
		{D97F3837-9209-483E-9B15-73E1073886C0}.Release|x64.ActiveCfg = Release|x64
		{D97F3837-9209-483E-9B15-73E1073886C0}.Release|x64.Build.0 = Release|x64
		{D97F3837-9209-483E-9B15-73E1073886C0}.Release|x86.ActiveCfg = Release|Win32
		{D97F3837-9209-483E-9B15-73E1073886C0}.Release|x86.Build.0 = Release|Win32
		{98C10887-3656-4FB2-B138-565DA98C518A}.Debug|x64.ActiveCfg = Debug|x64
		{98C10887-3656-4FB2-B138-565DA98C518A}.Debug|x64.Build.0 = Debug|x64
		{98C10887-3656-4FB2-B138-565DA98C518A}.Debug|x86.ActiveCfg = Debug|Win32
		{98C10887-3656-4FB2-B138-565DA98C518A}.Debug|x86.Build.0 = Debug|Win32
		{98C10887-3656-4FB2-B138-565DA98C518A}.Release|x64.ActiveCfg = Release|x64
		{98C10887-3656-4FB2-B138-565DA98C518A}.Release|x64.Build.0 = Release|x64
		{98C10887-3656-4FB2-B138-565DA98C518A}.Release|x86.ActiveCfg = Release|Win32
		{98C10887-3656-4FB2-B138-565DA98C518A}.Release|x86.Build.0 = Release|Win32
		{F488E101-0E83-497F-9AEC-7162EFCFDC85}.Debug|x64.ActiveCfg = Debug|x64
		{F488E101-0E83-497F-9AEC-7162EFCFDC85}.Debug|x64.Build.0 = Debug|x64
		{F488E101-0E83-497F-9AEC-7162EFCFDC85}.Debug|x86.ActiveCfg = Debug|Win32
		{F488E101-0E83-497F-9AEC-7162EFCFDC85}.Debug|x86.Build.0 = Debug|Win32
		{F488E101-0E83-497F-9AEC-7162EFCFDC85}.Release|x64.ActiveCfg = Release|x64
		{F488E101-0E83-497F-9AEC-7162EFCFDC85}.Release|x64.Build.0 = Release|x64
		{F488E101-0E83-497F-9AEC-7162EFCFDC85}.Release|x86.ActiveCfg = Release|Win32
		{F488E101-0E83-497F-9AEC-7162EFCFDC85}.Release|x86.Build.0 = Release|Win32
		{81D08CEB-D31B-427F-AEB5-2C61F610638A}.Debug|x64.ActiveCfg = Debug|x64
		{81D08CEB-D31B-427F-AEB5-2C61F610638A}.Debug|x64.Build.0 = Debug|x64
		{81D08CEB-D31B-427F-AEB5-2C61F610638A}.Debug|x86.ActiveCfg = Debug|Win32
		{81D08CEB-D31B-427F-AEB5-2C61F610638A}.Debug|x86.Build.0 = Debug|Win32
		{81D08CEB-D31B-427F-AEB5-2C61F610638A}.Release|x64.ActiveCfg = Release|x64
		{81D08CEB-D31B-427F-AEB5-2C61F610638A}.Release|x64.Build.0 = Release|x64
		{81D08CEB-D31B-427F-AEB5-2C61F610638A}.Release|x86.ActiveCfg = Release|Win32
		{81D08CEB-D31B-427F-AEB5-2C61F610638A}.Release|x86.Build.0 = Release|Win32
		{1C19477B-0527-4A23-A7DD-C803A4030399}.Debug|x64.ActiveCfg = Debug|x64
		{1C19477B-0527-4A23-A7DD-C803A4030399}.Debug|x64.Build.0 = Debug|x64
		{1C19477B-0527-4A23-A7DD-C803A4030399}.Debug|x86.ActiveCfg = Debug|Win32
		{1C19477B-0527-4A23-A7DD-C803A4030399}.Debug|x86.Build.0 = Debug|Win32
		{1C19477B-0527-4A23-A7DD-C803A4030399}.Release|x64.ActiveCfg = Release|x64
		{1C19477B-0527-4A23-A7DD-C803A4030399}.Release|x64.Build.0 = Release|x64
		{1C19477B-0527-4A23-A7DD-C803A4030399}.Release|x86.ActiveCfg = Release|Win32
		{1C19477B-0527-4A23-A7DD-C803A4030399}.Release|x86.Build.0 = Release|Win32
		{74E58EDD-F5EF-44CF-8795-CC309E23C3FF}.Debug|x64.ActiveCfg = Debug|x64
		{74E58EDD-F5EF-44CF-8795-CC309E23C3FF}.Debug|x64.Build.0 = Debug|x64
		{74E58EDD-F5EF-44CF-8795-CC309E23C3FF}.Debug|x86.ActiveCfg = Debug|Win32
		{74E58EDD-F5EF-44CF-8795-CC309E23C3FF}.Debug|x86.Build.0 = Debug|Win32
		{74E58EDD-F5EF-44CF-8795-CC309E23C3FF}.Release|x64.ActiveCfg = Release|x64
		{74E58EDD-F5EF-44CF-8795-CC309E23C3FF}.Release|x64.Build.0 = Release|x64
		{74E58EDD-F5EF-44CF-8795-CC309E23C3FF}.Release|x86.ActiveCfg = Release|Win32
		{74E58EDD-F5EF-44CF-8795-CC309E23C3FF}.Release|x86.Build.0 = Release|Win32
		{A8F1E215-15FA-4152-AF05-29F56F82AC94}.Debug|x64.ActiveCfg = Debug|x64
		{A8F1E215-15FA-4152-AF05-29F56F82AC94}.Debug|x64.Build.0 = Debug|x64
		{A8F1E215-15FA-4152-AF05-29F56F82AC94}.Debug|x86.ActiveCfg = Debug|Win32
		{A8F1E215-15FA-4152-AF05-29F56F82AC94}.Debug|x86.Build.0 = Debug|Win32
		{A8F1E215-15FA-4152-AF05-29F56F82AC94}.Release|x64.ActiveCfg = Release|x64
		{A8F1E215-15FA-4152-AF05-29F56F82AC94}.Release|x64.Build.0 = Release|x64
		{A8F1E215-15FA-4152-AF05-29F56F82AC94}.Release|x86.ActiveCfg = Release|Win32
		{A8F1E215-15FA-4152-AF05-29F56F82AC94}.Release|x86.Build.0 = Release|Win32
		{E4DC158B-F62B-416A-97FC-E33A91261997}.Debug|x64.ActiveCfg = Debug|x64
		{E4DC158B-F62B-416A-97FC-E33A91261997}.Debug|x64.Build.0 = Debug|x64
		{E4DC158B-F62B-416A-97FC-E33A91261997}.Debug|x86.ActiveCfg = Debug|Win32
		{E4DC158B-F62B-416A-97FC-E33A91261997}.Debug|x86.Build.0 = Debug|Win32
		{E4DC158B-F62B-416A-97FC-E33A91261997}.Release|x64.ActiveCfg = Release|x64
		{E4DC158B-F62B-416A-97FC-E33A91261997}.Release|x64.Build.0 = Release|x64
		{E4DC158B-F62B-416A-97FC-E33A91261997}.Release|x86.ActiveCfg = Release|Win32
		{E4DC158B-F62B-416A-97FC-E33A91261997}.Release|x86.Build.0 = Release|Win32
		{07254A63-A8F5-4F21-81EC-0EAF8190F1A9}.Debug|x64.ActiveCfg = Debug|x64
		{07254A63-A8F5-4F21-81EC-0EAF8190F1A9}.Debug|x64.Build.0 = Debug|x64
		{07254A63-A8F5-4F21-81EC-0EAF8190F1A9}.Debug|x86.ActiveCfg = Debug|Win32
		{07254A63-A8F5-4F21-81EC-0EAF8190F1A9}.Debug|x86.Build.0 = Debug|Win32
		{07254A63-A8F5-4F21-81EC-0EAF8190F1A9}.Release|x64.ActiveCfg = Release|x64
		{07254A63-A8F5-4F21-81EC-0EAF8190F1A9}.Release|x64.Build.0 = Release|x64
		{07254A63-A8F5-4F21-81EC-0EAF8190F1A9}.Release|x86.ActiveCfg = Release|Win32
		{07254A63-A8F5-4F21-81EC-0EAF8190F1A9}.Release|x86.Build.0 = Release|Win32
		{5D77933C-1982-48A3-8EB2-680862CB344B}.Debug|x64.ActiveCfg = Debug|x64
		{5D77933C-1982-48A3-8EB2-680862CB344B}.Debug|x64.Build.0 = Debug|x64
		{5D77933C-1982-48A3-8EB2-680862CB344B}.Debug|x86.ActiveCfg = Debug|Win32
		{5D77933C-1982-48A3-8EB2-680862CB344B}.Debug|x86.Build.0 = Debug|Win32
		{5D77933C-1982-48A3-8EB2-680862CB344B}.Release|x64.ActiveCfg = Release|x64
		{5D77933C-1982-48A3-8EB2-680862CB344B}.Release|x64.Build.0 = Release|x64
		{5D77933C-1982-48A3-8EB2-680862CB344B}.Release|x86.ActiveCfg = Release|Win32
		{5D77933C-1982-48A3-8EB2-680862CB344B}.Release|x86.Build.0 = Release|Win32
		{211E1DCC-1F52-400A-845F-CAFE431DCD26}.Debug|x64.ActiveCfg = Debug|x64
		{211E1DCC-1F52-400A-845F-CAFE431DCD26}.Debug|x64.Build.0 = Debug|x64
		{211E1DCC-1F52-400A-845F-CAFE431DCD26}.Debug|x86.ActiveCfg = Debug|Win32
		{211E1DCC-1F52-400A-845F-CAFE431DCD26}.Debug|x86.Build.0 = Debug|Win32
		{211E1DCC-1F52-400A-845F-CAFE431DCD26}.Release|x64.ActiveCfg = Release|x64
		{211E1DCC-1F52-400A-845F-CAFE431DCD26}.Release|x64.Build.0 = Release|x64
		{211E1DCC-1F52-400A-845F-CAFE431DCD26}.Release|x86.ActiveCfg = Release|Win32
		{211E1DCC-1F52-400A-845F-CAFE431DCD26}.Release|x86.Build.0 = Release|Win32
		{FAE668D7-265C-421F-94A5-D961631DD5E5}.Debug|x64.ActiveCfg = Debug|x64
		{FAE668D7-265C-421F-94A5-D961631DD5E5}.Debug|x64.Build.0 = Debug|x64
		{FAE668D7-265C-421F-94A5-D961631DD5E5}.Debug|x86.ActiveCfg = Debug|Win32
		{FAE668D7-265C-421F-94A5-D961631DD5E5}.Debug|x86.Build.0 = Debug|Win32
		{FAE668D7-265C-421F-94A5-D961631DD5E5}.Release|x64.ActiveCfg = Release|x64
		{FAE668D7-265C-421F-94A5-D961631DD5E5}.Release|x64.Build.0 = Release|x64
		{FAE668D7-265C-421F-94A5-D961631DD5E5}.Release|x86.ActiveCfg = Release|Win32
		{FAE668D7-265C-421F-94A5-D961631DD5E5}.Release|x86.Build.0 = Release|Win32
		{9C8036C9-CB8F-4975-ADD3-55AC62B4DC66}.Debug|x64.ActiveCfg = Debug|x64
		{9C8036C9-CB8F-4975-ADD3-55AC62B4DC66}.Debug|x64.Build.0 = Debug|x64
		{9C8036C9-CB8F-4975-ADD3-55AC62B4DC66}.Debug|x86.ActiveCfg = Debug|Win32
		{9C8036C9-CB8F-4975-ADD3-55AC62B4DC66}.Debug|x86.Build.0 = Debug|Win32
		{9C8036C9-CB8F-4975-ADD3-55AC62B4DC66}.Release|x64.ActiveCfg = Release|x64
		{9C8036C9-CB8F-4975-ADD3-55AC62B4DC66}.Release|x64.Build.0 = Release|x64
		{9C8036C9-CB8F-4975-ADD3-55AC62B4DC66}.Release|x86.ActiveCfg = Release|Win32
		{9C8036C9-CB8F-4975-ADD3-55AC62B4DC66}.Release|x86.Build.0 = Release|Win32
		{4D39B107-D12E-4E32-9B13-4DD541E8CDCD}.Debug|x64.ActiveCfg = Debug|x64
		{4D39B107-D12E-4E32-9B13-4DD541E8CDCD}.Debug|x64.Build.0 = Debug|x64
		{4D39B107-D12E-4E32-9B13-4DD541E8CDCD}.Debug|x86.ActiveCfg = Debug|Win32
		{4D39B107-D12E-4E32-9B13-4DD541E8CDCD}.Debug|x86.Build.0 = Debug|Win32
		{4D39B107-D12E-4E32-9B13-4DD541E8CDCD}.Release|x64.ActiveCfg = Release|x64
		{4D39B107-D12E-4E32-9B13-4DD541E8CDCD}.Release|x64.Build.0 = Release|x64
		{4D39B107-D12E-4E32-9B13-4DD541E8CDCD}.Release|x86.ActiveCfg = Release|Win32
		{4D39B107-D12E-4E32-9B13-4DD541E8CDCD}.Release|x86.Build.0 = Release|Win32
		{D0177157-643D-471E-973C-7692A838D9EA}.Debug|x64.ActiveCfg = Debug|x64
		{D0177157-643D-471E-973C-7692A838D9EA}.Debug|x64.Build.0 = Debug|x64
		{D0177157-643D-471E-973C-7692A838D9EA}.Debug|x86.ActiveCfg = Debug|Win32
		{D0177157-643D-471E-973C-7692A838D9EA}.Debug|x86.Build.0 = Debug|Win32
		{D0177157-643D-471E-973C-7692A838D9EA}.Release|x64.ActiveCfg = Release|x64
		{D0177157-643D-471E-973C-7692A838D9EA}.Release|x64.Build.0 = Release|x64
		{D0177157-643D-471E-973C-7692A838D9EA}.Release|x86.ActiveCfg = Release|Win32
		{D0177157-643D-471E-973C-7692A838D9EA}.Release|x86.Build.0 = Release|Win32
		{CDD97215-D0A9-4854-8F38-7FDA133C2A97}.Debug|x64.ActiveCfg = Debug|x64
		{CDD97215-D0A9-4854-8F38-7FDA133C2A97}.Debug|x64.Build.0 = Debug|x64
		{CDD97215-D0A9-4854-8F38-7FDA133C2A97}.Debug|x86.ActiveCfg = Debug|Win32
		{CDD97215-D0A9-4854-8F38-7FDA133C2A97}.Debug|x86.Build.0 = Debug|Win32
		{CDD97215-D0A9-4854-8F38-7FDA133C2A97}.Release|x64.ActiveCfg = Release|x64
		{CDD97215-D0A9-4854-8F38-7FDA133C2A97}.Release|x64.Build.0 = Release|x64
		{CDD97215-D0A9-4854-8F38-7FDA133C2A97}.Release|x86.ActiveCfg = Release|Win32
		{CDD97215-D0A9-4854-8F38-7FDA133C2A97}.Release|x86.Build.0 = Release|Win32
		{86A3A3B7-F712-4793-A19C-FAD99F08E921}.Debug|x64.ActiveCfg = Debug|x64
		{86A3A3B7-F712-4793-A19C-FAD99F08E921}.Debug|x64.Build.0 = Debug|x64
		{86A3A3B7-F712-4793-A19C-FAD99F08E921}.Debug|x86.ActiveCfg = Debug|Win32
		{86A3A3B7-F712-4793-A19C-FAD99F08E921}.Debug|x86.Build.0 = Debug|Win32
		{86A3A3B7-F712-4793-A19C-FAD99F08E921}.Release|x64.ActiveCfg = Release|x64
		{86A3A3B7-F712-4793-A19C-FAD99F08E921}.Release|x64.Build.0 = Release|x64
		{86A3A3B7-F712-4793-A19C-FAD99F08E921}.Release|x86.ActiveCfg = Release|Win32
		{86A3A3B7-F712-4793-A19C-FAD99F08E921}.Release|x86.Build.0 = Release|Win32
		{8B17D96B-B7CE-477E-BF70-73C4A614E108}.Debug|x64.ActiveCfg = Debug|x64
		{8B17D96B-B7CE-477E-BF70-73C4A614E108}.Debug|x64.Build.0 = Debug|x64
		{8B17D96B-B7CE-477E-BF70-73C4A614E108}.Debug|x86.ActiveCfg = Debug|Win32
		{8B17D96B-B7CE-477E-BF70-73C4A614E108}.Debug|x86.Build.0 = Debug|Win32
		{8B17D96B-B7CE-477E-BF70-73C4A614E108}.Release|x64.ActiveCfg = Release|x64
		{8B17D96B-B7CE-477E-BF70-73C4A614E108}.Release|x64.Build.0 = Release|x64
		{8B17D96B-B7CE-477E-BF70-73C4A614E108}.Release|x86.ActiveCfg = Release|Win32
		{8B17D96B-B7CE-477E-BF70-73C4A614E108}.Release|x86.Build.0 = Release|Win32
		{BB4B7152-C4CE-4BD7-87D7-EFEF7397C39A}.Debug|x64.ActiveCfg = Debug|x64
		{BB4B7152-C4CE-4BD7-87D7-EFEF7397C39A}.Debug|x64.Build.0 = Debug|x64
		{BB4B7152-C4CE-4BD7-87D7-EFEF7397C39A}.Debug|x86.ActiveCfg = Debug|Win32
		{BB4B7152-C4CE-4BD7-87D7-EFEF7397C39A}.Debug|x86.Build.0 = Debug|Win32
		{BB4B7152-C4CE-4BD7-87D7-EFEF7397C39A}.Release|x64.ActiveCfg = Release|x64
		{BB4B7152-C4CE-4BD7-87D7-EFEF7397C39A}.Release|x64.Build.0 = Release|x64
		{BB4B7152-C4CE-4BD7-87D7-EFEF7397C39A}.Release|x86.ActiveCfg = Release|Win32
		{BB4B7152-C4CE-4BD7-87D7-EFEF7397C39A}.Release|x86.Build.0 = Release|Win32
		{B8B0B99B-E243-44AC-8760-0B35AC7C1246}.Debug|x64.ActiveCfg = Debug|x64
		{B8B0B99B-E243-44AC-8760-0B35AC7C1246}.Debug|x64.Build.0 = Debug|x64
		{B8B0B99B-E243-44AC-8760-0B35AC7C1246}.Debug|x86.ActiveCfg = Debug|Win32
		{B8B0B99B-E243-44AC-8760-0B35AC7C1246}.Debug|x86.Build.0 = Debug|Win32
		{B8B0B99B-E243-44AC-8760-0B35AC7C1246}.Release|x64.ActiveCfg = Release|x64
		{B8B0B99B-E243-44AC-8760-0B35AC7C1246}.Release|x64.Build.0 = Release|x64
		{B8B0B99B-E243-44AC-8760-0B35AC7C1246}.Release|x86.ActiveCfg = Release|Win32
		{B8B0B99B-E243-44AC-8760-0B35AC7C1246}.Release|x86.Build.0 = Release|Win32
		{E30AD4AA-CDC4-4856-837E-2253023FC103}.Debug|x64.ActiveCfg = Debug|x64
		{E30AD4AA-CDC4-4856-837E-2253023FC103}.Debug|x64.Build.0 = Debug|x64
		{E30AD4AA-CDC4-4856-837E-2253023FC103}.Debug|x86.ActiveCfg = Debug|Win32
		{E30AD4AA-CDC4-4856-837E-2253023FC103}.Debug|x86.Build.0 = Debug|Win32
		{E30AD4AA-CDC4-4856-837E-2253023FC103}.Release|x64.ActiveCfg = Release|x64
		{E30AD4AA-CDC4-4856-837E-2253023FC103}.Release|x64.Build.0 = Release|x64
		{E30AD4AA-CDC4-4856-837E-2253023FC103}.Release|x86.ActiveCfg = Release|Win32
		{E30AD4AA-CDC4-4856-837E-2253023FC103}.Release|x86.Build.0 = Release|Win32
		{56342EA6-DA2B-4B42-8262-D00C73CE093E}.Debug|x64.ActiveCfg = Debug|x64
		{56342EA6-DA2B-4B42-8262-D00C73CE093E}.Debug|x64.Build.0 = Debug|x64
		{56342EA6-DA2B-4B42-8262-D00C73CE093E}.Debug|x86.ActiveCfg = Debug|Win32
		{56342EA6-DA2B-4B42-8262-D00C73CE093E}.Debug|x86.Build.0 = Debug|Win32
		{56342EA6-DA2B-4B42-8262-D00C73CE093E}.Release|x64.ActiveCfg = Release|x64
		{56342EA6-DA2B-4B42-8262-D00C73CE093E}.Release|x64.Build.0 = Release|x64
		{56342EA6-DA2B-4B42-8262-D00C73CE093E}.Release|x86.ActiveCfg = Release|Win32
		{56342EA6-DA2B-4B42-8262-D00C73CE093E}.Release|x86.Build.0 = Release|Win32
		{6F2A48EE-582E-442C-96A9-05CE17633F98}.Debug|x64.ActiveCfg = Debug|x64
		{6F2A48EE-582E-442C-96A9-05CE17633F98}.Debug|x64.Build.0 = Debug|x64
		{6F2A48EE-582E-442C-96A9-05CE17633F98}.Debug|x86.ActiveCfg = Debug|Win32
		{6F2A48EE-582E-442C-96A9-05CE17633F98}.Debug|x86.Build.0 = Debug|Win32
		{6F2A48EE-582E-442C-96A9-05CE17633F98}.Release|x64.ActiveCfg = Release|x64
		{6F2A48EE-582E-442C-96A9-05CE17633F98}.Release|x64.Build.0 = Release|x64
		{6F2A48EE-582E-442C-96A9-05CE17633F98}.Release|x86.ActiveCfg = Release|Win32
		{6F2A48EE-582E-442C-96A9-05CE17633F98}.Release|x86.Build.0 = Release|Win32
		{7C28BE1D-54DE-4D64-A58C-68ACFA5A96F6}.Debug|x64.ActiveCfg = Debug|x64
		{7C28BE1D-54DE-4D64-A58C-68ACFA5A96F6}.Debug|x64.Build.0 = Debug|x64
		{7C28BE1D-54DE-4D64-A58C-68ACFA5A96F6}.Debug|x86.ActiveCfg = Debug|Win32
		{7C28BE1D-54DE-4D64-A58C-68ACFA5A96F6}.Debug|x86.Build.0 = Debug|Win32
		{7C28BE1D-54DE-4D64-A58C-68ACFA5A96F6}.Release|x64.ActiveCfg = Release|x64
		{7C28BE1D-54DE-4D64-A58C-68ACFA5A96F6}.Release|x64.Build.0 = Release|x64
		{7C28BE1D-54DE-4D64-A58C-68ACFA5A96F6}.Release|x86.ActiveCfg = Release|Win32
		{7C28BE1D-54DE-4D64-A58C-68ACFA5A96F6}.Release|x86.Build.0 = Release|Win32
		{EEE9BE22-DE74-44C2-89C1-7C2DC79FCEBC}.Debug|x64.ActiveCfg = Debug|x64
		{EEE9BE22-DE74-44C2-89C1-7C2DC79FCEBC}.Debug|x64.Build.0 = Debug|x64
		{EEE9BE22-DE74-44C2-89C1-7C2DC79FCEBC}.Debug|x86.ActiveCfg = Debug|Win32
		{EEE9BE22-DE74-44C2-89C1-7C2DC79FCEBC}.Debug|x86.Build.0 = Debug|Win32
		{EEE9BE22-DE74-44C2-89C1-7C2DC79FCEBC}.Release|x64.ActiveCfg = Release|x64
		{EEE9BE22-DE74-44C2-89C1-7C2DC79FCEBC}.Release|x64.Build.0 = Release|x64
		{EEE9BE22-DE74-44C2-89C1-7C2DC79FCEBC}.Release|x86.ActiveCfg = Release|Win32
		{EEE9BE22-DE74-44C2-89C1-7C2DC79FCEBC}.Release|x86.Build.0 = Release|Win32
		{A29A1D1D-4B51-43A8-95BC-33309511125E}.Debug|x64.ActiveCfg = Debug|x64
		{A29A1D1D-4B51-43A8-95BC-33309511125E}.Debug|x64.Build.0 = Debug|x64
		{A29A1D1D-4B51-43A8-95BC-33309511125E}.Debug|x86.ActiveCfg = Debug|Win32
		{A29A1D1D-4B51-43A8-95BC-33309511125E}.Debug|x86.Build.0 = Debug|Win32
		{A29A1D1D-4B51-43A8-95BC-33309511125E}.Release|x64.ActiveCfg = Release|x64
		{A29A1D1D-4B51-43A8-95BC-33309511125E}.Release|x64.Build.0 = Release|x64
		{A29A1D1D-4B51-43A8-95BC-33309511125E}.Release|x86.ActiveCfg = Release|Win32
		{A29A1D1D-4B51-43A8-95BC-33309511125E}.Release|x86.Build.0 = Release|Win32
		{2BFFC9AC-A96B-4DF4-B1CF-A36B319DBECA}.Debug|x64.ActiveCfg = Debug|x64
		{2BFFC9AC-A96B-4DF4-B1CF-A36B319DBECA}.Debug|x64.Build.0 = Debug|x64
		{2BFFC9AC-A96B-4DF4-B1CF-A36B319DBECA}.Debug|x86.ActiveCfg = Debug|Win32
		{2BFFC9AC-A96B-4DF4-B1CF-A36B319DBECA}.Debug|x86.Build.0 = Debug|Win32
		{2BFFC9AC-A96B-4DF4-B1CF-A36B319DBECA}.Release|x64.ActiveCfg = Release|x64
		{2BFFC9AC-A96B-4DF4-B1CF-A36B319DBECA}.Release|x64.Build.0 = Release|x64
		{2BFFC9AC-A96B-4DF4-B1CF-A36B319DBECA}.Release|x86.ActiveCfg = Release|Win32
		{2BFFC9AC-A96B-4DF4-B1CF-A36B319DBECA}.Release|x86.Build.0 = Release|Win32
		{44AF2723-5A69-49B3-A8BE-DA1A07B30211}.Debug|x64.ActiveCfg = Debug|x64
		{44AF2723-5A69-49B3-A8BE-DA1A07B30211}.Debug|x64.Build.0 = Debug|x64
		{44AF2723-5A69-49B3-A8BE-DA1A07B30211}.Debug|x86.ActiveCfg = Debug|Win32
		{44AF2723-5A69-49B3-A8BE-DA1A07B30211}.Debug|x86.Build.0 = Debug|Win32
		{44AF2723-5A69-49B3-A8BE-DA1A07B30211}.Release|x64.ActiveCfg = Release|x64
		{44AF2723-5A69-49B3-A8BE-DA1A07B30211}.Release|x64.Build.0 = Release|x64
		{44AF2723-5A69-49B3-A8BE-DA1A07B30211}.Release|x86.ActiveCfg = Release|Win32
		{44AF2723-5A69-49B3-A8BE-DA1A07B30211}.Release|x86.Build.0 = Release|Win32
		{190068DD-AB92-4375-9F8E-A5BA958E316A}.Debug|x64.ActiveCfg = Debug|x64
		{190068DD-AB92-4375-9F8E-A5BA958E316A}.Debug|x64.Build.0 = Debug|x64
		{190068DD-AB92-4375-9F8E-A5BA958E316A}.Debug|x86.ActiveCfg = Debug|Win32
		{190068DD-AB92-4375-9F8E-A5BA958E316A}.Debug|x86.Build.0 = Debug|Win32
		{190068DD-AB92-4375-9F8E-A5BA958E316A}.Release|x64.ActiveCfg = Release|x64
		{190068DD-AB92-4375-9F8E-A5BA958E316A}.Release|x64.Build.0 = Release|x64
		{190068DD-AB92-4375-9F8E-A5BA958E316A}.Release|x86.ActiveCfg = Release|Win32
		{190068DD-AB92-4375-9F8E-A5BA958E316A}.Release|x86.Build.0 = Release|Win32
		{9B954D84-37F6-4E09-91CA-C15399A2BF13}.Debug|x64.ActiveCfg = Debug|x64
		{9B954D84-37F6-4E09-91CA-C15399A2BF13}.Debug|x64.Build.0 = Debug|x64
		{9B954D84-37F6-4E09-91CA-C15399A2BF13}.Debug|x86.ActiveCfg = Debug|Win32
		{9B954D84-37F6-4E09-91CA-C15399A2BF13}.Debug|x86.Build.0 = Debug|Win32
		{9B954D84-37F6-4E09-91CA-C15399A2BF13}.Release|x64.ActiveCfg = Release|x64
		{9B954D84-37F6-4E09-91CA-C15399A2BF13}.Release|x64.Build.0 = Release|x64
		{9B954D84-37F6-4E09-91CA-C15399A2BF13}.Release|x86.ActiveCfg = Release|Win32
		{9B954D84-37F6-4E09-91CA-C15399A2BF13}.Release|x86.Build.0 = Release|Win32
		{D17A2089-81BE-4E36-B4A8-4BBD3BFF29A3}.Debug|x64.ActiveCfg = Debug|x64
		{D17A2089-81BE-4E36-B4A8-4BBD3BFF29A3}.Debug|x64.Build.0 = Debug|x64
		{D17A2089-81BE-4E36-B4A8-4BBD3BFF29A3}.Debug|x86.ActiveCfg = Debug|Win32
		{D17A2089-81BE-4E36-B4A8-4BBD3BFF29A3}.Debug|x86.Build.0 = Debug|Win32
		{D17A2089-81BE-4E36-B4A8-4BBD3BFF29A3}.Release|x64.ActiveCfg = Release|x64
		{D17A2089-81BE-4E36-B4A8-4BBD3BFF29A3}.Release|x64.Build.0 = Release|x64
		{D17A2089-81BE-4E36-B4A8-4BBD3BFF29A3}.Release|x86.ActiveCfg = Release|Win32
		{D17A2089-81BE-4E36-B4A8-4BBD3BFF29A3}.Release|x86.Build.0 = Release|Win32
		{FAE15E4A-57DA-40E8-B5D6-8CECE0B81AA5}.Debug|x64.ActiveCfg = Debug|x64
		{FAE15E4A-57DA-40E8-B5D6-8CECE0B81AA5}.Debug|x64.Build.0 = Debug|x64
		{FAE15E4A-57DA-40E8-B5D6-8CECE0B81AA5}.Debug|x86.ActiveCfg = Debug|Win32
		{FAE15E4A-57DA-40E8-B5D6-8CECE0B81AA5}.Debug|x86.Build.0 = Debug|Win32
		{FAE15E4A-57DA-40E8-B5D6-8CECE0B81AA5}.Release|x64.ActiveCfg = Release|x64
		{FAE15E4A-57DA-40E8-B5D6-8CECE0B81AA5}.Release|x64.Build.0 = Release|x64
		{FAE15E4A-57DA-40E8-B5D6-8CECE0B81AA5}.Release|x86.ActiveCfg = Release|Win32
		{FAE15E4A-57DA-40E8-B5D6-8CECE0B81AA5}.Release|x86.Build.0 = Release|Win32
		{FE209F31-3601-4EB5-8B4E-6E7122DD5E91}.Debug|x64.ActiveCfg = Debug|x64
		{FE209F31-3601-4EB5-8B4E-6E7122DD5E91}.Debug|x64.Build.0 = Debug|x64
		{FE209F31-3601-4EB5-8B4E-6E7122DD5E91}.Debug|x86.ActiveCfg = Debug|Win32
		{FE209F31-3601-4EB5-8B4E-6E7122DD5E91}.Debug|x86.Build.0 = Debug|Win32
		{FE209F31-3601-4EB5-8B4E-6E7122DD5E91}.Release|x64.ActiveCfg = Release|x64
		{FE209F31-3601-4EB5-8B4E-6E7122DD5E91}.Release|x64.Build.0 = Release|x64
		{FE209F31-3601-4EB5-8B4E-6E7122DD5E91}.Release|x86.ActiveCfg = Release|Win32
		{FE209F31-3601-4EB5-8B4E-6E7122DD5E91}.Release|x86.Build.0 = Release|Win32
		{FC862E8A-0E15-4628-9D93-3C68F92EB833}.Debug|x64.ActiveCfg = Debug|x64
		{FC862E8A-0E15-4628-9D93-3C68F92EB833}.Debug|x64.Build.0 = Debug|x64
		{FC862E8A-0E15-4628-9D93-3C68F92EB833}.Debug|x86.ActiveCfg = Debug|Win32
		{FC862E8A-0E15-4628-9D93-3C68F92EB833}.Debug|x86.Build.0 = Debug|Win32
		{FC862E8A-0E15-4628-9D93-3C68F92EB833}.Release|x64.ActiveCfg = Release|x64
		{FC862E8A-0E15-4628-9D93-3C68F92EB833}.Release|x64.Build.0 = Release|x64
		{FC862E8A-0E15-4628-9D93-3C68F92EB833}.Release|x86.ActiveCfg = Release|Win32
		{FC862E8A-0E15-4628-9D93-3C68F92EB833}.Release|x86.Build.0 = Release|Win32
		{6637D381-95CF-4952-AA21-FB47814EC89C}.Debug|x64.ActiveCfg = Debug|x64
		{6637D381-95CF-4952-AA21-FB47814EC89C}.Debug|x64.Build.0 = Debug|x64
		{6637D381-95CF-4952-AA21-FB47814EC89C}.Debug|x86.ActiveCfg = Debug|Win32
		{6637D381-95CF-4952-AA21-FB47814EC89C}.Debug|x86.Build.0 = Debug|Win32
		{6637D381-95CF-4952-AA21-FB47814EC89C}.Release|x64.ActiveCfg = Release|x64
		{6637D381-95CF-4952-AA21-FB47814EC89C}.Release|x64.Build.0 = Release|x64
		{6637D381-95CF-4952-AA21-FB47814EC89C}.Release|x86.ActiveCfg = Release|Win32
		{6637D381-95CF-4952-AA21-FB47814EC89C}.Release|x86.Build.0 = Release|Win32
	EndGlobalSection
	GlobalSection(SolutionProperties) = preSolution
		HideSolutionNode = FALSE
	EndGlobalSection
	GlobalSection(ExtensibilityGlobals) = postSolution
		SolutionGuid = {BE5A0A2B-D457-449D-BF01-27F2FFAC811C}
	EndGlobalSection
EndGlobal
