
Microsoft Visual Studio Solution File, Format Version 12.00
# Visual Studio Version 17
VisualStudioVersion = 17.10.35013.160
MinimumVisualStudioVersion = 10.0.40219.1
Project("{8BC9CEB8-8B4A-11D0-8D11-00A0C91BC942}") = "[PCCE 기출문제] 10번 데이터 분석", "[PCCE 기출문제] 10번 데이터 분석\[PCCE 기출문제] 10번 데이터 분석.vcxproj", "{84352C4E-3E9E-46C4-B87C-2B8BCA2EC25F}"
EndProject
Project("{8BC9CEB8-8B4A-11D0-8D11-00A0C91BC942}") = "달리기 경주", "달리기 경주\달리기 경주.vcxproj", "{F3150850-8385-4EF9-978A-7A86FEFFB639}"
EndProject
Project("{8BC9CEB8-8B4A-11D0-8D11-00A0C91BC942}") = "추억 점수", "추억 점수\추억 점수.vcxproj", "{BE90DF18-893B-4D65-82E6-13E6C5A47907}"
EndProject
Project("{8BC9CEB8-8B4A-11D0-8D11-00A0C91BC942}") = "요격 시스템", "요격 시스템\요격 시스템.vcxproj", "{E5421B5E-AEC8-498E-957B-7D12AAFC1494}"
EndProject
Project("{8BC9CEB8-8B4A-11D0-8D11-00A0C91BC942}") = "숫자 변환하기", "숫자 변환하기\숫자 변환하기.vcxproj", "{F4B24E08-73A7-4028-8932-BD626773A8F6}"
EndProject
Project("{8BC9CEB8-8B4A-11D0-8D11-00A0C91BC942}") = "등산코스 정하기", "등산코스 정하기\등산코스 정하기.vcxproj", "{9F5951F2-B4D8-4D68-9642-3D3F8D2BAA95}"
EndProject
Project("{8BC9CEB8-8B4A-11D0-8D11-00A0C91BC942}") = "세균 증식", "세균 증식\세균 증식.vcxproj", "{28A60D7E-9508-418C-9DDB-2D46609A9C2A}"
EndProject
Project("{8BC9CEB8-8B4A-11D0-8D11-00A0C91BC942}") = "덧칠하기", "덧칠하기\덧칠하기.vcxproj", "{39151A14-9E84-4F09-BC97-42A1B0D16240}"
EndProject
Global
	GlobalSection(SolutionConfigurationPlatforms) = preSolution
		Debug|x64 = Debug|x64
		Debug|x86 = Debug|x86
		Release|x64 = Release|x64
		Release|x86 = Release|x86
	EndGlobalSection
	GlobalSection(ProjectConfigurationPlatforms) = postSolution
		{84352C4E-3E9E-46C4-B87C-2B8BCA2EC25F}.Debug|x64.ActiveCfg = Debug|x64
		{84352C4E-3E9E-46C4-B87C-2B8BCA2EC25F}.Debug|x64.Build.0 = Debug|x64
		{84352C4E-3E9E-46C4-B87C-2B8BCA2EC25F}.Debug|x86.ActiveCfg = Debug|Win32
		{84352C4E-3E9E-46C4-B87C-2B8BCA2EC25F}.Debug|x86.Build.0 = Debug|Win32
		{84352C4E-3E9E-46C4-B87C-2B8BCA2EC25F}.Release|x64.ActiveCfg = Release|x64
		{84352C4E-3E9E-46C4-B87C-2B8BCA2EC25F}.Release|x64.Build.0 = Release|x64
		{84352C4E-3E9E-46C4-B87C-2B8BCA2EC25F}.Release|x86.ActiveCfg = Release|Win32
		{84352C4E-3E9E-46C4-B87C-2B8BCA2EC25F}.Release|x86.Build.0 = Release|Win32
		{F3150850-8385-4EF9-978A-7A86FEFFB639}.Debug|x64.ActiveCfg = Debug|x64
		{F3150850-8385-4EF9-978A-7A86FEFFB639}.Debug|x64.Build.0 = Debug|x64
		{F3150850-8385-4EF9-978A-7A86FEFFB639}.Debug|x86.ActiveCfg = Debug|Win32
		{F3150850-8385-4EF9-978A-7A86FEFFB639}.Debug|x86.Build.0 = Debug|Win32
		{F3150850-8385-4EF9-978A-7A86FEFFB639}.Release|x64.ActiveCfg = Release|x64
		{F3150850-8385-4EF9-978A-7A86FEFFB639}.Release|x64.Build.0 = Release|x64
		{F3150850-8385-4EF9-978A-7A86FEFFB639}.Release|x86.ActiveCfg = Release|Win32
		{F3150850-8385-4EF9-978A-7A86FEFFB639}.Release|x86.Build.0 = Release|Win32
		{BE90DF18-893B-4D65-82E6-13E6C5A47907}.Debug|x64.ActiveCfg = Debug|x64
		{BE90DF18-893B-4D65-82E6-13E6C5A47907}.Debug|x64.Build.0 = Debug|x64
		{BE90DF18-893B-4D65-82E6-13E6C5A47907}.Debug|x86.ActiveCfg = Debug|Win32
		{BE90DF18-893B-4D65-82E6-13E6C5A47907}.Debug|x86.Build.0 = Debug|Win32
		{BE90DF18-893B-4D65-82E6-13E6C5A47907}.Release|x64.ActiveCfg = Release|x64
		{BE90DF18-893B-4D65-82E6-13E6C5A47907}.Release|x64.Build.0 = Release|x64
		{BE90DF18-893B-4D65-82E6-13E6C5A47907}.Release|x86.ActiveCfg = Release|Win32
		{BE90DF18-893B-4D65-82E6-13E6C5A47907}.Release|x86.Build.0 = Release|Win32
		{E5421B5E-AEC8-498E-957B-7D12AAFC1494}.Debug|x64.ActiveCfg = Debug|x64
		{E5421B5E-AEC8-498E-957B-7D12AAFC1494}.Debug|x64.Build.0 = Debug|x64
		{E5421B5E-AEC8-498E-957B-7D12AAFC1494}.Debug|x86.ActiveCfg = Debug|Win32
		{E5421B5E-AEC8-498E-957B-7D12AAFC1494}.Debug|x86.Build.0 = Debug|Win32
		{E5421B5E-AEC8-498E-957B-7D12AAFC1494}.Release|x64.ActiveCfg = Release|x64
		{E5421B5E-AEC8-498E-957B-7D12AAFC1494}.Release|x64.Build.0 = Release|x64
		{E5421B5E-AEC8-498E-957B-7D12AAFC1494}.Release|x86.ActiveCfg = Release|Win32
		{E5421B5E-AEC8-498E-957B-7D12AAFC1494}.Release|x86.Build.0 = Release|Win32
		{F4B24E08-73A7-4028-8932-BD626773A8F6}.Debug|x64.ActiveCfg = Debug|x64
		{F4B24E08-73A7-4028-8932-BD626773A8F6}.Debug|x64.Build.0 = Debug|x64
		{F4B24E08-73A7-4028-8932-BD626773A8F6}.Debug|x86.ActiveCfg = Debug|Win32
		{F4B24E08-73A7-4028-8932-BD626773A8F6}.Debug|x86.Build.0 = Debug|Win32
		{F4B24E08-73A7-4028-8932-BD626773A8F6}.Release|x64.ActiveCfg = Release|x64
		{F4B24E08-73A7-4028-8932-BD626773A8F6}.Release|x64.Build.0 = Release|x64
		{F4B24E08-73A7-4028-8932-BD626773A8F6}.Release|x86.ActiveCfg = Release|Win32
		{F4B24E08-73A7-4028-8932-BD626773A8F6}.Release|x86.Build.0 = Release|Win32
		{9F5951F2-B4D8-4D68-9642-3D3F8D2BAA95}.Debug|x64.ActiveCfg = Debug|x64
		{9F5951F2-B4D8-4D68-9642-3D3F8D2BAA95}.Debug|x64.Build.0 = Debug|x64
		{9F5951F2-B4D8-4D68-9642-3D3F8D2BAA95}.Debug|x86.ActiveCfg = Debug|Win32
		{9F5951F2-B4D8-4D68-9642-3D3F8D2BAA95}.Debug|x86.Build.0 = Debug|Win32
		{9F5951F2-B4D8-4D68-9642-3D3F8D2BAA95}.Release|x64.ActiveCfg = Release|x64
		{9F5951F2-B4D8-4D68-9642-3D3F8D2BAA95}.Release|x64.Build.0 = Release|x64
		{9F5951F2-B4D8-4D68-9642-3D3F8D2BAA95}.Release|x86.ActiveCfg = Release|Win32
		{9F5951F2-B4D8-4D68-9642-3D3F8D2BAA95}.Release|x86.Build.0 = Release|Win32
		{28A60D7E-9508-418C-9DDB-2D46609A9C2A}.Debug|x64.ActiveCfg = Debug|x64
		{28A60D7E-9508-418C-9DDB-2D46609A9C2A}.Debug|x64.Build.0 = Debug|x64
		{28A60D7E-9508-418C-9DDB-2D46609A9C2A}.Debug|x86.ActiveCfg = Debug|Win32
		{28A60D7E-9508-418C-9DDB-2D46609A9C2A}.Debug|x86.Build.0 = Debug|Win32
		{28A60D7E-9508-418C-9DDB-2D46609A9C2A}.Release|x64.ActiveCfg = Release|x64
		{28A60D7E-9508-418C-9DDB-2D46609A9C2A}.Release|x64.Build.0 = Release|x64
		{28A60D7E-9508-418C-9DDB-2D46609A9C2A}.Release|x86.ActiveCfg = Release|Win32
		{28A60D7E-9508-418C-9DDB-2D46609A9C2A}.Release|x86.Build.0 = Release|Win32
		{39151A14-9E84-4F09-BC97-42A1B0D16240}.Debug|x64.ActiveCfg = Debug|x64
		{39151A14-9E84-4F09-BC97-42A1B0D16240}.Debug|x64.Build.0 = Debug|x64
		{39151A14-9E84-4F09-BC97-42A1B0D16240}.Debug|x86.ActiveCfg = Debug|Win32
		{39151A14-9E84-4F09-BC97-42A1B0D16240}.Debug|x86.Build.0 = Debug|Win32
		{39151A14-9E84-4F09-BC97-42A1B0D16240}.Release|x64.ActiveCfg = Release|x64
		{39151A14-9E84-4F09-BC97-42A1B0D16240}.Release|x64.Build.0 = Release|x64
		{39151A14-9E84-4F09-BC97-42A1B0D16240}.Release|x86.ActiveCfg = Release|Win32
		{39151A14-9E84-4F09-BC97-42A1B0D16240}.Release|x86.Build.0 = Release|Win32
	EndGlobalSection
	GlobalSection(SolutionProperties) = preSolution
		HideSolutionNode = FALSE
	EndGlobalSection
	GlobalSection(ExtensibilityGlobals) = postSolution
		SolutionGuid = {E9201687-2D2B-4812-9BD8-7C48B235C389}
	EndGlobalSection
EndGlobal
