
Microsoft Visual Studio Solution File, Format Version 12.00
# Visual Studio Version 17
VisualStudioVersion = 17.12.35527.113
MinimumVisualStudioVersion = 10.0.40219.1
Project("{8BC9CEB8-8B4A-11D0-8D11-00A0C91BC942}") = "나무박멸", "나무박멸\나무박멸.vcxproj", "{57A3CAD3-4FCD-4AC8-AFDF-CE536388AAE9}"
EndProject
Project("{8BC9CEB8-8B4A-11D0-8D11-00A0C91BC942}") = "예술성", "예술성\예술성.vcxproj", "{F7247DBB-15FF-4A97-BC3A-1E9B185D040E}"
EndProject
Project("{8BC9CEB8-8B4A-11D0-8D11-00A0C91BC942}") = "마법의 숲 탐색", "마법의 숲 탐색\마법의 숲 탐색.vcxproj", "{29B5E059-63F7-4AA2-B434-EDCA5A538EEB}"
EndProject
Project("{8BC9CEB8-8B4A-11D0-8D11-00A0C91BC942}") = "주사위 굴리기2", "주사위 굴리기2\주사위 굴리기2.vcxproj", "{B114993A-9CF8-415B-BD4C-141C5F3668E0}"
EndProject
Project("{8BC9CEB8-8B4A-11D0-8D11-00A0C91BC942}") = "원자 소멸 시뮬레이션", "원자 소멸 시뮬레이션\원자 소멸 시뮬레이션.vcxproj", "{6A8D26E1-37E8-4120-9DC0-4FD48FE58A8F}"
EndProject
Project("{8BC9CEB8-8B4A-11D0-8D11-00A0C91BC942}") = "메두사와 전사들", "메두사와 전사들\메두사와 전사들.vcxproj", "{88CA6DC8-9852-42AD-983B-3CB58AF40958}"
EndProject
Project("{8BC9CEB8-8B4A-11D0-8D11-00A0C91BC942}") = "test", "test\test.vcxproj", "{24513244-F266-429E-8C4C-05E35C781C3B}"
EndProject
Project("{8BC9CEB8-8B4A-11D0-8D11-00A0C91BC942}") = "미지의 공간 탈출", "미지의 공간 탈출\미지의 공간 탈출.vcxproj", "{0B38D532-C911-4647-A9C0-D60A96BCE250}"
EndProject
Project("{8BC9CEB8-8B4A-11D0-8D11-00A0C91BC942}") = "17406. 배열 돌리기 4", "17406. 배열 돌리기\17406. 배열 돌리기.vcxproj", "{713524F9-785F-47EC-9E65-D08C3829560B}"
EndProject
Project("{8BC9CEB8-8B4A-11D0-8D11-00A0C91BC942}") = "16926. 배열 돌리기1", "16926. 배열 돌리기1\16926. 배열 돌리기1.vcxproj", "{24CC10EC-EBB2-4F13-BFB0-2DB630179492}"
EndProject
Project("{8BC9CEB8-8B4A-11D0-8D11-00A0C91BC942}") = "16927. 배열 돌리기 2", "16927. 배열 돌리기 2\16927. 배열 돌리기 2.vcxproj", "{28542497-0B40-4242-839B-A1E6A7DF580E}"
EndProject
Project("{8BC9CEB8-8B4A-11D0-8D11-00A0C91BC942}") = "삼성 코테 복기", "삼성 코테 복기\삼성 코테 복기.vcxproj", "{ACD86462-65A2-46C0-B23A-05867ACB9BF7}"
EndProject
Global
	GlobalSection(SolutionConfigurationPlatforms) = preSolution
		Debug|x64 = Debug|x64
		Debug|x86 = Debug|x86
		Release|x64 = Release|x64
		Release|x86 = Release|x86
	EndGlobalSection
	GlobalSection(ProjectConfigurationPlatforms) = postSolution
		{57A3CAD3-4FCD-4AC8-AFDF-CE536388AAE9}.Debug|x64.ActiveCfg = Debug|x64
		{57A3CAD3-4FCD-4AC8-AFDF-CE536388AAE9}.Debug|x64.Build.0 = Debug|x64
		{57A3CAD3-4FCD-4AC8-AFDF-CE536388AAE9}.Debug|x86.ActiveCfg = Debug|Win32
		{57A3CAD3-4FCD-4AC8-AFDF-CE536388AAE9}.Debug|x86.Build.0 = Debug|Win32
		{57A3CAD3-4FCD-4AC8-AFDF-CE536388AAE9}.Release|x64.ActiveCfg = Release|x64
		{57A3CAD3-4FCD-4AC8-AFDF-CE536388AAE9}.Release|x64.Build.0 = Release|x64
		{57A3CAD3-4FCD-4AC8-AFDF-CE536388AAE9}.Release|x86.ActiveCfg = Release|Win32
		{57A3CAD3-4FCD-4AC8-AFDF-CE536388AAE9}.Release|x86.Build.0 = Release|Win32
		{F7247DBB-15FF-4A97-BC3A-1E9B185D040E}.Debug|x64.ActiveCfg = Debug|x64
		{F7247DBB-15FF-4A97-BC3A-1E9B185D040E}.Debug|x64.Build.0 = Debug|x64
		{F7247DBB-15FF-4A97-BC3A-1E9B185D040E}.Debug|x86.ActiveCfg = Debug|Win32
		{F7247DBB-15FF-4A97-BC3A-1E9B185D040E}.Debug|x86.Build.0 = Debug|Win32
		{F7247DBB-15FF-4A97-BC3A-1E9B185D040E}.Release|x64.ActiveCfg = Release|x64
		{F7247DBB-15FF-4A97-BC3A-1E9B185D040E}.Release|x64.Build.0 = Release|x64
		{F7247DBB-15FF-4A97-BC3A-1E9B185D040E}.Release|x86.ActiveCfg = Release|Win32
		{F7247DBB-15FF-4A97-BC3A-1E9B185D040E}.Release|x86.Build.0 = Release|Win32
		{29B5E059-63F7-4AA2-B434-EDCA5A538EEB}.Debug|x64.ActiveCfg = Debug|x64
		{29B5E059-63F7-4AA2-B434-EDCA5A538EEB}.Debug|x64.Build.0 = Debug|x64
		{29B5E059-63F7-4AA2-B434-EDCA5A538EEB}.Debug|x86.ActiveCfg = Debug|Win32
		{29B5E059-63F7-4AA2-B434-EDCA5A538EEB}.Debug|x86.Build.0 = Debug|Win32
		{29B5E059-63F7-4AA2-B434-EDCA5A538EEB}.Release|x64.ActiveCfg = Release|x64
		{29B5E059-63F7-4AA2-B434-EDCA5A538EEB}.Release|x64.Build.0 = Release|x64
		{29B5E059-63F7-4AA2-B434-EDCA5A538EEB}.Release|x86.ActiveCfg = Release|Win32
		{29B5E059-63F7-4AA2-B434-EDCA5A538EEB}.Release|x86.Build.0 = Release|Win32
		{B114993A-9CF8-415B-BD4C-141C5F3668E0}.Debug|x64.ActiveCfg = Debug|x64
		{B114993A-9CF8-415B-BD4C-141C5F3668E0}.Debug|x64.Build.0 = Debug|x64
		{B114993A-9CF8-415B-BD4C-141C5F3668E0}.Debug|x86.ActiveCfg = Debug|Win32
		{B114993A-9CF8-415B-BD4C-141C5F3668E0}.Debug|x86.Build.0 = Debug|Win32
		{B114993A-9CF8-415B-BD4C-141C5F3668E0}.Release|x64.ActiveCfg = Release|x64
		{B114993A-9CF8-415B-BD4C-141C5F3668E0}.Release|x64.Build.0 = Release|x64
		{B114993A-9CF8-415B-BD4C-141C5F3668E0}.Release|x86.ActiveCfg = Release|Win32
		{B114993A-9CF8-415B-BD4C-141C5F3668E0}.Release|x86.Build.0 = Release|Win32
		{6A8D26E1-37E8-4120-9DC0-4FD48FE58A8F}.Debug|x64.ActiveCfg = Debug|x64
		{6A8D26E1-37E8-4120-9DC0-4FD48FE58A8F}.Debug|x64.Build.0 = Debug|x64
		{6A8D26E1-37E8-4120-9DC0-4FD48FE58A8F}.Debug|x86.ActiveCfg = Debug|Win32
		{6A8D26E1-37E8-4120-9DC0-4FD48FE58A8F}.Debug|x86.Build.0 = Debug|Win32
		{6A8D26E1-37E8-4120-9DC0-4FD48FE58A8F}.Release|x64.ActiveCfg = Release|x64
		{6A8D26E1-37E8-4120-9DC0-4FD48FE58A8F}.Release|x64.Build.0 = Release|x64
		{6A8D26E1-37E8-4120-9DC0-4FD48FE58A8F}.Release|x86.ActiveCfg = Release|Win32
		{6A8D26E1-37E8-4120-9DC0-4FD48FE58A8F}.Release|x86.Build.0 = Release|Win32
		{88CA6DC8-9852-42AD-983B-3CB58AF40958}.Debug|x64.ActiveCfg = Debug|x64
		{88CA6DC8-9852-42AD-983B-3CB58AF40958}.Debug|x64.Build.0 = Debug|x64
		{88CA6DC8-9852-42AD-983B-3CB58AF40958}.Debug|x86.ActiveCfg = Debug|Win32
		{88CA6DC8-9852-42AD-983B-3CB58AF40958}.Debug|x86.Build.0 = Debug|Win32
		{88CA6DC8-9852-42AD-983B-3CB58AF40958}.Release|x64.ActiveCfg = Release|x64
		{88CA6DC8-9852-42AD-983B-3CB58AF40958}.Release|x64.Build.0 = Release|x64
		{88CA6DC8-9852-42AD-983B-3CB58AF40958}.Release|x86.ActiveCfg = Release|Win32
		{88CA6DC8-9852-42AD-983B-3CB58AF40958}.Release|x86.Build.0 = Release|Win32
		{24513244-F266-429E-8C4C-05E35C781C3B}.Debug|x64.ActiveCfg = Debug|x64
		{24513244-F266-429E-8C4C-05E35C781C3B}.Debug|x64.Build.0 = Debug|x64
		{24513244-F266-429E-8C4C-05E35C781C3B}.Debug|x86.ActiveCfg = Debug|Win32
		{24513244-F266-429E-8C4C-05E35C781C3B}.Debug|x86.Build.0 = Debug|Win32
		{24513244-F266-429E-8C4C-05E35C781C3B}.Release|x64.ActiveCfg = Release|x64
		{24513244-F266-429E-8C4C-05E35C781C3B}.Release|x64.Build.0 = Release|x64
		{24513244-F266-429E-8C4C-05E35C781C3B}.Release|x86.ActiveCfg = Release|Win32
		{24513244-F266-429E-8C4C-05E35C781C3B}.Release|x86.Build.0 = Release|Win32
		{0B38D532-C911-4647-A9C0-D60A96BCE250}.Debug|x64.ActiveCfg = Debug|x64
		{0B38D532-C911-4647-A9C0-D60A96BCE250}.Debug|x64.Build.0 = Debug|x64
		{0B38D532-C911-4647-A9C0-D60A96BCE250}.Debug|x86.ActiveCfg = Debug|Win32
		{0B38D532-C911-4647-A9C0-D60A96BCE250}.Debug|x86.Build.0 = Debug|Win32
		{0B38D532-C911-4647-A9C0-D60A96BCE250}.Release|x64.ActiveCfg = Release|x64
		{0B38D532-C911-4647-A9C0-D60A96BCE250}.Release|x64.Build.0 = Release|x64
		{0B38D532-C911-4647-A9C0-D60A96BCE250}.Release|x86.ActiveCfg = Release|Win32
		{0B38D532-C911-4647-A9C0-D60A96BCE250}.Release|x86.Build.0 = Release|Win32
		{713524F9-785F-47EC-9E65-D08C3829560B}.Debug|x64.ActiveCfg = Debug|x64
		{713524F9-785F-47EC-9E65-D08C3829560B}.Debug|x64.Build.0 = Debug|x64
		{713524F9-785F-47EC-9E65-D08C3829560B}.Debug|x86.ActiveCfg = Debug|Win32
		{713524F9-785F-47EC-9E65-D08C3829560B}.Debug|x86.Build.0 = Debug|Win32
		{713524F9-785F-47EC-9E65-D08C3829560B}.Release|x64.ActiveCfg = Release|x64
		{713524F9-785F-47EC-9E65-D08C3829560B}.Release|x64.Build.0 = Release|x64
		{713524F9-785F-47EC-9E65-D08C3829560B}.Release|x86.ActiveCfg = Release|Win32
		{713524F9-785F-47EC-9E65-D08C3829560B}.Release|x86.Build.0 = Release|Win32
		{24CC10EC-EBB2-4F13-BFB0-2DB630179492}.Debug|x64.ActiveCfg = Debug|x64
		{24CC10EC-EBB2-4F13-BFB0-2DB630179492}.Debug|x64.Build.0 = Debug|x64
		{24CC10EC-EBB2-4F13-BFB0-2DB630179492}.Debug|x86.ActiveCfg = Debug|Win32
		{24CC10EC-EBB2-4F13-BFB0-2DB630179492}.Debug|x86.Build.0 = Debug|Win32
		{24CC10EC-EBB2-4F13-BFB0-2DB630179492}.Release|x64.ActiveCfg = Release|x64
		{24CC10EC-EBB2-4F13-BFB0-2DB630179492}.Release|x64.Build.0 = Release|x64
		{24CC10EC-EBB2-4F13-BFB0-2DB630179492}.Release|x86.ActiveCfg = Release|Win32
		{24CC10EC-EBB2-4F13-BFB0-2DB630179492}.Release|x86.Build.0 = Release|Win32
		{28542497-0B40-4242-839B-A1E6A7DF580E}.Debug|x64.ActiveCfg = Debug|x64
		{28542497-0B40-4242-839B-A1E6A7DF580E}.Debug|x64.Build.0 = Debug|x64
		{28542497-0B40-4242-839B-A1E6A7DF580E}.Debug|x86.ActiveCfg = Debug|Win32
		{28542497-0B40-4242-839B-A1E6A7DF580E}.Debug|x86.Build.0 = Debug|Win32
		{28542497-0B40-4242-839B-A1E6A7DF580E}.Release|x64.ActiveCfg = Release|x64
		{28542497-0B40-4242-839B-A1E6A7DF580E}.Release|x64.Build.0 = Release|x64
		{28542497-0B40-4242-839B-A1E6A7DF580E}.Release|x86.ActiveCfg = Release|Win32
		{28542497-0B40-4242-839B-A1E6A7DF580E}.Release|x86.Build.0 = Release|Win32
		{ACD86462-65A2-46C0-B23A-05867ACB9BF7}.Debug|x64.ActiveCfg = Debug|x64
		{ACD86462-65A2-46C0-B23A-05867ACB9BF7}.Debug|x64.Build.0 = Debug|x64
		{ACD86462-65A2-46C0-B23A-05867ACB9BF7}.Debug|x86.ActiveCfg = Debug|Win32
		{ACD86462-65A2-46C0-B23A-05867ACB9BF7}.Debug|x86.Build.0 = Debug|Win32
		{ACD86462-65A2-46C0-B23A-05867ACB9BF7}.Release|x64.ActiveCfg = Release|x64
		{ACD86462-65A2-46C0-B23A-05867ACB9BF7}.Release|x64.Build.0 = Release|x64
		{ACD86462-65A2-46C0-B23A-05867ACB9BF7}.Release|x86.ActiveCfg = Release|Win32
		{ACD86462-65A2-46C0-B23A-05867ACB9BF7}.Release|x86.Build.0 = Release|Win32
	EndGlobalSection
	GlobalSection(SolutionProperties) = preSolution
		HideSolutionNode = FALSE
	EndGlobalSection
EndGlobal
